
Microsoft Visual Studio Solution File, Format Version 12.00
# Visual Studio Version 16
VisualStudioVersion = 16.0.28621.142
MinimumVisualStudioVersion = 10.0.40219.1
Project("{2150E333-8FDC-42A3-9474-1A3956D46DE8}") = "libs", "libs", "{9DCFA5AD-5AEB-40F3-A64F-98B2303A2F55}"
EndProject
Project("{FAE04EC0-301F-11D3-BF4B-00C04F79EFBC}") = "SharpLib", "libs\SharpLib\SharpLib.csproj", "{DED134FC-C282-49C9-BA02-3CE6257E91FC}"
EndProject
Project("{9A19103F-16F7-4668-BE54-9A1E7A4F7556}") = "CodeGeneration.Roslyn", "libs\CodeGeneration.Roslyn\src\CodeGeneration.Roslyn\CodeGeneration.Roslyn.csproj", "{7B0A086F-A9BD-4C4C-8B65-B092C2C5A290}"
EndProject
Project("{9A19103F-16F7-4668-BE54-9A1E7A4F7556}") = "CodeGeneration.Roslyn.Attributes", "libs\CodeGeneration.Roslyn\src\CodeGeneration.Roslyn.Attributes\CodeGeneration.Roslyn.Attributes.csproj", "{89D33DD9-B942-413A-9C7B-9768F0202874}"
EndProject
Project("{2150E333-8FDC-42A3-9474-1A3956D46DE8}") = "CodeGen", "CodeGen", "{D68288C4-C2AE-491F-AD06-5365997E6119}"
EndProject
Project("{9A19103F-16F7-4668-BE54-9A1E7A4F7556}") = "CodeGeneration.Roslyn.Engine", "libs\CodeGeneration.Roslyn\src\CodeGeneration.Roslyn.Engine\CodeGeneration.Roslyn.Engine.csproj", "{BC369001-2EC8-4ACA-AFF7-721D49555C4D}"
EndProject
Project("{9A19103F-16F7-4668-BE54-9A1E7A4F7556}") = "CodeGeneration.Roslyn.Tasks", "libs\CodeGeneration.Roslyn\src\CodeGeneration.Roslyn.Tasks\CodeGeneration.Roslyn.Tasks.csproj", "{CDD2B6AC-9DFD-48EF-A857-BB12F0F788A0}"
EndProject
Project("{9A19103F-16F7-4668-BE54-9A1E7A4F7556}") = "CodeGeneration.Roslyn.Tool", "libs\CodeGeneration.Roslyn\src\CodeGeneration.Roslyn.Tool\CodeGeneration.Roslyn.Tool.csproj", "{3F6A7513-45F2-4FE7-9EBB-4A9939DBC538}"
EndProject
Project("{2150E333-8FDC-42A3-9474-1A3956D46DE8}") = "Generators", "Generators", "{1042F0E5-E658-469E-BC76-90641523B350}"
EndProject
Project("{9A19103F-16F7-4668-BE54-9A1E7A4F7556}") = "GenCaseClass", "libs\GenCaseClass\GenCaseClass.csproj", "{88C704DA-40FF-404C-936C-7BBDAC1FB0B0}"
EndProject
Project("{9A19103F-16F7-4668-BE54-9A1E7A4F7556}") = "Entity", "libs\Entity\Entity.csproj", "{B8EC5CC2-20F6-4B9D-8D3A-E54E804D1E1B}"
EndProject
Project("{9A19103F-16F7-4668-BE54-9A1E7A4F7556}") = "NetCore", "libs\NetCore\NetCore.csproj", "{608A56A3-12F4-4044-8BCC-A015E9216425}"
EndProject
Project("{9A19103F-16F7-4668-BE54-9A1E7A4F7556}") = "GenNet", "libs\GenNet\GenNet.csproj", "{CBB0C9AF-11DB-4D48-991A-F7504CF2944D}"
EndProject
Project("{9A19103F-16F7-4668-BE54-9A1E7A4F7556}") = "GenCore", "libs\GenCore\GenCore.csproj", "{DBD2480D-2A48-479C-84A6-FE121C125359}"
EndProject
Project("{9A19103F-16F7-4668-BE54-9A1E7A4F7556}") = "Services", "libs\Services\Services.csproj", "{768DC46C-C48E-4320-9760-E2DD47BFAA51}"
EndProject
Project("{FAE04EC0-301F-11D3-BF4B-00C04F79EFBC}") = "Konsole", "libs\konsole\Konsole\Konsole.csproj", "{90808A57-0462-4D92-94F8-DA95B7931895}"
EndProject
Project("{9A19103F-16F7-4668-BE54-9A1E7A4F7556}") = "Discord.Net.WebSocket", "libs\Discord.Net\src\Discord.Net.WebSocket\Discord.Net.WebSocket.csproj", "{7E9EAE4C-A5F7-4169-939F-22ACDA10C13E}"
EndProject
Project("{2150E333-8FDC-42A3-9474-1A3956D46DE8}") = "Discord", "Discord", "{937B4FE4-32E0-46A1-AC83-5C1A9B41C5E1}"
EndProject
Project("{9A19103F-16F7-4668-BE54-9A1E7A4F7556}") = "Discord.Net.Core", "libs\Discord.Net\src\Discord.Net.Core\Discord.Net.Core.csproj", "{E0A10EEE-AB2F-4FD0-81F4-50FB59C35BA9}"
EndProject
Project("{9A19103F-16F7-4668-BE54-9A1E7A4F7556}") = "Discord.Net.Rest", "libs\Discord.Net\src\Discord.Net.Rest\Discord.Net.Rest.csproj", "{451451E0-C1F8-4D70-9006-7F853FA87B09}"
EndProject
Project("{2150E333-8FDC-42A3-9474-1A3956D46DE8}") = "Logging", "Logging", "{B1FFE862-6CC7-43DA-A5E9-9EA3A0D22CCC}"
EndProject
Project("{9A19103F-16F7-4668-BE54-9A1E7A4F7556}") = "Elasticsearch.Net", "libs\elasticsearch-net\src\Elasticsearch.Net\Elasticsearch.Net.csproj", "{D89AFC58-52A9-41F5-9C44-4F429FA530BB}"
EndProject
Project("{FAE04EC0-301F-11D3-BF4B-00C04F79EFBC}") = "Headless", "apps\Headless\Headless.csproj", "{54502631-5DB1-4958-A2DC-34A5BE90BFD0}"
EndProject
Global
	GlobalSection(SolutionConfigurationPlatforms) = preSolution
		Debug|Any CPU = Debug|Any CPU
		Debug|x64 = Debug|x64
		Release|Any CPU = Release|Any CPU
		Release|x64 = Release|x64
	EndGlobalSection
	GlobalSection(ProjectConfigurationPlatforms) = postSolution
		{DED134FC-C282-49C9-BA02-3CE6257E91FC}.Debug|Any CPU.ActiveCfg = Debug|Any CPU
		{DED134FC-C282-49C9-BA02-3CE6257E91FC}.Debug|Any CPU.Build.0 = Debug|Any CPU
		{DED134FC-C282-49C9-BA02-3CE6257E91FC}.Debug|x64.ActiveCfg = Debug|Any CPU
		{DED134FC-C282-49C9-BA02-3CE6257E91FC}.Debug|x64.Build.0 = Debug|Any CPU
		{DED134FC-C282-49C9-BA02-3CE6257E91FC}.Release|Any CPU.ActiveCfg = Release|Any CPU
		{DED134FC-C282-49C9-BA02-3CE6257E91FC}.Release|Any CPU.Build.0 = Release|Any CPU
		{DED134FC-C282-49C9-BA02-3CE6257E91FC}.Release|x64.ActiveCfg = Release|Any CPU
		{DED134FC-C282-49C9-BA02-3CE6257E91FC}.Release|x64.Build.0 = Release|Any CPU
		{7B0A086F-A9BD-4C4C-8B65-B092C2C5A290}.Debug|Any CPU.ActiveCfg = Debug|Any CPU
		{7B0A086F-A9BD-4C4C-8B65-B092C2C5A290}.Debug|Any CPU.Build.0 = Debug|Any CPU
		{7B0A086F-A9BD-4C4C-8B65-B092C2C5A290}.Debug|x64.ActiveCfg = Debug|x64
		{7B0A086F-A9BD-4C4C-8B65-B092C2C5A290}.Debug|x64.Build.0 = Debug|x64
		{7B0A086F-A9BD-4C4C-8B65-B092C2C5A290}.Release|Any CPU.ActiveCfg = Release|Any CPU
		{7B0A086F-A9BD-4C4C-8B65-B092C2C5A290}.Release|Any CPU.Build.0 = Release|Any CPU
		{7B0A086F-A9BD-4C4C-8B65-B092C2C5A290}.Release|x64.ActiveCfg = Debug|x64
		{7B0A086F-A9BD-4C4C-8B65-B092C2C5A290}.Release|x64.Build.0 = Debug|x64
		{89D33DD9-B942-413A-9C7B-9768F0202874}.Debug|Any CPU.ActiveCfg = Debug|Any CPU
		{89D33DD9-B942-413A-9C7B-9768F0202874}.Debug|Any CPU.Build.0 = Debug|Any CPU
		{89D33DD9-B942-413A-9C7B-9768F0202874}.Debug|x64.ActiveCfg = Debug|x64
		{89D33DD9-B942-413A-9C7B-9768F0202874}.Debug|x64.Build.0 = Debug|x64
		{89D33DD9-B942-413A-9C7B-9768F0202874}.Release|Any CPU.ActiveCfg = Release|Any CPU
		{89D33DD9-B942-413A-9C7B-9768F0202874}.Release|Any CPU.Build.0 = Release|Any CPU
		{89D33DD9-B942-413A-9C7B-9768F0202874}.Release|x64.ActiveCfg = Debug|x64
		{89D33DD9-B942-413A-9C7B-9768F0202874}.Release|x64.Build.0 = Debug|x64
		{BC369001-2EC8-4ACA-AFF7-721D49555C4D}.Debug|Any CPU.ActiveCfg = Debug|Any CPU
		{BC369001-2EC8-4ACA-AFF7-721D49555C4D}.Debug|Any CPU.Build.0 = Debug|Any CPU
		{BC369001-2EC8-4ACA-AFF7-721D49555C4D}.Debug|x64.ActiveCfg = Debug|x64
		{BC369001-2EC8-4ACA-AFF7-721D49555C4D}.Debug|x64.Build.0 = Debug|x64
		{BC369001-2EC8-4ACA-AFF7-721D49555C4D}.Release|Any CPU.ActiveCfg = Release|Any CPU
		{BC369001-2EC8-4ACA-AFF7-721D49555C4D}.Release|Any CPU.Build.0 = Release|Any CPU
		{BC369001-2EC8-4ACA-AFF7-721D49555C4D}.Release|x64.ActiveCfg = Debug|x64
		{BC369001-2EC8-4ACA-AFF7-721D49555C4D}.Release|x64.Build.0 = Debug|x64
		{CDD2B6AC-9DFD-48EF-A857-BB12F0F788A0}.Debug|Any CPU.ActiveCfg = Debug|Any CPU
		{CDD2B6AC-9DFD-48EF-A857-BB12F0F788A0}.Debug|Any CPU.Build.0 = Debug|Any CPU
		{CDD2B6AC-9DFD-48EF-A857-BB12F0F788A0}.Debug|x64.ActiveCfg = Debug|x64
		{CDD2B6AC-9DFD-48EF-A857-BB12F0F788A0}.Debug|x64.Build.0 = Debug|x64
		{CDD2B6AC-9DFD-48EF-A857-BB12F0F788A0}.Release|Any CPU.ActiveCfg = Release|Any CPU
		{CDD2B6AC-9DFD-48EF-A857-BB12F0F788A0}.Release|Any CPU.Build.0 = Release|Any CPU
		{CDD2B6AC-9DFD-48EF-A857-BB12F0F788A0}.Release|x64.ActiveCfg = Debug|x64
		{CDD2B6AC-9DFD-48EF-A857-BB12F0F788A0}.Release|x64.Build.0 = Debug|x64
		{3F6A7513-45F2-4FE7-9EBB-4A9939DBC538}.Debug|Any CPU.ActiveCfg = Debug|Any CPU
		{3F6A7513-45F2-4FE7-9EBB-4A9939DBC538}.Debug|Any CPU.Build.0 = Debug|Any CPU
		{3F6A7513-45F2-4FE7-9EBB-4A9939DBC538}.Debug|x64.ActiveCfg = Debug|x64
		{3F6A7513-45F2-4FE7-9EBB-4A9939DBC538}.Debug|x64.Build.0 = Debug|x64
		{3F6A7513-45F2-4FE7-9EBB-4A9939DBC538}.Release|Any CPU.ActiveCfg = Release|Any CPU
		{3F6A7513-45F2-4FE7-9EBB-4A9939DBC538}.Release|Any CPU.Build.0 = Release|Any CPU
		{3F6A7513-45F2-4FE7-9EBB-4A9939DBC538}.Release|x64.ActiveCfg = Debug|x64
		{3F6A7513-45F2-4FE7-9EBB-4A9939DBC538}.Release|x64.Build.0 = Debug|x64
		{88C704DA-40FF-404C-936C-7BBDAC1FB0B0}.Debug|Any CPU.ActiveCfg = Debug|Any CPU
		{88C704DA-40FF-404C-936C-7BBDAC1FB0B0}.Debug|Any CPU.Build.0 = Debug|Any CPU
		{88C704DA-40FF-404C-936C-7BBDAC1FB0B0}.Debug|x64.ActiveCfg = Debug|x64
		{88C704DA-40FF-404C-936C-7BBDAC1FB0B0}.Debug|x64.Build.0 = Debug|x64
		{88C704DA-40FF-404C-936C-7BBDAC1FB0B0}.Release|Any CPU.ActiveCfg = Release|Any CPU
		{88C704DA-40FF-404C-936C-7BBDAC1FB0B0}.Release|Any CPU.Build.0 = Release|Any CPU
		{88C704DA-40FF-404C-936C-7BBDAC1FB0B0}.Release|x64.ActiveCfg = Debug|x64
		{88C704DA-40FF-404C-936C-7BBDAC1FB0B0}.Release|x64.Build.0 = Debug|x64
		{B8EC5CC2-20F6-4B9D-8D3A-E54E804D1E1B}.Debug|Any CPU.ActiveCfg = Debug|Any CPU
		{B8EC5CC2-20F6-4B9D-8D3A-E54E804D1E1B}.Debug|Any CPU.Build.0 = Debug|Any CPU
		{B8EC5CC2-20F6-4B9D-8D3A-E54E804D1E1B}.Debug|x64.ActiveCfg = Debug|x64
		{B8EC5CC2-20F6-4B9D-8D3A-E54E804D1E1B}.Debug|x64.Build.0 = Debug|x64
		{B8EC5CC2-20F6-4B9D-8D3A-E54E804D1E1B}.Release|Any CPU.ActiveCfg = Release|Any CPU
		{B8EC5CC2-20F6-4B9D-8D3A-E54E804D1E1B}.Release|Any CPU.Build.0 = Release|Any CPU
		{B8EC5CC2-20F6-4B9D-8D3A-E54E804D1E1B}.Release|x64.ActiveCfg = Debug|x64
		{B8EC5CC2-20F6-4B9D-8D3A-E54E804D1E1B}.Release|x64.Build.0 = Debug|x64
		{608A56A3-12F4-4044-8BCC-A015E9216425}.Debug|Any CPU.ActiveCfg = Debug|Any CPU
		{608A56A3-12F4-4044-8BCC-A015E9216425}.Debug|Any CPU.Build.0 = Debug|Any CPU
		{608A56A3-12F4-4044-8BCC-A015E9216425}.Debug|x64.ActiveCfg = Debug|x64
		{608A56A3-12F4-4044-8BCC-A015E9216425}.Debug|x64.Build.0 = Debug|x64
		{608A56A3-12F4-4044-8BCC-A015E9216425}.Release|Any CPU.ActiveCfg = Release|Any CPU
		{608A56A3-12F4-4044-8BCC-A015E9216425}.Release|Any CPU.Build.0 = Release|Any CPU
		{608A56A3-12F4-4044-8BCC-A015E9216425}.Release|x64.ActiveCfg = Debug|x64
		{608A56A3-12F4-4044-8BCC-A015E9216425}.Release|x64.Build.0 = Debug|x64
		{CBB0C9AF-11DB-4D48-991A-F7504CF2944D}.Debug|Any CPU.ActiveCfg = Debug|Any CPU
		{CBB0C9AF-11DB-4D48-991A-F7504CF2944D}.Debug|Any CPU.Build.0 = Debug|Any CPU
		{CBB0C9AF-11DB-4D48-991A-F7504CF2944D}.Debug|x64.ActiveCfg = Debug|x64
		{CBB0C9AF-11DB-4D48-991A-F7504CF2944D}.Debug|x64.Build.0 = Debug|x64
		{CBB0C9AF-11DB-4D48-991A-F7504CF2944D}.Release|Any CPU.ActiveCfg = Release|Any CPU
		{CBB0C9AF-11DB-4D48-991A-F7504CF2944D}.Release|Any CPU.Build.0 = Release|Any CPU
		{CBB0C9AF-11DB-4D48-991A-F7504CF2944D}.Release|x64.ActiveCfg = Debug|x64
		{CBB0C9AF-11DB-4D48-991A-F7504CF2944D}.Release|x64.Build.0 = Debug|x64
		{DBD2480D-2A48-479C-84A6-FE121C125359}.Debug|Any CPU.ActiveCfg = Debug|Any CPU
		{DBD2480D-2A48-479C-84A6-FE121C125359}.Debug|Any CPU.Build.0 = Debug|Any CPU
		{DBD2480D-2A48-479C-84A6-FE121C125359}.Debug|x64.ActiveCfg = Debug|x64
		{DBD2480D-2A48-479C-84A6-FE121C125359}.Debug|x64.Build.0 = Debug|x64
		{DBD2480D-2A48-479C-84A6-FE121C125359}.Release|Any CPU.ActiveCfg = Release|Any CPU
		{DBD2480D-2A48-479C-84A6-FE121C125359}.Release|Any CPU.Build.0 = Release|Any CPU
		{DBD2480D-2A48-479C-84A6-FE121C125359}.Release|x64.ActiveCfg = Debug|x64
		{DBD2480D-2A48-479C-84A6-FE121C125359}.Release|x64.Build.0 = Debug|x64
		{768DC46C-C48E-4320-9760-E2DD47BFAA51}.Debug|Any CPU.ActiveCfg = Debug|Any CPU
		{768DC46C-C48E-4320-9760-E2DD47BFAA51}.Debug|Any CPU.Build.0 = Debug|Any CPU
		{768DC46C-C48E-4320-9760-E2DD47BFAA51}.Debug|x64.ActiveCfg = Debug|x64
		{768DC46C-C48E-4320-9760-E2DD47BFAA51}.Debug|x64.Build.0 = Debug|x64
		{768DC46C-C48E-4320-9760-E2DD47BFAA51}.Release|Any CPU.ActiveCfg = Release|Any CPU
		{768DC46C-C48E-4320-9760-E2DD47BFAA51}.Release|Any CPU.Build.0 = Release|Any CPU
		{768DC46C-C48E-4320-9760-E2DD47BFAA51}.Release|x64.ActiveCfg = Debug|x64
		{768DC46C-C48E-4320-9760-E2DD47BFAA51}.Release|x64.Build.0 = Debug|x64
		{90808A57-0462-4D92-94F8-DA95B7931895}.Debug|Any CPU.ActiveCfg = Debug|Any CPU
		{90808A57-0462-4D92-94F8-DA95B7931895}.Debug|Any CPU.Build.0 = Debug|Any CPU
		{90808A57-0462-4D92-94F8-DA95B7931895}.Debug|x64.ActiveCfg = Debug|Any CPU
		{90808A57-0462-4D92-94F8-DA95B7931895}.Debug|x64.Build.0 = Debug|Any CPU
		{90808A57-0462-4D92-94F8-DA95B7931895}.Release|Any CPU.ActiveCfg = Release|Any CPU
		{90808A57-0462-4D92-94F8-DA95B7931895}.Release|Any CPU.Build.0 = Release|Any CPU
		{90808A57-0462-4D92-94F8-DA95B7931895}.Release|x64.ActiveCfg = Release|Any CPU
		{90808A57-0462-4D92-94F8-DA95B7931895}.Release|x64.Build.0 = Release|Any CPU
		{7E9EAE4C-A5F7-4169-939F-22ACDA10C13E}.Debug|Any CPU.ActiveCfg = Debug|Any CPU
		{7E9EAE4C-A5F7-4169-939F-22ACDA10C13E}.Debug|Any CPU.Build.0 = Debug|Any CPU
		{7E9EAE4C-A5F7-4169-939F-22ACDA10C13E}.Debug|x64.ActiveCfg = Debug|Any CPU
		{7E9EAE4C-A5F7-4169-939F-22ACDA10C13E}.Debug|x64.Build.0 = Debug|Any CPU
		{7E9EAE4C-A5F7-4169-939F-22ACDA10C13E}.Release|Any CPU.ActiveCfg = Release|Any CPU
		{7E9EAE4C-A5F7-4169-939F-22ACDA10C13E}.Release|Any CPU.Build.0 = Release|Any CPU
		{7E9EAE4C-A5F7-4169-939F-22ACDA10C13E}.Release|x64.ActiveCfg = Release|Any CPU
		{7E9EAE4C-A5F7-4169-939F-22ACDA10C13E}.Release|x64.Build.0 = Release|Any CPU
		{E0A10EEE-AB2F-4FD0-81F4-50FB59C35BA9}.Debug|Any CPU.ActiveCfg = Debug|Any CPU
		{E0A10EEE-AB2F-4FD0-81F4-50FB59C35BA9}.Debug|Any CPU.Build.0 = Debug|Any CPU
		{E0A10EEE-AB2F-4FD0-81F4-50FB59C35BA9}.Debug|x64.ActiveCfg = Debug|Any CPU
		{E0A10EEE-AB2F-4FD0-81F4-50FB59C35BA9}.Debug|x64.Build.0 = Debug|Any CPU
		{E0A10EEE-AB2F-4FD0-81F4-50FB59C35BA9}.Release|Any CPU.ActiveCfg = Release|Any CPU
		{E0A10EEE-AB2F-4FD0-81F4-50FB59C35BA9}.Release|Any CPU.Build.0 = Release|Any CPU
		{E0A10EEE-AB2F-4FD0-81F4-50FB59C35BA9}.Release|x64.ActiveCfg = Release|Any CPU
		{E0A10EEE-AB2F-4FD0-81F4-50FB59C35BA9}.Release|x64.Build.0 = Release|Any CPU
		{451451E0-C1F8-4D70-9006-7F853FA87B09}.Debug|Any CPU.ActiveCfg = Debug|Any CPU
		{451451E0-C1F8-4D70-9006-7F853FA87B09}.Debug|Any CPU.Build.0 = Debug|Any CPU
		{451451E0-C1F8-4D70-9006-7F853FA87B09}.Debug|x64.ActiveCfg = Debug|Any CPU
		{451451E0-C1F8-4D70-9006-7F853FA87B09}.Debug|x64.Build.0 = Debug|Any CPU
		{451451E0-C1F8-4D70-9006-7F853FA87B09}.Release|Any CPU.ActiveCfg = Release|Any CPU
		{451451E0-C1F8-4D70-9006-7F853FA87B09}.Release|Any CPU.Build.0 = Release|Any CPU
		{451451E0-C1F8-4D70-9006-7F853FA87B09}.Release|x64.ActiveCfg = Release|Any CPU
		{451451E0-C1F8-4D70-9006-7F853FA87B09}.Release|x64.Build.0 = Release|Any CPU
		{D89AFC58-52A9-41F5-9C44-4F429FA530BB}.Debug|Any CPU.ActiveCfg = Debug|Any CPU
		{D89AFC58-52A9-41F5-9C44-4F429FA530BB}.Debug|Any CPU.Build.0 = Debug|Any CPU
		{D89AFC58-52A9-41F5-9C44-4F429FA530BB}.Debug|x64.ActiveCfg = Debug|Any CPU
		{D89AFC58-52A9-41F5-9C44-4F429FA530BB}.Debug|x64.Build.0 = Debug|Any CPU
		{D89AFC58-52A9-41F5-9C44-4F429FA530BB}.Release|Any CPU.ActiveCfg = Release|Any CPU
		{D89AFC58-52A9-41F5-9C44-4F429FA530BB}.Release|Any CPU.Build.0 = Release|Any CPU
		{D89AFC58-52A9-41F5-9C44-4F429FA530BB}.Release|x64.ActiveCfg = Release|Any CPU
		{D89AFC58-52A9-41F5-9C44-4F429FA530BB}.Release|x64.Build.0 = Release|Any CPU
		{54502631-5DB1-4958-A2DC-34A5BE90BFD0}.Debug|Any CPU.ActiveCfg = Debug|Any CPU
		{54502631-5DB1-4958-A2DC-34A5BE90BFD0}.Debug|Any CPU.Build.0 = Debug|Any CPU
		{54502631-5DB1-4958-A2DC-34A5BE90BFD0}.Debug|x64.ActiveCfg = Debug|x64
		{54502631-5DB1-4958-A2DC-34A5BE90BFD0}.Debug|x64.Build.0 = Debug|x64
		{54502631-5DB1-4958-A2DC-34A5BE90BFD0}.Release|Any CPU.ActiveCfg = Release|Any CPU
		{54502631-5DB1-4958-A2DC-34A5BE90BFD0}.Release|Any CPU.Build.0 = Release|Any CPU
		{54502631-5DB1-4958-A2DC-34A5BE90BFD0}.Release|x64.ActiveCfg = Release|x64
		{54502631-5DB1-4958-A2DC-34A5BE90BFD0}.Release|x64.Build.0 = Release|x64
	EndGlobalSection
	GlobalSection(SolutionProperties) = preSolution
		HideSolutionNode = FALSE
	EndGlobalSection
	GlobalSection(NestedProjects) = preSolution
		{DED134FC-C282-49C9-BA02-3CE6257E91FC} = {9DCFA5AD-5AEB-40F3-A64F-98B2303A2F55}
		{7B0A086F-A9BD-4C4C-8B65-B092C2C5A290} = {D68288C4-C2AE-491F-AD06-5365997E6119}
		{89D33DD9-B942-413A-9C7B-9768F0202874} = {D68288C4-C2AE-491F-AD06-5365997E6119}
		{D68288C4-C2AE-491F-AD06-5365997E6119} = {9DCFA5AD-5AEB-40F3-A64F-98B2303A2F55}
		{BC369001-2EC8-4ACA-AFF7-721D49555C4D} = {D68288C4-C2AE-491F-AD06-5365997E6119}
		{CDD2B6AC-9DFD-48EF-A857-BB12F0F788A0} = {D68288C4-C2AE-491F-AD06-5365997E6119}
		{3F6A7513-45F2-4FE7-9EBB-4A9939DBC538} = {D68288C4-C2AE-491F-AD06-5365997E6119}
		{1042F0E5-E658-469E-BC76-90641523B350} = {9DCFA5AD-5AEB-40F3-A64F-98B2303A2F55}
		{88C704DA-40FF-404C-936C-7BBDAC1FB0B0} = {1042F0E5-E658-469E-BC76-90641523B350}
		{B8EC5CC2-20F6-4B9D-8D3A-E54E804D1E1B} = {9DCFA5AD-5AEB-40F3-A64F-98B2303A2F55}
		{608A56A3-12F4-4044-8BCC-A015E9216425} = {9DCFA5AD-5AEB-40F3-A64F-98B2303A2F55}
		{CBB0C9AF-11DB-4D48-991A-F7504CF2944D} = {1042F0E5-E658-469E-BC76-90641523B350}
		{DBD2480D-2A48-479C-84A6-FE121C125359} = {1042F0E5-E658-469E-BC76-90641523B350}
		{768DC46C-C48E-4320-9760-E2DD47BFAA51} = {9DCFA5AD-5AEB-40F3-A64F-98B2303A2F55}
		{90808A57-0462-4D92-94F8-DA95B7931895} = {9DCFA5AD-5AEB-40F3-A64F-98B2303A2F55}
		{7E9EAE4C-A5F7-4169-939F-22ACDA10C13E} = {937B4FE4-32E0-46A1-AC83-5C1A9B41C5E1}
		{937B4FE4-32E0-46A1-AC83-5C1A9B41C5E1} = {9DCFA5AD-5AEB-40F3-A64F-98B2303A2F55}
		{E0A10EEE-AB2F-4FD0-81F4-50FB59C35BA9} = {937B4FE4-32E0-46A1-AC83-5C1A9B41C5E1}
		{451451E0-C1F8-4D70-9006-7F853FA87B09} = {937B4FE4-32E0-46A1-AC83-5C1A9B41C5E1}
		{B1FFE862-6CC7-43DA-A5E9-9EA3A0D22CCC} = {9DCFA5AD-5AEB-40F3-A64F-98B2303A2F55}
		{D89AFC58-52A9-41F5-9C44-4F429FA530BB} = {B1FFE862-6CC7-43DA-A5E9-9EA3A0D22CCC}
	EndGlobalSection
	GlobalSection(ExtensibilityGlobals) = postSolution
		SolutionGuid = {144DF715-04F1-4885-B11F-8E8C6F15473C}
	EndGlobalSection
EndGlobal
