
Microsoft Visual Studio Solution File, Format Version 12.00
# Visual Studio Version 16
VisualStudioVersion = 16.0.28621.142
MinimumVisualStudioVersion = 10.0.40219.1
Project("{2150E333-8FDC-42A3-9474-1A3956D46DE8}") = "libs", "libs", "{9DCFA5AD-5AEB-40F3-A64F-98B2303A2F55}"
EndProject
Project("{FAE04EC0-301F-11D3-BF4B-00C04F79EFBC}") = "SharpLib", "libs\SharpLib\SharpLib.csproj", "{DED134FC-C282-49C9-BA02-3CE6257E91FC}"
EndProject
Project("{9A19103F-16F7-4668-BE54-9A1E7A4F7556}") = "CodeGeneration.Roslyn", "libs\CodeGeneration.Roslyn\src\CodeGeneration.Roslyn\CodeGeneration.Roslyn.csproj", "{7B0A086F-A9BD-4C4C-8B65-B092C2C5A290}"
EndProject
Project("{9A19103F-16F7-4668-BE54-9A1E7A4F7556}") = "CodeGeneration.Roslyn.Attributes", "libs\CodeGeneration.Roslyn\src\CodeGeneration.Roslyn.Attributes\CodeGeneration.Roslyn.Attributes.csproj", "{89D33DD9-B942-413A-9C7B-9768F0202874}"
EndProject
Project("{2150E333-8FDC-42A3-9474-1A3956D46DE8}") = "CodeGen", "CodeGen", "{D68288C4-C2AE-491F-AD06-5365997E6119}"
EndProject
Project("{9A19103F-16F7-4668-BE54-9A1E7A4F7556}") = "CodeGeneration.Roslyn.Engine", "libs\CodeGeneration.Roslyn\src\CodeGeneration.Roslyn.Engine\CodeGeneration.Roslyn.Engine.csproj", "{BC369001-2EC8-4ACA-AFF7-721D49555C4D}"
EndProject
Project("{9A19103F-16F7-4668-BE54-9A1E7A4F7556}") = "CodeGeneration.Roslyn.Tasks", "libs\CodeGeneration.Roslyn\src\CodeGeneration.Roslyn.Tasks\CodeGeneration.Roslyn.Tasks.csproj", "{CDD2B6AC-9DFD-48EF-A857-BB12F0F788A0}"
EndProject
Project("{9A19103F-16F7-4668-BE54-9A1E7A4F7556}") = "CodeGeneration.Roslyn.Tool", "libs\CodeGeneration.Roslyn\src\CodeGeneration.Roslyn.Tool\CodeGeneration.Roslyn.Tool.csproj", "{3F6A7513-45F2-4FE7-9EBB-4A9939DBC538}"
EndProject
Project("{2150E333-8FDC-42A3-9474-1A3956D46DE8}") = "Generators", "Generators", "{1042F0E5-E658-469E-BC76-90641523B350}"
EndProject
Project("{9A19103F-16F7-4668-BE54-9A1E7A4F7556}") = "GenCaseClass", "libs\GenCaseClass\GenCaseClass.csproj", "{88C704DA-40FF-404C-936C-7BBDAC1FB0B0}"
EndProject
Project("{9A19103F-16F7-4668-BE54-9A1E7A4F7556}") = "Entity", "libs\Entity\Entity.csproj", "{B8EC5CC2-20F6-4B9D-8D3A-E54E804D1E1B}"
EndProject
Project("{9A19103F-16F7-4668-BE54-9A1E7A4F7556}") = "EntityTest", "apps\EntityTest\EntityTest.csproj", "{247B6F91-8562-4CAE-AA4E-3A148637C774}"
EndProject
Project("{FAE04EC0-301F-11D3-BF4B-00C04F79EFBC}") = "WPFTest", "apps\WPFTest\WPFTest.csproj", "{4C034D36-8206-4825-B7F1-696B098DE624}"
EndProject
Project("{2150E333-8FDC-42A3-9474-1A3956D46DE8}") = "Tests", "Tests", "{DDC247EF-BEBA-4A15-A345-5A02D1663B0F}"
EndProject
Project("{FAE04EC0-301F-11D3-BF4B-00C04F79EFBC}") = "ConsoleTest", "apps\ConsoleTest\ConsoleTest.csproj", "{BB015C2E-3F3F-4E08-89DF-F7AC9FF2B4FB}"
EndProject
Project("{9A19103F-16F7-4668-BE54-9A1E7A4F7556}") = "NetCore", "libs\NetCore\NetCore.csproj", "{608A56A3-12F4-4044-8BCC-A015E9216425}"
EndProject
Project("{9A19103F-16F7-4668-BE54-9A1E7A4F7556}") = "GenNet", "libs\GenNet\GenNet.csproj", "{CBB0C9AF-11DB-4D48-991A-F7504CF2944D}"
EndProject
Project("{9A19103F-16F7-4668-BE54-9A1E7A4F7556}") = "GenCore", "libs\GenCore\GenCore.csproj", "{DBD2480D-2A48-479C-84A6-FE121C125359}"
EndProject
Project("{9A19103F-16F7-4668-BE54-9A1E7A4F7556}") = "Services", "libs\Services\Services.csproj", "{768DC46C-C48E-4320-9760-E2DD47BFAA51}"
EndProject
Project("{FAE04EC0-301F-11D3-BF4B-00C04F79EFBC}") = "Server", "apps\Server\Server.csproj", "{B20D0226-1FDD-4528-975E-72B523F33978}"
EndProject
Project("{FAE04EC0-301F-11D3-BF4B-00C04F79EFBC}") = "Konsole", "libs\konsole\Konsole\Konsole.csproj", "{90808A57-0462-4D92-94F8-DA95B7931895}"
EndProject
Project("{9A19103F-16F7-4668-BE54-9A1E7A4F7556}") = "Discord.Net.WebSocket", "libs\Discord.Net\src\Discord.Net.WebSocket\Discord.Net.WebSocket.csproj", "{7E9EAE4C-A5F7-4169-939F-22ACDA10C13E}"
EndProject
Project("{2150E333-8FDC-42A3-9474-1A3956D46DE8}") = "Discord", "Discord", "{937B4FE4-32E0-46A1-AC83-5C1A9B41C5E1}"
EndProject
Project("{9A19103F-16F7-4668-BE54-9A1E7A4F7556}") = "Discord.Net.Core", "libs\Discord.Net\src\Discord.Net.Core\Discord.Net.Core.csproj", "{E0A10EEE-AB2F-4FD0-81F4-50FB59C35BA9}"
EndProject
Project("{9A19103F-16F7-4668-BE54-9A1E7A4F7556}") = "Discord.Net.Rest", "libs\Discord.Net\src\Discord.Net.Rest\Discord.Net.Rest.csproj", "{451451E0-C1F8-4D70-9006-7F853FA87B09}"
EndProject
Project("{2150E333-8FDC-42A3-9474-1A3956D46DE8}") = "Logging", "Logging", "{B1FFE862-6CC7-43DA-A5E9-9EA3A0D22CCC}"
EndProject
Project("{9A19103F-16F7-4668-BE54-9A1E7A4F7556}") = "Elasticsearch.Net", "libs\elasticsearch-net\src\Elasticsearch.Net\Elasticsearch.Net.csproj", "{D89AFC58-52A9-41F5-9C44-4F429FA530BB}"
EndProject
Project("{FAE04EC0-301F-11D3-BF4B-00C04F79EFBC}") = "Headless", "apps\Headless\Headless.csproj", "{54502631-5DB1-4958-A2DC-34A5BE90BFD0}"
	ProjectSection(ProjectDependencies) = postProject
		{B8EC5CC2-20F6-4B9D-8D3A-E54E804D1E1B} = {B8EC5CC2-20F6-4B9D-8D3A-E54E804D1E1B}
	EndProjectSection
EndProject
Project("{9A19103F-16F7-4668-BE54-9A1E7A4F7556}") = "Core3Test", "apps\Core3Test\Core3Test.csproj", "{18171639-BB8F-4AF0-98D7-6C5FA2A9BB84}"
EndProject
Project("{9A19103F-16F7-4668-BE54-9A1E7A4F7556}") = "Veldrid", "libs\veldrid\src\Veldrid\Veldrid.csproj", "{A5DA1097-A537-49DC-8904-94A334C908AF}"
EndProject
Project("{2150E333-8FDC-42A3-9474-1A3956D46DE8}") = "Graphics", "Graphics", "{699940D9-5E6A-4613-8C6F-33E694A99B01}"
EndProject
Project("{9A19103F-16F7-4668-BE54-9A1E7A4F7556}") = "Veldrid.MetalBindings", "libs\veldrid\src\Veldrid.MetalBindings\Veldrid.MetalBindings.csproj", "{6D8D1AE3-E02C-49D9-AFBE-57C1FE893112}"
EndProject
Project("{9A19103F-16F7-4668-BE54-9A1E7A4F7556}") = "Veldrid.OpenGLBindings", "libs\veldrid\src\Veldrid.OpenGLBindings\Veldrid.OpenGLBindings.csproj", "{FAD08CF5-E4F5-45DF-B711-02C1F6616E07}"
EndProject
Project("{9A19103F-16F7-4668-BE54-9A1E7A4F7556}") = "Veldrid.ImageSharp", "libs\veldrid\src\Veldrid.ImageSharp\Veldrid.ImageSharp.csproj", "{7632CD9E-0287-4457-8006-2FB4BCFB2E32}"
EndProject
Project("{9A19103F-16F7-4668-BE54-9A1E7A4F7556}") = "Veldrid.StartupUtilities", "libs\veldrid\src\Veldrid.StartupUtilities\Veldrid.StartupUtilities.csproj", "{84837A1C-69D4-493E-B0DB-0CD4E7180FCD}"
EndProject
Project("{9A19103F-16F7-4668-BE54-9A1E7A4F7556}") = "Veldrid.SDL2", "libs\veldrid\src\Veldrid.SDL2\Veldrid.SDL2.csproj", "{905589D4-F2FA-4525-AAE8-065BEFB0F4EB}"
EndProject
Project("{9A19103F-16F7-4668-BE54-9A1E7A4F7556}") = "Veldrid.Utilities", "libs\veldrid\src\Veldrid.Utilities\Veldrid.Utilities.csproj", "{BA787793-9FA7-44E3-BD1D-03AAB8AFBEA5}"
EndProject
Project("{9A19103F-16F7-4668-BE54-9A1E7A4F7556}") = "Veldrid.ImGui", "libs\veldrid\src\Veldrid.ImGui\Veldrid.ImGui.csproj", "{DD32F8B2-3448-4766-BDEB-449EC9661AD8}"
EndProject
Project("{9A19103F-16F7-4668-BE54-9A1E7A4F7556}") = "NeoDemo", "libs\veldrid\src\NeoDemo\NeoDemo.csproj", "{E5D7B458-F9B1-4B63-8205-C7A5E3A22EFE}"
EndProject
Project("{9A19103F-16F7-4668-BE54-9A1E7A4F7556}") = "Veldrid.RenderDoc", "libs\veldrid\src\Veldrid.RenderDoc\Veldrid.RenderDoc.csproj", "{A7A0B6BA-0C9A-48BD-B56A-09A5B737E4F1}"
EndProject
Project("{9A19103F-16F7-4668-BE54-9A1E7A4F7556}") = "geometry3Sharp_netstandard", "libs\geometry3Sharp\geometry3Sharp_netstandard.csproj", "{B93432B0-2BE3-4153-B553-BA0E6B8518ED}"
EndProject
Project("{9A19103F-16F7-4668-BE54-9A1E7A4F7556}") = "WaveFunctionCollapse", "libs\WaveFunctionCollapse\WaveFunctionCollapse.csproj", "{6600C6BF-443A-4B4B-9D7D-0A01CC5064CD}"
EndProject
Project("{FAE04EC0-301F-11D3-BF4B-00C04F79EFBC}") = "Priority Queue", "libs\PriorityQueue\Priority Queue\Priority Queue.csproj", "{1531C1EA-BD53-41D1-A34B-CFCDF79D2651}"
EndProject
Project("{9A19103F-16F7-4668-BE54-9A1E7A4F7556}") = "Ceras", "libs\Ceras\src\Ceras\Ceras.csproj", "{391327DD-0E7F-4E87-82E1-63038919A4A2}"
EndProject
Project("{9A19103F-16F7-4668-BE54-9A1E7A4F7556}") = "Shielded", "libs\Shielded\Shielded\Shielded.csproj", "{051CBBF1-2303-44F5-B1E9-680ECAB2E3AF}"
EndProject
Project("{9A19103F-16F7-4668-BE54-9A1E7A4F7556}") = "Shielded.Gossip", "libs\Shielded.Gossip\Shielded.Gossip\Shielded.Gossip.csproj", "{B1A5162F-2C4D-4775-B4FA-131FA262BFA2}"
EndProject
Project("{9A19103F-16F7-4668-BE54-9A1E7A4F7556}") = "MathSharp", "libs\MathSharp\sources\MathSharp\MathSharp.csproj", "{C867920B-0D2A-4A21-815C-95F1F6CEA067}"
EndProject
Project("{FAE04EC0-301F-11D3-BF4B-00C04F79EFBC}") = "ServerOnCore", "apps\ServerOnCore\ServerOnCore.csproj", "{A06EEC6B-9DFE-44FF-9BE0-DC27F93C2125}"
EndProject
Global
	GlobalSection(SolutionConfigurationPlatforms) = preSolution
		Debug|Any CPU = Debug|Any CPU
		Debug|x64 = Debug|x64
		Release 2.0|Any CPU = Release 2.0|Any CPU
		Release 2.0|x64 = Release 2.0|x64
		Release 4.5|Any CPU = Release 4.5|Any CPU
		Release 4.5|x64 = Release 4.5|x64
		Release|Any CPU = Release|Any CPU
		Release|x64 = Release|x64
	EndGlobalSection
	GlobalSection(ProjectConfigurationPlatforms) = postSolution
		{DED134FC-C282-49C9-BA02-3CE6257E91FC}.Debug|Any CPU.ActiveCfg = Debug|Any CPU
		{DED134FC-C282-49C9-BA02-3CE6257E91FC}.Debug|Any CPU.Build.0 = Debug|Any CPU
		{DED134FC-C282-49C9-BA02-3CE6257E91FC}.Debug|x64.ActiveCfg = Debug|Any CPU
		{DED134FC-C282-49C9-BA02-3CE6257E91FC}.Debug|x64.Build.0 = Debug|Any CPU
		{DED134FC-C282-49C9-BA02-3CE6257E91FC}.Release 2.0|Any CPU.ActiveCfg = Release|Any CPU
		{DED134FC-C282-49C9-BA02-3CE6257E91FC}.Release 2.0|Any CPU.Build.0 = Release|Any CPU
		{DED134FC-C282-49C9-BA02-3CE6257E91FC}.Release 2.0|x64.ActiveCfg = Release|Any CPU
		{DED134FC-C282-49C9-BA02-3CE6257E91FC}.Release 2.0|x64.Build.0 = Release|Any CPU
		{DED134FC-C282-49C9-BA02-3CE6257E91FC}.Release 4.5|Any CPU.ActiveCfg = Release|Any CPU
		{DED134FC-C282-49C9-BA02-3CE6257E91FC}.Release 4.5|Any CPU.Build.0 = Release|Any CPU
		{DED134FC-C282-49C9-BA02-3CE6257E91FC}.Release 4.5|x64.ActiveCfg = Release|Any CPU
		{DED134FC-C282-49C9-BA02-3CE6257E91FC}.Release 4.5|x64.Build.0 = Release|Any CPU
		{DED134FC-C282-49C9-BA02-3CE6257E91FC}.Release|Any CPU.ActiveCfg = Release|Any CPU
		{DED134FC-C282-49C9-BA02-3CE6257E91FC}.Release|Any CPU.Build.0 = Release|Any CPU
		{DED134FC-C282-49C9-BA02-3CE6257E91FC}.Release|x64.ActiveCfg = Release|Any CPU
		{DED134FC-C282-49C9-BA02-3CE6257E91FC}.Release|x64.Build.0 = Release|Any CPU
		{7B0A086F-A9BD-4C4C-8B65-B092C2C5A290}.Debug|Any CPU.ActiveCfg = Debug|Any CPU
		{7B0A086F-A9BD-4C4C-8B65-B092C2C5A290}.Debug|Any CPU.Build.0 = Debug|Any CPU
		{7B0A086F-A9BD-4C4C-8B65-B092C2C5A290}.Debug|x64.ActiveCfg = Debug|x64
		{7B0A086F-A9BD-4C4C-8B65-B092C2C5A290}.Debug|x64.Build.0 = Debug|x64
		{7B0A086F-A9BD-4C4C-8B65-B092C2C5A290}.Release 2.0|Any CPU.ActiveCfg = Release|Any CPU
		{7B0A086F-A9BD-4C4C-8B65-B092C2C5A290}.Release 2.0|Any CPU.Build.0 = Release|Any CPU
		{7B0A086F-A9BD-4C4C-8B65-B092C2C5A290}.Release 2.0|x64.ActiveCfg = Release|x64
		{7B0A086F-A9BD-4C4C-8B65-B092C2C5A290}.Release 2.0|x64.Build.0 = Release|x64
		{7B0A086F-A9BD-4C4C-8B65-B092C2C5A290}.Release 4.5|Any CPU.ActiveCfg = Release|Any CPU
		{7B0A086F-A9BD-4C4C-8B65-B092C2C5A290}.Release 4.5|Any CPU.Build.0 = Release|Any CPU
		{7B0A086F-A9BD-4C4C-8B65-B092C2C5A290}.Release 4.5|x64.ActiveCfg = Release|x64
		{7B0A086F-A9BD-4C4C-8B65-B092C2C5A290}.Release 4.5|x64.Build.0 = Release|x64
		{7B0A086F-A9BD-4C4C-8B65-B092C2C5A290}.Release|Any CPU.ActiveCfg = Release|Any CPU
		{7B0A086F-A9BD-4C4C-8B65-B092C2C5A290}.Release|Any CPU.Build.0 = Release|Any CPU
		{7B0A086F-A9BD-4C4C-8B65-B092C2C5A290}.Release|x64.ActiveCfg = Debug|x64
		{7B0A086F-A9BD-4C4C-8B65-B092C2C5A290}.Release|x64.Build.0 = Debug|x64
		{89D33DD9-B942-413A-9C7B-9768F0202874}.Debug|Any CPU.ActiveCfg = Debug|Any CPU
		{89D33DD9-B942-413A-9C7B-9768F0202874}.Debug|Any CPU.Build.0 = Debug|Any CPU
		{89D33DD9-B942-413A-9C7B-9768F0202874}.Debug|x64.ActiveCfg = Debug|x64
		{89D33DD9-B942-413A-9C7B-9768F0202874}.Debug|x64.Build.0 = Debug|x64
		{89D33DD9-B942-413A-9C7B-9768F0202874}.Release 2.0|Any CPU.ActiveCfg = Release|Any CPU
		{89D33DD9-B942-413A-9C7B-9768F0202874}.Release 2.0|Any CPU.Build.0 = Release|Any CPU
		{89D33DD9-B942-413A-9C7B-9768F0202874}.Release 2.0|x64.ActiveCfg = Release|x64
		{89D33DD9-B942-413A-9C7B-9768F0202874}.Release 2.0|x64.Build.0 = Release|x64
		{89D33DD9-B942-413A-9C7B-9768F0202874}.Release 4.5|Any CPU.ActiveCfg = Release|Any CPU
		{89D33DD9-B942-413A-9C7B-9768F0202874}.Release 4.5|Any CPU.Build.0 = Release|Any CPU
		{89D33DD9-B942-413A-9C7B-9768F0202874}.Release 4.5|x64.ActiveCfg = Release|x64
		{89D33DD9-B942-413A-9C7B-9768F0202874}.Release 4.5|x64.Build.0 = Release|x64
		{89D33DD9-B942-413A-9C7B-9768F0202874}.Release|Any CPU.ActiveCfg = Release|Any CPU
		{89D33DD9-B942-413A-9C7B-9768F0202874}.Release|Any CPU.Build.0 = Release|Any CPU
		{89D33DD9-B942-413A-9C7B-9768F0202874}.Release|x64.ActiveCfg = Debug|x64
		{89D33DD9-B942-413A-9C7B-9768F0202874}.Release|x64.Build.0 = Debug|x64
		{BC369001-2EC8-4ACA-AFF7-721D49555C4D}.Debug|Any CPU.ActiveCfg = Debug|Any CPU
		{BC369001-2EC8-4ACA-AFF7-721D49555C4D}.Debug|Any CPU.Build.0 = Debug|Any CPU
		{BC369001-2EC8-4ACA-AFF7-721D49555C4D}.Debug|x64.ActiveCfg = Debug|x64
		{BC369001-2EC8-4ACA-AFF7-721D49555C4D}.Debug|x64.Build.0 = Debug|x64
		{BC369001-2EC8-4ACA-AFF7-721D49555C4D}.Release 2.0|Any CPU.ActiveCfg = Release|Any CPU
		{BC369001-2EC8-4ACA-AFF7-721D49555C4D}.Release 2.0|Any CPU.Build.0 = Release|Any CPU
		{BC369001-2EC8-4ACA-AFF7-721D49555C4D}.Release 2.0|x64.ActiveCfg = Release|x64
		{BC369001-2EC8-4ACA-AFF7-721D49555C4D}.Release 2.0|x64.Build.0 = Release|x64
		{BC369001-2EC8-4ACA-AFF7-721D49555C4D}.Release 4.5|Any CPU.ActiveCfg = Release|Any CPU
		{BC369001-2EC8-4ACA-AFF7-721D49555C4D}.Release 4.5|Any CPU.Build.0 = Release|Any CPU
		{BC369001-2EC8-4ACA-AFF7-721D49555C4D}.Release 4.5|x64.ActiveCfg = Release|x64
		{BC369001-2EC8-4ACA-AFF7-721D49555C4D}.Release 4.5|x64.Build.0 = Release|x64
		{BC369001-2EC8-4ACA-AFF7-721D49555C4D}.Release|Any CPU.ActiveCfg = Release|Any CPU
		{BC369001-2EC8-4ACA-AFF7-721D49555C4D}.Release|Any CPU.Build.0 = Release|Any CPU
		{BC369001-2EC8-4ACA-AFF7-721D49555C4D}.Release|x64.ActiveCfg = Debug|x64
		{BC369001-2EC8-4ACA-AFF7-721D49555C4D}.Release|x64.Build.0 = Debug|x64
		{CDD2B6AC-9DFD-48EF-A857-BB12F0F788A0}.Debug|Any CPU.ActiveCfg = Debug|Any CPU
		{CDD2B6AC-9DFD-48EF-A857-BB12F0F788A0}.Debug|Any CPU.Build.0 = Debug|Any CPU
		{CDD2B6AC-9DFD-48EF-A857-BB12F0F788A0}.Debug|x64.ActiveCfg = Debug|x64
		{CDD2B6AC-9DFD-48EF-A857-BB12F0F788A0}.Debug|x64.Build.0 = Debug|x64
		{CDD2B6AC-9DFD-48EF-A857-BB12F0F788A0}.Release 2.0|Any CPU.ActiveCfg = Release|Any CPU
		{CDD2B6AC-9DFD-48EF-A857-BB12F0F788A0}.Release 2.0|Any CPU.Build.0 = Release|Any CPU
		{CDD2B6AC-9DFD-48EF-A857-BB12F0F788A0}.Release 2.0|x64.ActiveCfg = Release|x64
		{CDD2B6AC-9DFD-48EF-A857-BB12F0F788A0}.Release 2.0|x64.Build.0 = Release|x64
		{CDD2B6AC-9DFD-48EF-A857-BB12F0F788A0}.Release 4.5|Any CPU.ActiveCfg = Release|Any CPU
		{CDD2B6AC-9DFD-48EF-A857-BB12F0F788A0}.Release 4.5|Any CPU.Build.0 = Release|Any CPU
		{CDD2B6AC-9DFD-48EF-A857-BB12F0F788A0}.Release 4.5|x64.ActiveCfg = Release|x64
		{CDD2B6AC-9DFD-48EF-A857-BB12F0F788A0}.Release 4.5|x64.Build.0 = Release|x64
		{CDD2B6AC-9DFD-48EF-A857-BB12F0F788A0}.Release|Any CPU.ActiveCfg = Release|Any CPU
		{CDD2B6AC-9DFD-48EF-A857-BB12F0F788A0}.Release|Any CPU.Build.0 = Release|Any CPU
		{CDD2B6AC-9DFD-48EF-A857-BB12F0F788A0}.Release|x64.ActiveCfg = Debug|x64
		{CDD2B6AC-9DFD-48EF-A857-BB12F0F788A0}.Release|x64.Build.0 = Debug|x64
		{3F6A7513-45F2-4FE7-9EBB-4A9939DBC538}.Debug|Any CPU.ActiveCfg = Debug|Any CPU
		{3F6A7513-45F2-4FE7-9EBB-4A9939DBC538}.Debug|Any CPU.Build.0 = Debug|Any CPU
		{3F6A7513-45F2-4FE7-9EBB-4A9939DBC538}.Debug|x64.ActiveCfg = Debug|x64
		{3F6A7513-45F2-4FE7-9EBB-4A9939DBC538}.Debug|x64.Build.0 = Debug|x64
		{3F6A7513-45F2-4FE7-9EBB-4A9939DBC538}.Release 2.0|Any CPU.ActiveCfg = Release|Any CPU
		{3F6A7513-45F2-4FE7-9EBB-4A9939DBC538}.Release 2.0|Any CPU.Build.0 = Release|Any CPU
		{3F6A7513-45F2-4FE7-9EBB-4A9939DBC538}.Release 2.0|x64.ActiveCfg = Release|x64
		{3F6A7513-45F2-4FE7-9EBB-4A9939DBC538}.Release 2.0|x64.Build.0 = Release|x64
		{3F6A7513-45F2-4FE7-9EBB-4A9939DBC538}.Release 4.5|Any CPU.ActiveCfg = Release|Any CPU
		{3F6A7513-45F2-4FE7-9EBB-4A9939DBC538}.Release 4.5|Any CPU.Build.0 = Release|Any CPU
		{3F6A7513-45F2-4FE7-9EBB-4A9939DBC538}.Release 4.5|x64.ActiveCfg = Release|x64
		{3F6A7513-45F2-4FE7-9EBB-4A9939DBC538}.Release 4.5|x64.Build.0 = Release|x64
		{3F6A7513-45F2-4FE7-9EBB-4A9939DBC538}.Release|Any CPU.ActiveCfg = Release|Any CPU
		{3F6A7513-45F2-4FE7-9EBB-4A9939DBC538}.Release|Any CPU.Build.0 = Release|Any CPU
		{3F6A7513-45F2-4FE7-9EBB-4A9939DBC538}.Release|x64.ActiveCfg = Debug|x64
		{3F6A7513-45F2-4FE7-9EBB-4A9939DBC538}.Release|x64.Build.0 = Debug|x64
		{88C704DA-40FF-404C-936C-7BBDAC1FB0B0}.Debug|Any CPU.ActiveCfg = Debug|Any CPU
		{88C704DA-40FF-404C-936C-7BBDAC1FB0B0}.Debug|Any CPU.Build.0 = Debug|Any CPU
		{88C704DA-40FF-404C-936C-7BBDAC1FB0B0}.Debug|x64.ActiveCfg = Debug|x64
		{88C704DA-40FF-404C-936C-7BBDAC1FB0B0}.Debug|x64.Build.0 = Debug|x64
		{88C704DA-40FF-404C-936C-7BBDAC1FB0B0}.Release 2.0|Any CPU.ActiveCfg = Release|Any CPU
		{88C704DA-40FF-404C-936C-7BBDAC1FB0B0}.Release 2.0|Any CPU.Build.0 = Release|Any CPU
		{88C704DA-40FF-404C-936C-7BBDAC1FB0B0}.Release 2.0|x64.ActiveCfg = Release|x64
		{88C704DA-40FF-404C-936C-7BBDAC1FB0B0}.Release 2.0|x64.Build.0 = Release|x64
		{88C704DA-40FF-404C-936C-7BBDAC1FB0B0}.Release 4.5|Any CPU.ActiveCfg = Release|Any CPU
		{88C704DA-40FF-404C-936C-7BBDAC1FB0B0}.Release 4.5|Any CPU.Build.0 = Release|Any CPU
		{88C704DA-40FF-404C-936C-7BBDAC1FB0B0}.Release 4.5|x64.ActiveCfg = Release|x64
		{88C704DA-40FF-404C-936C-7BBDAC1FB0B0}.Release 4.5|x64.Build.0 = Release|x64
		{88C704DA-40FF-404C-936C-7BBDAC1FB0B0}.Release|Any CPU.ActiveCfg = Release|Any CPU
		{88C704DA-40FF-404C-936C-7BBDAC1FB0B0}.Release|Any CPU.Build.0 = Release|Any CPU
		{88C704DA-40FF-404C-936C-7BBDAC1FB0B0}.Release|x64.ActiveCfg = Debug|x64
		{88C704DA-40FF-404C-936C-7BBDAC1FB0B0}.Release|x64.Build.0 = Debug|x64
		{B8EC5CC2-20F6-4B9D-8D3A-E54E804D1E1B}.Debug|Any CPU.ActiveCfg = Debug|Any CPU
		{B8EC5CC2-20F6-4B9D-8D3A-E54E804D1E1B}.Debug|Any CPU.Build.0 = Debug|Any CPU
		{B8EC5CC2-20F6-4B9D-8D3A-E54E804D1E1B}.Debug|x64.ActiveCfg = Debug|x64
		{B8EC5CC2-20F6-4B9D-8D3A-E54E804D1E1B}.Debug|x64.Build.0 = Debug|x64
		{B8EC5CC2-20F6-4B9D-8D3A-E54E804D1E1B}.Release 2.0|Any CPU.ActiveCfg = Release|Any CPU
		{B8EC5CC2-20F6-4B9D-8D3A-E54E804D1E1B}.Release 2.0|Any CPU.Build.0 = Release|Any CPU
		{B8EC5CC2-20F6-4B9D-8D3A-E54E804D1E1B}.Release 2.0|x64.ActiveCfg = Release|x64
		{B8EC5CC2-20F6-4B9D-8D3A-E54E804D1E1B}.Release 2.0|x64.Build.0 = Release|x64
		{B8EC5CC2-20F6-4B9D-8D3A-E54E804D1E1B}.Release 4.5|Any CPU.ActiveCfg = Release|Any CPU
		{B8EC5CC2-20F6-4B9D-8D3A-E54E804D1E1B}.Release 4.5|Any CPU.Build.0 = Release|Any CPU
		{B8EC5CC2-20F6-4B9D-8D3A-E54E804D1E1B}.Release 4.5|x64.ActiveCfg = Release|x64
		{B8EC5CC2-20F6-4B9D-8D3A-E54E804D1E1B}.Release 4.5|x64.Build.0 = Release|x64
		{B8EC5CC2-20F6-4B9D-8D3A-E54E804D1E1B}.Release|Any CPU.ActiveCfg = Release|Any CPU
		{B8EC5CC2-20F6-4B9D-8D3A-E54E804D1E1B}.Release|Any CPU.Build.0 = Release|Any CPU
		{B8EC5CC2-20F6-4B9D-8D3A-E54E804D1E1B}.Release|x64.ActiveCfg = Debug|x64
		{B8EC5CC2-20F6-4B9D-8D3A-E54E804D1E1B}.Release|x64.Build.0 = Debug|x64
		{247B6F91-8562-4CAE-AA4E-3A148637C774}.Debug|Any CPU.ActiveCfg = Debug|Any CPU
		{247B6F91-8562-4CAE-AA4E-3A148637C774}.Debug|Any CPU.Build.0 = Debug|Any CPU
		{247B6F91-8562-4CAE-AA4E-3A148637C774}.Debug|x64.ActiveCfg = Debug|x64
		{247B6F91-8562-4CAE-AA4E-3A148637C774}.Debug|x64.Build.0 = Debug|x64
		{247B6F91-8562-4CAE-AA4E-3A148637C774}.Release 2.0|Any CPU.ActiveCfg = Release|Any CPU
		{247B6F91-8562-4CAE-AA4E-3A148637C774}.Release 2.0|Any CPU.Build.0 = Release|Any CPU
		{247B6F91-8562-4CAE-AA4E-3A148637C774}.Release 2.0|x64.ActiveCfg = Release|x64
		{247B6F91-8562-4CAE-AA4E-3A148637C774}.Release 2.0|x64.Build.0 = Release|x64
		{247B6F91-8562-4CAE-AA4E-3A148637C774}.Release 4.5|Any CPU.ActiveCfg = Release|Any CPU
		{247B6F91-8562-4CAE-AA4E-3A148637C774}.Release 4.5|Any CPU.Build.0 = Release|Any CPU
		{247B6F91-8562-4CAE-AA4E-3A148637C774}.Release 4.5|x64.ActiveCfg = Release|x64
		{247B6F91-8562-4CAE-AA4E-3A148637C774}.Release 4.5|x64.Build.0 = Release|x64
		{247B6F91-8562-4CAE-AA4E-3A148637C774}.Release|Any CPU.ActiveCfg = Release|Any CPU
		{247B6F91-8562-4CAE-AA4E-3A148637C774}.Release|Any CPU.Build.0 = Release|Any CPU
		{247B6F91-8562-4CAE-AA4E-3A148637C774}.Release|x64.ActiveCfg = Debug|x64
		{247B6F91-8562-4CAE-AA4E-3A148637C774}.Release|x64.Build.0 = Debug|x64
		{4C034D36-8206-4825-B7F1-696B098DE624}.Debug|Any CPU.ActiveCfg = Debug|Any CPU
		{4C034D36-8206-4825-B7F1-696B098DE624}.Debug|Any CPU.Build.0 = Debug|Any CPU
		{4C034D36-8206-4825-B7F1-696B098DE624}.Debug|x64.ActiveCfg = Debug|x64
		{4C034D36-8206-4825-B7F1-696B098DE624}.Debug|x64.Build.0 = Debug|x64
		{4C034D36-8206-4825-B7F1-696B098DE624}.Release 2.0|Any CPU.ActiveCfg = Release|Any CPU
		{4C034D36-8206-4825-B7F1-696B098DE624}.Release 2.0|Any CPU.Build.0 = Release|Any CPU
		{4C034D36-8206-4825-B7F1-696B098DE624}.Release 2.0|x64.ActiveCfg = Release|x64
		{4C034D36-8206-4825-B7F1-696B098DE624}.Release 2.0|x64.Build.0 = Release|x64
		{4C034D36-8206-4825-B7F1-696B098DE624}.Release 4.5|Any CPU.ActiveCfg = Release|Any CPU
		{4C034D36-8206-4825-B7F1-696B098DE624}.Release 4.5|Any CPU.Build.0 = Release|Any CPU
		{4C034D36-8206-4825-B7F1-696B098DE624}.Release 4.5|x64.ActiveCfg = Release|x64
		{4C034D36-8206-4825-B7F1-696B098DE624}.Release 4.5|x64.Build.0 = Release|x64
		{4C034D36-8206-4825-B7F1-696B098DE624}.Release|Any CPU.ActiveCfg = Release|Any CPU
		{4C034D36-8206-4825-B7F1-696B098DE624}.Release|Any CPU.Build.0 = Release|Any CPU
		{4C034D36-8206-4825-B7F1-696B098DE624}.Release|x64.ActiveCfg = Debug|x64
		{4C034D36-8206-4825-B7F1-696B098DE624}.Release|x64.Build.0 = Debug|x64
		{BB015C2E-3F3F-4E08-89DF-F7AC9FF2B4FB}.Debug|Any CPU.ActiveCfg = Debug|Any CPU
		{BB015C2E-3F3F-4E08-89DF-F7AC9FF2B4FB}.Debug|Any CPU.Build.0 = Debug|Any CPU
		{BB015C2E-3F3F-4E08-89DF-F7AC9FF2B4FB}.Debug|x64.ActiveCfg = Debug|x64
		{BB015C2E-3F3F-4E08-89DF-F7AC9FF2B4FB}.Debug|x64.Build.0 = Debug|x64
		{BB015C2E-3F3F-4E08-89DF-F7AC9FF2B4FB}.Release 2.0|Any CPU.ActiveCfg = Release|Any CPU
		{BB015C2E-3F3F-4E08-89DF-F7AC9FF2B4FB}.Release 2.0|Any CPU.Build.0 = Release|Any CPU
		{BB015C2E-3F3F-4E08-89DF-F7AC9FF2B4FB}.Release 2.0|x64.ActiveCfg = Release|x64
		{BB015C2E-3F3F-4E08-89DF-F7AC9FF2B4FB}.Release 2.0|x64.Build.0 = Release|x64
		{BB015C2E-3F3F-4E08-89DF-F7AC9FF2B4FB}.Release 4.5|Any CPU.ActiveCfg = Release|Any CPU
		{BB015C2E-3F3F-4E08-89DF-F7AC9FF2B4FB}.Release 4.5|Any CPU.Build.0 = Release|Any CPU
		{BB015C2E-3F3F-4E08-89DF-F7AC9FF2B4FB}.Release 4.5|x64.ActiveCfg = Release|x64
		{BB015C2E-3F3F-4E08-89DF-F7AC9FF2B4FB}.Release 4.5|x64.Build.0 = Release|x64
		{BB015C2E-3F3F-4E08-89DF-F7AC9FF2B4FB}.Release|Any CPU.ActiveCfg = Release|Any CPU
		{BB015C2E-3F3F-4E08-89DF-F7AC9FF2B4FB}.Release|Any CPU.Build.0 = Release|Any CPU
		{BB015C2E-3F3F-4E08-89DF-F7AC9FF2B4FB}.Release|x64.ActiveCfg = Debug|x64
		{BB015C2E-3F3F-4E08-89DF-F7AC9FF2B4FB}.Release|x64.Build.0 = Debug|x64
		{608A56A3-12F4-4044-8BCC-A015E9216425}.Debug|Any CPU.ActiveCfg = Debug|Any CPU
		{608A56A3-12F4-4044-8BCC-A015E9216425}.Debug|Any CPU.Build.0 = Debug|Any CPU
		{608A56A3-12F4-4044-8BCC-A015E9216425}.Debug|x64.ActiveCfg = Debug|x64
		{608A56A3-12F4-4044-8BCC-A015E9216425}.Debug|x64.Build.0 = Debug|x64
		{608A56A3-12F4-4044-8BCC-A015E9216425}.Release 2.0|Any CPU.ActiveCfg = Release|Any CPU
		{608A56A3-12F4-4044-8BCC-A015E9216425}.Release 2.0|Any CPU.Build.0 = Release|Any CPU
		{608A56A3-12F4-4044-8BCC-A015E9216425}.Release 2.0|x64.ActiveCfg = Release|x64
		{608A56A3-12F4-4044-8BCC-A015E9216425}.Release 2.0|x64.Build.0 = Release|x64
		{608A56A3-12F4-4044-8BCC-A015E9216425}.Release 4.5|Any CPU.ActiveCfg = Release|Any CPU
		{608A56A3-12F4-4044-8BCC-A015E9216425}.Release 4.5|Any CPU.Build.0 = Release|Any CPU
		{608A56A3-12F4-4044-8BCC-A015E9216425}.Release 4.5|x64.ActiveCfg = Release|x64
		{608A56A3-12F4-4044-8BCC-A015E9216425}.Release 4.5|x64.Build.0 = Release|x64
		{608A56A3-12F4-4044-8BCC-A015E9216425}.Release|Any CPU.ActiveCfg = Release|Any CPU
		{608A56A3-12F4-4044-8BCC-A015E9216425}.Release|Any CPU.Build.0 = Release|Any CPU
		{608A56A3-12F4-4044-8BCC-A015E9216425}.Release|x64.ActiveCfg = Debug|x64
		{608A56A3-12F4-4044-8BCC-A015E9216425}.Release|x64.Build.0 = Debug|x64
		{CBB0C9AF-11DB-4D48-991A-F7504CF2944D}.Debug|Any CPU.ActiveCfg = Debug|Any CPU
		{CBB0C9AF-11DB-4D48-991A-F7504CF2944D}.Debug|Any CPU.Build.0 = Debug|Any CPU
		{CBB0C9AF-11DB-4D48-991A-F7504CF2944D}.Debug|x64.ActiveCfg = Debug|x64
		{CBB0C9AF-11DB-4D48-991A-F7504CF2944D}.Debug|x64.Build.0 = Debug|x64
		{CBB0C9AF-11DB-4D48-991A-F7504CF2944D}.Release 2.0|Any CPU.ActiveCfg = Release|Any CPU
		{CBB0C9AF-11DB-4D48-991A-F7504CF2944D}.Release 2.0|Any CPU.Build.0 = Release|Any CPU
		{CBB0C9AF-11DB-4D48-991A-F7504CF2944D}.Release 2.0|x64.ActiveCfg = Release|x64
		{CBB0C9AF-11DB-4D48-991A-F7504CF2944D}.Release 2.0|x64.Build.0 = Release|x64
		{CBB0C9AF-11DB-4D48-991A-F7504CF2944D}.Release 4.5|Any CPU.ActiveCfg = Release|Any CPU
		{CBB0C9AF-11DB-4D48-991A-F7504CF2944D}.Release 4.5|Any CPU.Build.0 = Release|Any CPU
		{CBB0C9AF-11DB-4D48-991A-F7504CF2944D}.Release 4.5|x64.ActiveCfg = Release|x64
		{CBB0C9AF-11DB-4D48-991A-F7504CF2944D}.Release 4.5|x64.Build.0 = Release|x64
		{CBB0C9AF-11DB-4D48-991A-F7504CF2944D}.Release|Any CPU.ActiveCfg = Release|Any CPU
		{CBB0C9AF-11DB-4D48-991A-F7504CF2944D}.Release|Any CPU.Build.0 = Release|Any CPU
		{CBB0C9AF-11DB-4D48-991A-F7504CF2944D}.Release|x64.ActiveCfg = Debug|x64
		{CBB0C9AF-11DB-4D48-991A-F7504CF2944D}.Release|x64.Build.0 = Debug|x64
		{DBD2480D-2A48-479C-84A6-FE121C125359}.Debug|Any CPU.ActiveCfg = Debug|Any CPU
		{DBD2480D-2A48-479C-84A6-FE121C125359}.Debug|Any CPU.Build.0 = Debug|Any CPU
		{DBD2480D-2A48-479C-84A6-FE121C125359}.Debug|x64.ActiveCfg = Debug|x64
		{DBD2480D-2A48-479C-84A6-FE121C125359}.Debug|x64.Build.0 = Debug|x64
		{DBD2480D-2A48-479C-84A6-FE121C125359}.Release 2.0|Any CPU.ActiveCfg = Release|Any CPU
		{DBD2480D-2A48-479C-84A6-FE121C125359}.Release 2.0|Any CPU.Build.0 = Release|Any CPU
		{DBD2480D-2A48-479C-84A6-FE121C125359}.Release 2.0|x64.ActiveCfg = Release|x64
		{DBD2480D-2A48-479C-84A6-FE121C125359}.Release 2.0|x64.Build.0 = Release|x64
		{DBD2480D-2A48-479C-84A6-FE121C125359}.Release 4.5|Any CPU.ActiveCfg = Release|Any CPU
		{DBD2480D-2A48-479C-84A6-FE121C125359}.Release 4.5|Any CPU.Build.0 = Release|Any CPU
		{DBD2480D-2A48-479C-84A6-FE121C125359}.Release 4.5|x64.ActiveCfg = Release|x64
		{DBD2480D-2A48-479C-84A6-FE121C125359}.Release 4.5|x64.Build.0 = Release|x64
		{DBD2480D-2A48-479C-84A6-FE121C125359}.Release|Any CPU.ActiveCfg = Release|Any CPU
		{DBD2480D-2A48-479C-84A6-FE121C125359}.Release|Any CPU.Build.0 = Release|Any CPU
		{DBD2480D-2A48-479C-84A6-FE121C125359}.Release|x64.ActiveCfg = Debug|x64
		{DBD2480D-2A48-479C-84A6-FE121C125359}.Release|x64.Build.0 = Debug|x64
		{768DC46C-C48E-4320-9760-E2DD47BFAA51}.Debug|Any CPU.ActiveCfg = Debug|Any CPU
		{768DC46C-C48E-4320-9760-E2DD47BFAA51}.Debug|Any CPU.Build.0 = Debug|Any CPU
		{768DC46C-C48E-4320-9760-E2DD47BFAA51}.Debug|x64.ActiveCfg = Debug|x64
		{768DC46C-C48E-4320-9760-E2DD47BFAA51}.Debug|x64.Build.0 = Debug|x64
		{768DC46C-C48E-4320-9760-E2DD47BFAA51}.Release 2.0|Any CPU.ActiveCfg = Release|Any CPU
		{768DC46C-C48E-4320-9760-E2DD47BFAA51}.Release 2.0|Any CPU.Build.0 = Release|Any CPU
		{768DC46C-C48E-4320-9760-E2DD47BFAA51}.Release 2.0|x64.ActiveCfg = Release|x64
		{768DC46C-C48E-4320-9760-E2DD47BFAA51}.Release 2.0|x64.Build.0 = Release|x64
		{768DC46C-C48E-4320-9760-E2DD47BFAA51}.Release 4.5|Any CPU.ActiveCfg = Release|Any CPU
		{768DC46C-C48E-4320-9760-E2DD47BFAA51}.Release 4.5|Any CPU.Build.0 = Release|Any CPU
		{768DC46C-C48E-4320-9760-E2DD47BFAA51}.Release 4.5|x64.ActiveCfg = Release|x64
		{768DC46C-C48E-4320-9760-E2DD47BFAA51}.Release 4.5|x64.Build.0 = Release|x64
		{768DC46C-C48E-4320-9760-E2DD47BFAA51}.Release|Any CPU.ActiveCfg = Release|Any CPU
		{768DC46C-C48E-4320-9760-E2DD47BFAA51}.Release|Any CPU.Build.0 = Release|Any CPU
		{768DC46C-C48E-4320-9760-E2DD47BFAA51}.Release|x64.ActiveCfg = Debug|x64
		{768DC46C-C48E-4320-9760-E2DD47BFAA51}.Release|x64.Build.0 = Debug|x64
		{B20D0226-1FDD-4528-975E-72B523F33978}.Debug|Any CPU.ActiveCfg = Debug|Any CPU
		{B20D0226-1FDD-4528-975E-72B523F33978}.Debug|Any CPU.Build.0 = Debug|Any CPU
		{B20D0226-1FDD-4528-975E-72B523F33978}.Debug|x64.ActiveCfg = Debug|x64
		{B20D0226-1FDD-4528-975E-72B523F33978}.Debug|x64.Build.0 = Debug|x64
		{B20D0226-1FDD-4528-975E-72B523F33978}.Release 2.0|Any CPU.ActiveCfg = Release|Any CPU
		{B20D0226-1FDD-4528-975E-72B523F33978}.Release 2.0|Any CPU.Build.0 = Release|Any CPU
		{B20D0226-1FDD-4528-975E-72B523F33978}.Release 2.0|x64.ActiveCfg = Release|x64
		{B20D0226-1FDD-4528-975E-72B523F33978}.Release 2.0|x64.Build.0 = Release|x64
		{B20D0226-1FDD-4528-975E-72B523F33978}.Release 4.5|Any CPU.ActiveCfg = Release|Any CPU
		{B20D0226-1FDD-4528-975E-72B523F33978}.Release 4.5|Any CPU.Build.0 = Release|Any CPU
		{B20D0226-1FDD-4528-975E-72B523F33978}.Release 4.5|x64.ActiveCfg = Release|x64
		{B20D0226-1FDD-4528-975E-72B523F33978}.Release 4.5|x64.Build.0 = Release|x64
		{B20D0226-1FDD-4528-975E-72B523F33978}.Release|Any CPU.ActiveCfg = Release|Any CPU
		{B20D0226-1FDD-4528-975E-72B523F33978}.Release|Any CPU.Build.0 = Release|Any CPU
		{B20D0226-1FDD-4528-975E-72B523F33978}.Release|x64.ActiveCfg = Debug|x64
		{B20D0226-1FDD-4528-975E-72B523F33978}.Release|x64.Build.0 = Debug|x64
		{90808A57-0462-4D92-94F8-DA95B7931895}.Debug|Any CPU.ActiveCfg = Debug|Any CPU
		{90808A57-0462-4D92-94F8-DA95B7931895}.Debug|Any CPU.Build.0 = Debug|Any CPU
		{90808A57-0462-4D92-94F8-DA95B7931895}.Debug|x64.ActiveCfg = Debug|Any CPU
		{90808A57-0462-4D92-94F8-DA95B7931895}.Debug|x64.Build.0 = Debug|Any CPU
		{90808A57-0462-4D92-94F8-DA95B7931895}.Release 2.0|Any CPU.ActiveCfg = Release|Any CPU
		{90808A57-0462-4D92-94F8-DA95B7931895}.Release 2.0|Any CPU.Build.0 = Release|Any CPU
		{90808A57-0462-4D92-94F8-DA95B7931895}.Release 2.0|x64.ActiveCfg = Release|Any CPU
		{90808A57-0462-4D92-94F8-DA95B7931895}.Release 2.0|x64.Build.0 = Release|Any CPU
		{90808A57-0462-4D92-94F8-DA95B7931895}.Release 4.5|Any CPU.ActiveCfg = Release|Any CPU
		{90808A57-0462-4D92-94F8-DA95B7931895}.Release 4.5|Any CPU.Build.0 = Release|Any CPU
		{90808A57-0462-4D92-94F8-DA95B7931895}.Release 4.5|x64.ActiveCfg = Release|Any CPU
		{90808A57-0462-4D92-94F8-DA95B7931895}.Release 4.5|x64.Build.0 = Release|Any CPU
		{90808A57-0462-4D92-94F8-DA95B7931895}.Release|Any CPU.ActiveCfg = Release|Any CPU
		{90808A57-0462-4D92-94F8-DA95B7931895}.Release|Any CPU.Build.0 = Release|Any CPU
		{90808A57-0462-4D92-94F8-DA95B7931895}.Release|x64.ActiveCfg = Release|Any CPU
		{90808A57-0462-4D92-94F8-DA95B7931895}.Release|x64.Build.0 = Release|Any CPU
		{7E9EAE4C-A5F7-4169-939F-22ACDA10C13E}.Debug|Any CPU.ActiveCfg = Debug|Any CPU
		{7E9EAE4C-A5F7-4169-939F-22ACDA10C13E}.Debug|Any CPU.Build.0 = Debug|Any CPU
		{7E9EAE4C-A5F7-4169-939F-22ACDA10C13E}.Debug|x64.ActiveCfg = Debug|Any CPU
		{7E9EAE4C-A5F7-4169-939F-22ACDA10C13E}.Debug|x64.Build.0 = Debug|Any CPU
		{7E9EAE4C-A5F7-4169-939F-22ACDA10C13E}.Release 2.0|Any CPU.ActiveCfg = Release|Any CPU
		{7E9EAE4C-A5F7-4169-939F-22ACDA10C13E}.Release 2.0|Any CPU.Build.0 = Release|Any CPU
		{7E9EAE4C-A5F7-4169-939F-22ACDA10C13E}.Release 2.0|x64.ActiveCfg = Release|Any CPU
		{7E9EAE4C-A5F7-4169-939F-22ACDA10C13E}.Release 2.0|x64.Build.0 = Release|Any CPU
		{7E9EAE4C-A5F7-4169-939F-22ACDA10C13E}.Release 4.5|Any CPU.ActiveCfg = Release|Any CPU
		{7E9EAE4C-A5F7-4169-939F-22ACDA10C13E}.Release 4.5|Any CPU.Build.0 = Release|Any CPU
		{7E9EAE4C-A5F7-4169-939F-22ACDA10C13E}.Release 4.5|x64.ActiveCfg = Release|Any CPU
		{7E9EAE4C-A5F7-4169-939F-22ACDA10C13E}.Release 4.5|x64.Build.0 = Release|Any CPU
		{7E9EAE4C-A5F7-4169-939F-22ACDA10C13E}.Release|Any CPU.ActiveCfg = Release|Any CPU
		{7E9EAE4C-A5F7-4169-939F-22ACDA10C13E}.Release|Any CPU.Build.0 = Release|Any CPU
		{7E9EAE4C-A5F7-4169-939F-22ACDA10C13E}.Release|x64.ActiveCfg = Release|Any CPU
		{7E9EAE4C-A5F7-4169-939F-22ACDA10C13E}.Release|x64.Build.0 = Release|Any CPU
		{E0A10EEE-AB2F-4FD0-81F4-50FB59C35BA9}.Debug|Any CPU.ActiveCfg = Debug|Any CPU
		{E0A10EEE-AB2F-4FD0-81F4-50FB59C35BA9}.Debug|Any CPU.Build.0 = Debug|Any CPU
		{E0A10EEE-AB2F-4FD0-81F4-50FB59C35BA9}.Debug|x64.ActiveCfg = Debug|Any CPU
		{E0A10EEE-AB2F-4FD0-81F4-50FB59C35BA9}.Debug|x64.Build.0 = Debug|Any CPU
		{E0A10EEE-AB2F-4FD0-81F4-50FB59C35BA9}.Release 2.0|Any CPU.ActiveCfg = Release|Any CPU
		{E0A10EEE-AB2F-4FD0-81F4-50FB59C35BA9}.Release 2.0|Any CPU.Build.0 = Release|Any CPU
		{E0A10EEE-AB2F-4FD0-81F4-50FB59C35BA9}.Release 2.0|x64.ActiveCfg = Release|Any CPU
		{E0A10EEE-AB2F-4FD0-81F4-50FB59C35BA9}.Release 2.0|x64.Build.0 = Release|Any CPU
		{E0A10EEE-AB2F-4FD0-81F4-50FB59C35BA9}.Release 4.5|Any CPU.ActiveCfg = Release|Any CPU
		{E0A10EEE-AB2F-4FD0-81F4-50FB59C35BA9}.Release 4.5|Any CPU.Build.0 = Release|Any CPU
		{E0A10EEE-AB2F-4FD0-81F4-50FB59C35BA9}.Release 4.5|x64.ActiveCfg = Release|Any CPU
		{E0A10EEE-AB2F-4FD0-81F4-50FB59C35BA9}.Release 4.5|x64.Build.0 = Release|Any CPU
		{E0A10EEE-AB2F-4FD0-81F4-50FB59C35BA9}.Release|Any CPU.ActiveCfg = Release|Any CPU
		{E0A10EEE-AB2F-4FD0-81F4-50FB59C35BA9}.Release|Any CPU.Build.0 = Release|Any CPU
		{E0A10EEE-AB2F-4FD0-81F4-50FB59C35BA9}.Release|x64.ActiveCfg = Release|Any CPU
		{E0A10EEE-AB2F-4FD0-81F4-50FB59C35BA9}.Release|x64.Build.0 = Release|Any CPU
		{451451E0-C1F8-4D70-9006-7F853FA87B09}.Debug|Any CPU.ActiveCfg = Debug|Any CPU
		{451451E0-C1F8-4D70-9006-7F853FA87B09}.Debug|Any CPU.Build.0 = Debug|Any CPU
		{451451E0-C1F8-4D70-9006-7F853FA87B09}.Debug|x64.ActiveCfg = Debug|Any CPU
		{451451E0-C1F8-4D70-9006-7F853FA87B09}.Debug|x64.Build.0 = Debug|Any CPU
		{451451E0-C1F8-4D70-9006-7F853FA87B09}.Release 2.0|Any CPU.ActiveCfg = Release|Any CPU
		{451451E0-C1F8-4D70-9006-7F853FA87B09}.Release 2.0|Any CPU.Build.0 = Release|Any CPU
		{451451E0-C1F8-4D70-9006-7F853FA87B09}.Release 2.0|x64.ActiveCfg = Release|Any CPU
		{451451E0-C1F8-4D70-9006-7F853FA87B09}.Release 2.0|x64.Build.0 = Release|Any CPU
		{451451E0-C1F8-4D70-9006-7F853FA87B09}.Release 4.5|Any CPU.ActiveCfg = Release|Any CPU
		{451451E0-C1F8-4D70-9006-7F853FA87B09}.Release 4.5|Any CPU.Build.0 = Release|Any CPU
		{451451E0-C1F8-4D70-9006-7F853FA87B09}.Release 4.5|x64.ActiveCfg = Release|Any CPU
		{451451E0-C1F8-4D70-9006-7F853FA87B09}.Release 4.5|x64.Build.0 = Release|Any CPU
		{451451E0-C1F8-4D70-9006-7F853FA87B09}.Release|Any CPU.ActiveCfg = Release|Any CPU
		{451451E0-C1F8-4D70-9006-7F853FA87B09}.Release|Any CPU.Build.0 = Release|Any CPU
		{451451E0-C1F8-4D70-9006-7F853FA87B09}.Release|x64.ActiveCfg = Release|Any CPU
		{451451E0-C1F8-4D70-9006-7F853FA87B09}.Release|x64.Build.0 = Release|Any CPU
		{D89AFC58-52A9-41F5-9C44-4F429FA530BB}.Debug|Any CPU.ActiveCfg = Debug|Any CPU
		{D89AFC58-52A9-41F5-9C44-4F429FA530BB}.Debug|Any CPU.Build.0 = Debug|Any CPU
		{D89AFC58-52A9-41F5-9C44-4F429FA530BB}.Debug|x64.ActiveCfg = Debug|Any CPU
		{D89AFC58-52A9-41F5-9C44-4F429FA530BB}.Debug|x64.Build.0 = Debug|Any CPU
		{D89AFC58-52A9-41F5-9C44-4F429FA530BB}.Release 2.0|Any CPU.ActiveCfg = Release|Any CPU
		{D89AFC58-52A9-41F5-9C44-4F429FA530BB}.Release 2.0|Any CPU.Build.0 = Release|Any CPU
		{D89AFC58-52A9-41F5-9C44-4F429FA530BB}.Release 2.0|x64.ActiveCfg = Release|Any CPU
		{D89AFC58-52A9-41F5-9C44-4F429FA530BB}.Release 2.0|x64.Build.0 = Release|Any CPU
		{D89AFC58-52A9-41F5-9C44-4F429FA530BB}.Release 4.5|Any CPU.ActiveCfg = Release|Any CPU
		{D89AFC58-52A9-41F5-9C44-4F429FA530BB}.Release 4.5|Any CPU.Build.0 = Release|Any CPU
		{D89AFC58-52A9-41F5-9C44-4F429FA530BB}.Release 4.5|x64.ActiveCfg = Release|Any CPU
		{D89AFC58-52A9-41F5-9C44-4F429FA530BB}.Release 4.5|x64.Build.0 = Release|Any CPU
		{D89AFC58-52A9-41F5-9C44-4F429FA530BB}.Release|Any CPU.ActiveCfg = Release|Any CPU
		{D89AFC58-52A9-41F5-9C44-4F429FA530BB}.Release|Any CPU.Build.0 = Release|Any CPU
		{D89AFC58-52A9-41F5-9C44-4F429FA530BB}.Release|x64.ActiveCfg = Release|Any CPU
		{D89AFC58-52A9-41F5-9C44-4F429FA530BB}.Release|x64.Build.0 = Release|Any CPU
		{54502631-5DB1-4958-A2DC-34A5BE90BFD0}.Debug|Any CPU.ActiveCfg = Debug|Any CPU
		{54502631-5DB1-4958-A2DC-34A5BE90BFD0}.Debug|Any CPU.Build.0 = Debug|Any CPU
		{54502631-5DB1-4958-A2DC-34A5BE90BFD0}.Debug|x64.ActiveCfg = Debug|x64
		{54502631-5DB1-4958-A2DC-34A5BE90BFD0}.Debug|x64.Build.0 = Debug|x64
		{54502631-5DB1-4958-A2DC-34A5BE90BFD0}.Release 2.0|Any CPU.ActiveCfg = Release|Any CPU
		{54502631-5DB1-4958-A2DC-34A5BE90BFD0}.Release 2.0|Any CPU.Build.0 = Release|Any CPU
		{54502631-5DB1-4958-A2DC-34A5BE90BFD0}.Release 2.0|x64.ActiveCfg = Release|x64
		{54502631-5DB1-4958-A2DC-34A5BE90BFD0}.Release 2.0|x64.Build.0 = Release|x64
		{54502631-5DB1-4958-A2DC-34A5BE90BFD0}.Release 4.5|Any CPU.ActiveCfg = Release|Any CPU
		{54502631-5DB1-4958-A2DC-34A5BE90BFD0}.Release 4.5|Any CPU.Build.0 = Release|Any CPU
		{54502631-5DB1-4958-A2DC-34A5BE90BFD0}.Release 4.5|x64.ActiveCfg = Release|x64
		{54502631-5DB1-4958-A2DC-34A5BE90BFD0}.Release 4.5|x64.Build.0 = Release|x64
		{54502631-5DB1-4958-A2DC-34A5BE90BFD0}.Release|Any CPU.ActiveCfg = Release|Any CPU
		{54502631-5DB1-4958-A2DC-34A5BE90BFD0}.Release|Any CPU.Build.0 = Release|Any CPU
		{54502631-5DB1-4958-A2DC-34A5BE90BFD0}.Release|x64.ActiveCfg = Release|x64
		{54502631-5DB1-4958-A2DC-34A5BE90BFD0}.Release|x64.Build.0 = Release|x64
		{18171639-BB8F-4AF0-98D7-6C5FA2A9BB84}.Debug|Any CPU.ActiveCfg = Debug|Any CPU
		{18171639-BB8F-4AF0-98D7-6C5FA2A9BB84}.Debug|Any CPU.Build.0 = Debug|Any CPU
		{18171639-BB8F-4AF0-98D7-6C5FA2A9BB84}.Debug|x64.ActiveCfg = Debug|Any CPU
		{18171639-BB8F-4AF0-98D7-6C5FA2A9BB84}.Debug|x64.Build.0 = Debug|Any CPU
		{18171639-BB8F-4AF0-98D7-6C5FA2A9BB84}.Release 2.0|Any CPU.ActiveCfg = Release|Any CPU
		{18171639-BB8F-4AF0-98D7-6C5FA2A9BB84}.Release 2.0|Any CPU.Build.0 = Release|Any CPU
		{18171639-BB8F-4AF0-98D7-6C5FA2A9BB84}.Release 2.0|x64.ActiveCfg = Release|Any CPU
		{18171639-BB8F-4AF0-98D7-6C5FA2A9BB84}.Release 2.0|x64.Build.0 = Release|Any CPU
		{18171639-BB8F-4AF0-98D7-6C5FA2A9BB84}.Release 4.5|Any CPU.ActiveCfg = Release|Any CPU
		{18171639-BB8F-4AF0-98D7-6C5FA2A9BB84}.Release 4.5|Any CPU.Build.0 = Release|Any CPU
		{18171639-BB8F-4AF0-98D7-6C5FA2A9BB84}.Release 4.5|x64.ActiveCfg = Release|Any CPU
		{18171639-BB8F-4AF0-98D7-6C5FA2A9BB84}.Release 4.5|x64.Build.0 = Release|Any CPU
		{18171639-BB8F-4AF0-98D7-6C5FA2A9BB84}.Release|Any CPU.ActiveCfg = Release|Any CPU
		{18171639-BB8F-4AF0-98D7-6C5FA2A9BB84}.Release|Any CPU.Build.0 = Release|Any CPU
		{18171639-BB8F-4AF0-98D7-6C5FA2A9BB84}.Release|x64.ActiveCfg = Release|Any CPU
		{18171639-BB8F-4AF0-98D7-6C5FA2A9BB84}.Release|x64.Build.0 = Release|Any CPU
		{A5DA1097-A537-49DC-8904-94A334C908AF}.Debug|Any CPU.ActiveCfg = Debug|Any CPU
		{A5DA1097-A537-49DC-8904-94A334C908AF}.Debug|Any CPU.Build.0 = Debug|Any CPU
		{A5DA1097-A537-49DC-8904-94A334C908AF}.Debug|x64.ActiveCfg = Debug|Any CPU
		{A5DA1097-A537-49DC-8904-94A334C908AF}.Debug|x64.Build.0 = Debug|Any CPU
		{A5DA1097-A537-49DC-8904-94A334C908AF}.Release 2.0|Any CPU.ActiveCfg = Release|Any CPU
		{A5DA1097-A537-49DC-8904-94A334C908AF}.Release 2.0|Any CPU.Build.0 = Release|Any CPU
		{A5DA1097-A537-49DC-8904-94A334C908AF}.Release 2.0|x64.ActiveCfg = Release|Any CPU
		{A5DA1097-A537-49DC-8904-94A334C908AF}.Release 2.0|x64.Build.0 = Release|Any CPU
		{A5DA1097-A537-49DC-8904-94A334C908AF}.Release 4.5|Any CPU.ActiveCfg = Release|Any CPU
		{A5DA1097-A537-49DC-8904-94A334C908AF}.Release 4.5|Any CPU.Build.0 = Release|Any CPU
		{A5DA1097-A537-49DC-8904-94A334C908AF}.Release 4.5|x64.ActiveCfg = Release|Any CPU
		{A5DA1097-A537-49DC-8904-94A334C908AF}.Release 4.5|x64.Build.0 = Release|Any CPU
		{A5DA1097-A537-49DC-8904-94A334C908AF}.Release|Any CPU.ActiveCfg = Release|Any CPU
		{A5DA1097-A537-49DC-8904-94A334C908AF}.Release|Any CPU.Build.0 = Release|Any CPU
		{A5DA1097-A537-49DC-8904-94A334C908AF}.Release|x64.ActiveCfg = Release|Any CPU
		{A5DA1097-A537-49DC-8904-94A334C908AF}.Release|x64.Build.0 = Release|Any CPU
		{6D8D1AE3-E02C-49D9-AFBE-57C1FE893112}.Debug|Any CPU.ActiveCfg = Debug|Any CPU
		{6D8D1AE3-E02C-49D9-AFBE-57C1FE893112}.Debug|Any CPU.Build.0 = Debug|Any CPU
		{6D8D1AE3-E02C-49D9-AFBE-57C1FE893112}.Debug|x64.ActiveCfg = Debug|Any CPU
		{6D8D1AE3-E02C-49D9-AFBE-57C1FE893112}.Debug|x64.Build.0 = Debug|Any CPU
		{6D8D1AE3-E02C-49D9-AFBE-57C1FE893112}.Release 2.0|Any CPU.ActiveCfg = Release|Any CPU
		{6D8D1AE3-E02C-49D9-AFBE-57C1FE893112}.Release 2.0|Any CPU.Build.0 = Release|Any CPU
		{6D8D1AE3-E02C-49D9-AFBE-57C1FE893112}.Release 2.0|x64.ActiveCfg = Release|Any CPU
		{6D8D1AE3-E02C-49D9-AFBE-57C1FE893112}.Release 2.0|x64.Build.0 = Release|Any CPU
		{6D8D1AE3-E02C-49D9-AFBE-57C1FE893112}.Release 4.5|Any CPU.ActiveCfg = Release|Any CPU
		{6D8D1AE3-E02C-49D9-AFBE-57C1FE893112}.Release 4.5|Any CPU.Build.0 = Release|Any CPU
		{6D8D1AE3-E02C-49D9-AFBE-57C1FE893112}.Release 4.5|x64.ActiveCfg = Release|Any CPU
		{6D8D1AE3-E02C-49D9-AFBE-57C1FE893112}.Release 4.5|x64.Build.0 = Release|Any CPU
		{6D8D1AE3-E02C-49D9-AFBE-57C1FE893112}.Release|Any CPU.ActiveCfg = Release|Any CPU
		{6D8D1AE3-E02C-49D9-AFBE-57C1FE893112}.Release|Any CPU.Build.0 = Release|Any CPU
		{6D8D1AE3-E02C-49D9-AFBE-57C1FE893112}.Release|x64.ActiveCfg = Release|Any CPU
		{6D8D1AE3-E02C-49D9-AFBE-57C1FE893112}.Release|x64.Build.0 = Release|Any CPU
		{FAD08CF5-E4F5-45DF-B711-02C1F6616E07}.Debug|Any CPU.ActiveCfg = Debug|Any CPU
		{FAD08CF5-E4F5-45DF-B711-02C1F6616E07}.Debug|Any CPU.Build.0 = Debug|Any CPU
		{FAD08CF5-E4F5-45DF-B711-02C1F6616E07}.Debug|x64.ActiveCfg = Debug|Any CPU
		{FAD08CF5-E4F5-45DF-B711-02C1F6616E07}.Debug|x64.Build.0 = Debug|Any CPU
		{FAD08CF5-E4F5-45DF-B711-02C1F6616E07}.Release 2.0|Any CPU.ActiveCfg = Release|Any CPU
		{FAD08CF5-E4F5-45DF-B711-02C1F6616E07}.Release 2.0|Any CPU.Build.0 = Release|Any CPU
		{FAD08CF5-E4F5-45DF-B711-02C1F6616E07}.Release 2.0|x64.ActiveCfg = Release|Any CPU
		{FAD08CF5-E4F5-45DF-B711-02C1F6616E07}.Release 2.0|x64.Build.0 = Release|Any CPU
		{FAD08CF5-E4F5-45DF-B711-02C1F6616E07}.Release 4.5|Any CPU.ActiveCfg = Release|Any CPU
		{FAD08CF5-E4F5-45DF-B711-02C1F6616E07}.Release 4.5|Any CPU.Build.0 = Release|Any CPU
		{FAD08CF5-E4F5-45DF-B711-02C1F6616E07}.Release 4.5|x64.ActiveCfg = Release|Any CPU
		{FAD08CF5-E4F5-45DF-B711-02C1F6616E07}.Release 4.5|x64.Build.0 = Release|Any CPU
		{FAD08CF5-E4F5-45DF-B711-02C1F6616E07}.Release|Any CPU.ActiveCfg = Release|Any CPU
		{FAD08CF5-E4F5-45DF-B711-02C1F6616E07}.Release|Any CPU.Build.0 = Release|Any CPU
		{FAD08CF5-E4F5-45DF-B711-02C1F6616E07}.Release|x64.ActiveCfg = Release|Any CPU
		{FAD08CF5-E4F5-45DF-B711-02C1F6616E07}.Release|x64.Build.0 = Release|Any CPU
		{7632CD9E-0287-4457-8006-2FB4BCFB2E32}.Debug|Any CPU.ActiveCfg = Debug|Any CPU
		{7632CD9E-0287-4457-8006-2FB4BCFB2E32}.Debug|Any CPU.Build.0 = Debug|Any CPU
		{7632CD9E-0287-4457-8006-2FB4BCFB2E32}.Debug|x64.ActiveCfg = Debug|Any CPU
		{7632CD9E-0287-4457-8006-2FB4BCFB2E32}.Debug|x64.Build.0 = Debug|Any CPU
		{7632CD9E-0287-4457-8006-2FB4BCFB2E32}.Release 2.0|Any CPU.ActiveCfg = Release|Any CPU
		{7632CD9E-0287-4457-8006-2FB4BCFB2E32}.Release 2.0|Any CPU.Build.0 = Release|Any CPU
		{7632CD9E-0287-4457-8006-2FB4BCFB2E32}.Release 2.0|x64.ActiveCfg = Release|Any CPU
		{7632CD9E-0287-4457-8006-2FB4BCFB2E32}.Release 2.0|x64.Build.0 = Release|Any CPU
		{7632CD9E-0287-4457-8006-2FB4BCFB2E32}.Release 4.5|Any CPU.ActiveCfg = Release|Any CPU
		{7632CD9E-0287-4457-8006-2FB4BCFB2E32}.Release 4.5|Any CPU.Build.0 = Release|Any CPU
		{7632CD9E-0287-4457-8006-2FB4BCFB2E32}.Release 4.5|x64.ActiveCfg = Release|Any CPU
		{7632CD9E-0287-4457-8006-2FB4BCFB2E32}.Release 4.5|x64.Build.0 = Release|Any CPU
		{7632CD9E-0287-4457-8006-2FB4BCFB2E32}.Release|Any CPU.ActiveCfg = Release|Any CPU
		{7632CD9E-0287-4457-8006-2FB4BCFB2E32}.Release|Any CPU.Build.0 = Release|Any CPU
		{7632CD9E-0287-4457-8006-2FB4BCFB2E32}.Release|x64.ActiveCfg = Release|Any CPU
		{7632CD9E-0287-4457-8006-2FB4BCFB2E32}.Release|x64.Build.0 = Release|Any CPU
		{84837A1C-69D4-493E-B0DB-0CD4E7180FCD}.Debug|Any CPU.ActiveCfg = Debug|Any CPU
		{84837A1C-69D4-493E-B0DB-0CD4E7180FCD}.Debug|Any CPU.Build.0 = Debug|Any CPU
		{84837A1C-69D4-493E-B0DB-0CD4E7180FCD}.Debug|x64.ActiveCfg = Debug|Any CPU
		{84837A1C-69D4-493E-B0DB-0CD4E7180FCD}.Debug|x64.Build.0 = Debug|Any CPU
		{84837A1C-69D4-493E-B0DB-0CD4E7180FCD}.Release 2.0|Any CPU.ActiveCfg = Release|Any CPU
		{84837A1C-69D4-493E-B0DB-0CD4E7180FCD}.Release 2.0|Any CPU.Build.0 = Release|Any CPU
		{84837A1C-69D4-493E-B0DB-0CD4E7180FCD}.Release 2.0|x64.ActiveCfg = Release|Any CPU
		{84837A1C-69D4-493E-B0DB-0CD4E7180FCD}.Release 2.0|x64.Build.0 = Release|Any CPU
		{84837A1C-69D4-493E-B0DB-0CD4E7180FCD}.Release 4.5|Any CPU.ActiveCfg = Release|Any CPU
		{84837A1C-69D4-493E-B0DB-0CD4E7180FCD}.Release 4.5|Any CPU.Build.0 = Release|Any CPU
		{84837A1C-69D4-493E-B0DB-0CD4E7180FCD}.Release 4.5|x64.ActiveCfg = Release|Any CPU
		{84837A1C-69D4-493E-B0DB-0CD4E7180FCD}.Release 4.5|x64.Build.0 = Release|Any CPU
		{84837A1C-69D4-493E-B0DB-0CD4E7180FCD}.Release|Any CPU.ActiveCfg = Release|Any CPU
		{84837A1C-69D4-493E-B0DB-0CD4E7180FCD}.Release|Any CPU.Build.0 = Release|Any CPU
		{84837A1C-69D4-493E-B0DB-0CD4E7180FCD}.Release|x64.ActiveCfg = Release|Any CPU
		{84837A1C-69D4-493E-B0DB-0CD4E7180FCD}.Release|x64.Build.0 = Release|Any CPU
		{905589D4-F2FA-4525-AAE8-065BEFB0F4EB}.Debug|Any CPU.ActiveCfg = Debug|Any CPU
		{905589D4-F2FA-4525-AAE8-065BEFB0F4EB}.Debug|Any CPU.Build.0 = Debug|Any CPU
		{905589D4-F2FA-4525-AAE8-065BEFB0F4EB}.Debug|x64.ActiveCfg = Debug|Any CPU
		{905589D4-F2FA-4525-AAE8-065BEFB0F4EB}.Debug|x64.Build.0 = Debug|Any CPU
		{905589D4-F2FA-4525-AAE8-065BEFB0F4EB}.Release 2.0|Any CPU.ActiveCfg = Release|Any CPU
		{905589D4-F2FA-4525-AAE8-065BEFB0F4EB}.Release 2.0|Any CPU.Build.0 = Release|Any CPU
		{905589D4-F2FA-4525-AAE8-065BEFB0F4EB}.Release 2.0|x64.ActiveCfg = Release|Any CPU
		{905589D4-F2FA-4525-AAE8-065BEFB0F4EB}.Release 2.0|x64.Build.0 = Release|Any CPU
		{905589D4-F2FA-4525-AAE8-065BEFB0F4EB}.Release 4.5|Any CPU.ActiveCfg = Release|Any CPU
		{905589D4-F2FA-4525-AAE8-065BEFB0F4EB}.Release 4.5|Any CPU.Build.0 = Release|Any CPU
		{905589D4-F2FA-4525-AAE8-065BEFB0F4EB}.Release 4.5|x64.ActiveCfg = Release|Any CPU
		{905589D4-F2FA-4525-AAE8-065BEFB0F4EB}.Release 4.5|x64.Build.0 = Release|Any CPU
		{905589D4-F2FA-4525-AAE8-065BEFB0F4EB}.Release|Any CPU.ActiveCfg = Release|Any CPU
		{905589D4-F2FA-4525-AAE8-065BEFB0F4EB}.Release|Any CPU.Build.0 = Release|Any CPU
		{905589D4-F2FA-4525-AAE8-065BEFB0F4EB}.Release|x64.ActiveCfg = Release|Any CPU
		{905589D4-F2FA-4525-AAE8-065BEFB0F4EB}.Release|x64.Build.0 = Release|Any CPU
		{BA787793-9FA7-44E3-BD1D-03AAB8AFBEA5}.Debug|Any CPU.ActiveCfg = Debug|Any CPU
		{BA787793-9FA7-44E3-BD1D-03AAB8AFBEA5}.Debug|Any CPU.Build.0 = Debug|Any CPU
		{BA787793-9FA7-44E3-BD1D-03AAB8AFBEA5}.Debug|x64.ActiveCfg = Debug|Any CPU
		{BA787793-9FA7-44E3-BD1D-03AAB8AFBEA5}.Debug|x64.Build.0 = Debug|Any CPU
		{BA787793-9FA7-44E3-BD1D-03AAB8AFBEA5}.Release 2.0|Any CPU.ActiveCfg = Release|Any CPU
		{BA787793-9FA7-44E3-BD1D-03AAB8AFBEA5}.Release 2.0|Any CPU.Build.0 = Release|Any CPU
		{BA787793-9FA7-44E3-BD1D-03AAB8AFBEA5}.Release 2.0|x64.ActiveCfg = Release|Any CPU
		{BA787793-9FA7-44E3-BD1D-03AAB8AFBEA5}.Release 2.0|x64.Build.0 = Release|Any CPU
		{BA787793-9FA7-44E3-BD1D-03AAB8AFBEA5}.Release 4.5|Any CPU.ActiveCfg = Release|Any CPU
		{BA787793-9FA7-44E3-BD1D-03AAB8AFBEA5}.Release 4.5|Any CPU.Build.0 = Release|Any CPU
		{BA787793-9FA7-44E3-BD1D-03AAB8AFBEA5}.Release 4.5|x64.ActiveCfg = Release|Any CPU
		{BA787793-9FA7-44E3-BD1D-03AAB8AFBEA5}.Release 4.5|x64.Build.0 = Release|Any CPU
		{BA787793-9FA7-44E3-BD1D-03AAB8AFBEA5}.Release|Any CPU.ActiveCfg = Release|Any CPU
		{BA787793-9FA7-44E3-BD1D-03AAB8AFBEA5}.Release|Any CPU.Build.0 = Release|Any CPU
		{BA787793-9FA7-44E3-BD1D-03AAB8AFBEA5}.Release|x64.ActiveCfg = Release|Any CPU
		{BA787793-9FA7-44E3-BD1D-03AAB8AFBEA5}.Release|x64.Build.0 = Release|Any CPU
		{DD32F8B2-3448-4766-BDEB-449EC9661AD8}.Debug|Any CPU.ActiveCfg = Debug|Any CPU
		{DD32F8B2-3448-4766-BDEB-449EC9661AD8}.Debug|Any CPU.Build.0 = Debug|Any CPU
		{DD32F8B2-3448-4766-BDEB-449EC9661AD8}.Debug|x64.ActiveCfg = Debug|Any CPU
		{DD32F8B2-3448-4766-BDEB-449EC9661AD8}.Debug|x64.Build.0 = Debug|Any CPU
		{DD32F8B2-3448-4766-BDEB-449EC9661AD8}.Release 2.0|Any CPU.ActiveCfg = Release|Any CPU
		{DD32F8B2-3448-4766-BDEB-449EC9661AD8}.Release 2.0|Any CPU.Build.0 = Release|Any CPU
		{DD32F8B2-3448-4766-BDEB-449EC9661AD8}.Release 2.0|x64.ActiveCfg = Release|Any CPU
		{DD32F8B2-3448-4766-BDEB-449EC9661AD8}.Release 2.0|x64.Build.0 = Release|Any CPU
		{DD32F8B2-3448-4766-BDEB-449EC9661AD8}.Release 4.5|Any CPU.ActiveCfg = Release|Any CPU
		{DD32F8B2-3448-4766-BDEB-449EC9661AD8}.Release 4.5|Any CPU.Build.0 = Release|Any CPU
		{DD32F8B2-3448-4766-BDEB-449EC9661AD8}.Release 4.5|x64.ActiveCfg = Release|Any CPU
		{DD32F8B2-3448-4766-BDEB-449EC9661AD8}.Release 4.5|x64.Build.0 = Release|Any CPU
		{DD32F8B2-3448-4766-BDEB-449EC9661AD8}.Release|Any CPU.ActiveCfg = Release|Any CPU
		{DD32F8B2-3448-4766-BDEB-449EC9661AD8}.Release|Any CPU.Build.0 = Release|Any CPU
		{DD32F8B2-3448-4766-BDEB-449EC9661AD8}.Release|x64.ActiveCfg = Release|Any CPU
		{DD32F8B2-3448-4766-BDEB-449EC9661AD8}.Release|x64.Build.0 = Release|Any CPU
		{E5D7B458-F9B1-4B63-8205-C7A5E3A22EFE}.Debug|Any CPU.ActiveCfg = Debug|Any CPU
		{E5D7B458-F9B1-4B63-8205-C7A5E3A22EFE}.Debug|Any CPU.Build.0 = Debug|Any CPU
		{E5D7B458-F9B1-4B63-8205-C7A5E3A22EFE}.Debug|x64.ActiveCfg = Debug|Any CPU
		{E5D7B458-F9B1-4B63-8205-C7A5E3A22EFE}.Debug|x64.Build.0 = Debug|Any CPU
		{E5D7B458-F9B1-4B63-8205-C7A5E3A22EFE}.Release 2.0|Any CPU.ActiveCfg = Release|Any CPU
		{E5D7B458-F9B1-4B63-8205-C7A5E3A22EFE}.Release 2.0|Any CPU.Build.0 = Release|Any CPU
		{E5D7B458-F9B1-4B63-8205-C7A5E3A22EFE}.Release 2.0|x64.ActiveCfg = Release|Any CPU
		{E5D7B458-F9B1-4B63-8205-C7A5E3A22EFE}.Release 2.0|x64.Build.0 = Release|Any CPU
		{E5D7B458-F9B1-4B63-8205-C7A5E3A22EFE}.Release 4.5|Any CPU.ActiveCfg = Release|Any CPU
		{E5D7B458-F9B1-4B63-8205-C7A5E3A22EFE}.Release 4.5|Any CPU.Build.0 = Release|Any CPU
		{E5D7B458-F9B1-4B63-8205-C7A5E3A22EFE}.Release 4.5|x64.ActiveCfg = Release|Any CPU
		{E5D7B458-F9B1-4B63-8205-C7A5E3A22EFE}.Release 4.5|x64.Build.0 = Release|Any CPU
		{E5D7B458-F9B1-4B63-8205-C7A5E3A22EFE}.Release|Any CPU.ActiveCfg = Release|Any CPU
		{E5D7B458-F9B1-4B63-8205-C7A5E3A22EFE}.Release|Any CPU.Build.0 = Release|Any CPU
		{E5D7B458-F9B1-4B63-8205-C7A5E3A22EFE}.Release|x64.ActiveCfg = Release|Any CPU
		{E5D7B458-F9B1-4B63-8205-C7A5E3A22EFE}.Release|x64.Build.0 = Release|Any CPU
		{A7A0B6BA-0C9A-48BD-B56A-09A5B737E4F1}.Debug|Any CPU.ActiveCfg = Debug|Any CPU
		{A7A0B6BA-0C9A-48BD-B56A-09A5B737E4F1}.Debug|Any CPU.Build.0 = Debug|Any CPU
		{A7A0B6BA-0C9A-48BD-B56A-09A5B737E4F1}.Debug|x64.ActiveCfg = Debug|Any CPU
		{A7A0B6BA-0C9A-48BD-B56A-09A5B737E4F1}.Debug|x64.Build.0 = Debug|Any CPU
		{A7A0B6BA-0C9A-48BD-B56A-09A5B737E4F1}.Release 2.0|Any CPU.ActiveCfg = Release|Any CPU
		{A7A0B6BA-0C9A-48BD-B56A-09A5B737E4F1}.Release 2.0|Any CPU.Build.0 = Release|Any CPU
		{A7A0B6BA-0C9A-48BD-B56A-09A5B737E4F1}.Release 2.0|x64.ActiveCfg = Release|Any CPU
		{A7A0B6BA-0C9A-48BD-B56A-09A5B737E4F1}.Release 2.0|x64.Build.0 = Release|Any CPU
		{A7A0B6BA-0C9A-48BD-B56A-09A5B737E4F1}.Release 4.5|Any CPU.ActiveCfg = Release|Any CPU
		{A7A0B6BA-0C9A-48BD-B56A-09A5B737E4F1}.Release 4.5|Any CPU.Build.0 = Release|Any CPU
		{A7A0B6BA-0C9A-48BD-B56A-09A5B737E4F1}.Release 4.5|x64.ActiveCfg = Release|Any CPU
		{A7A0B6BA-0C9A-48BD-B56A-09A5B737E4F1}.Release 4.5|x64.Build.0 = Release|Any CPU
		{A7A0B6BA-0C9A-48BD-B56A-09A5B737E4F1}.Release|Any CPU.ActiveCfg = Release|Any CPU
		{A7A0B6BA-0C9A-48BD-B56A-09A5B737E4F1}.Release|Any CPU.Build.0 = Release|Any CPU
		{A7A0B6BA-0C9A-48BD-B56A-09A5B737E4F1}.Release|x64.ActiveCfg = Release|Any CPU
		{A7A0B6BA-0C9A-48BD-B56A-09A5B737E4F1}.Release|x64.Build.0 = Release|Any CPU
		{B93432B0-2BE3-4153-B553-BA0E6B8518ED}.Debug|Any CPU.ActiveCfg = Debug|Any CPU
		{B93432B0-2BE3-4153-B553-BA0E6B8518ED}.Debug|Any CPU.Build.0 = Debug|Any CPU
		{B93432B0-2BE3-4153-B553-BA0E6B8518ED}.Debug|x64.ActiveCfg = Debug|Any CPU
		{B93432B0-2BE3-4153-B553-BA0E6B8518ED}.Debug|x64.Build.0 = Debug|Any CPU
		{B93432B0-2BE3-4153-B553-BA0E6B8518ED}.Release 2.0|Any CPU.ActiveCfg = Release|Any CPU
		{B93432B0-2BE3-4153-B553-BA0E6B8518ED}.Release 2.0|Any CPU.Build.0 = Release|Any CPU
		{B93432B0-2BE3-4153-B553-BA0E6B8518ED}.Release 2.0|x64.ActiveCfg = Release|Any CPU
		{B93432B0-2BE3-4153-B553-BA0E6B8518ED}.Release 2.0|x64.Build.0 = Release|Any CPU
		{B93432B0-2BE3-4153-B553-BA0E6B8518ED}.Release 4.5|Any CPU.ActiveCfg = Release|Any CPU
		{B93432B0-2BE3-4153-B553-BA0E6B8518ED}.Release 4.5|Any CPU.Build.0 = Release|Any CPU
		{B93432B0-2BE3-4153-B553-BA0E6B8518ED}.Release 4.5|x64.ActiveCfg = Release|Any CPU
		{B93432B0-2BE3-4153-B553-BA0E6B8518ED}.Release 4.5|x64.Build.0 = Release|Any CPU
		{B93432B0-2BE3-4153-B553-BA0E6B8518ED}.Release|Any CPU.ActiveCfg = Release|Any CPU
		{B93432B0-2BE3-4153-B553-BA0E6B8518ED}.Release|Any CPU.Build.0 = Release|Any CPU
		{B93432B0-2BE3-4153-B553-BA0E6B8518ED}.Release|x64.ActiveCfg = Release|Any CPU
		{B93432B0-2BE3-4153-B553-BA0E6B8518ED}.Release|x64.Build.0 = Release|Any CPU
		{6600C6BF-443A-4B4B-9D7D-0A01CC5064CD}.Debug|Any CPU.ActiveCfg = Debug|Any CPU
		{6600C6BF-443A-4B4B-9D7D-0A01CC5064CD}.Debug|Any CPU.Build.0 = Debug|Any CPU
		{6600C6BF-443A-4B4B-9D7D-0A01CC5064CD}.Debug|x64.ActiveCfg = Debug|Any CPU
		{6600C6BF-443A-4B4B-9D7D-0A01CC5064CD}.Debug|x64.Build.0 = Debug|Any CPU
		{6600C6BF-443A-4B4B-9D7D-0A01CC5064CD}.Release 2.0|Any CPU.ActiveCfg = Release|Any CPU
		{6600C6BF-443A-4B4B-9D7D-0A01CC5064CD}.Release 2.0|Any CPU.Build.0 = Release|Any CPU
		{6600C6BF-443A-4B4B-9D7D-0A01CC5064CD}.Release 2.0|x64.ActiveCfg = Release|Any CPU
		{6600C6BF-443A-4B4B-9D7D-0A01CC5064CD}.Release 2.0|x64.Build.0 = Release|Any CPU
		{6600C6BF-443A-4B4B-9D7D-0A01CC5064CD}.Release 4.5|Any CPU.ActiveCfg = Release|Any CPU
		{6600C6BF-443A-4B4B-9D7D-0A01CC5064CD}.Release 4.5|Any CPU.Build.0 = Release|Any CPU
		{6600C6BF-443A-4B4B-9D7D-0A01CC5064CD}.Release 4.5|x64.ActiveCfg = Release|Any CPU
		{6600C6BF-443A-4B4B-9D7D-0A01CC5064CD}.Release 4.5|x64.Build.0 = Release|Any CPU
		{6600C6BF-443A-4B4B-9D7D-0A01CC5064CD}.Release|Any CPU.ActiveCfg = Release|Any CPU
		{6600C6BF-443A-4B4B-9D7D-0A01CC5064CD}.Release|Any CPU.Build.0 = Release|Any CPU
		{6600C6BF-443A-4B4B-9D7D-0A01CC5064CD}.Release|x64.ActiveCfg = Release|Any CPU
		{6600C6BF-443A-4B4B-9D7D-0A01CC5064CD}.Release|x64.Build.0 = Release|Any CPU
		{1531C1EA-BD53-41D1-A34B-CFCDF79D2651}.Debug|Any CPU.ActiveCfg = Debug|Any CPU
		{1531C1EA-BD53-41D1-A34B-CFCDF79D2651}.Debug|Any CPU.Build.0 = Debug|Any CPU
		{1531C1EA-BD53-41D1-A34B-CFCDF79D2651}.Debug|x64.ActiveCfg = Debug|Any CPU
		{1531C1EA-BD53-41D1-A34B-CFCDF79D2651}.Debug|x64.Build.0 = Debug|Any CPU
		{1531C1EA-BD53-41D1-A34B-CFCDF79D2651}.Release 2.0|Any CPU.ActiveCfg = Release 2.0|Any CPU
		{1531C1EA-BD53-41D1-A34B-CFCDF79D2651}.Release 2.0|Any CPU.Build.0 = Release 2.0|Any CPU
		{1531C1EA-BD53-41D1-A34B-CFCDF79D2651}.Release 2.0|x64.ActiveCfg = Release 2.0|Any CPU
		{1531C1EA-BD53-41D1-A34B-CFCDF79D2651}.Release 2.0|x64.Build.0 = Release 2.0|Any CPU
		{1531C1EA-BD53-41D1-A34B-CFCDF79D2651}.Release 4.5|Any CPU.ActiveCfg = Release 4.5|Any CPU
		{1531C1EA-BD53-41D1-A34B-CFCDF79D2651}.Release 4.5|Any CPU.Build.0 = Release 4.5|Any CPU
		{1531C1EA-BD53-41D1-A34B-CFCDF79D2651}.Release 4.5|x64.ActiveCfg = Release 4.5|Any CPU
		{1531C1EA-BD53-41D1-A34B-CFCDF79D2651}.Release 4.5|x64.Build.0 = Release 4.5|Any CPU
		{1531C1EA-BD53-41D1-A34B-CFCDF79D2651}.Release|Any CPU.ActiveCfg = Release|Any CPU
		{1531C1EA-BD53-41D1-A34B-CFCDF79D2651}.Release|Any CPU.Build.0 = Release|Any CPU
		{1531C1EA-BD53-41D1-A34B-CFCDF79D2651}.Release|x64.ActiveCfg = Release|Any CPU
		{1531C1EA-BD53-41D1-A34B-CFCDF79D2651}.Release|x64.Build.0 = Release|Any CPU
		{391327DD-0E7F-4E87-82E1-63038919A4A2}.Debug|Any CPU.ActiveCfg = Debug|Any CPU
		{391327DD-0E7F-4E87-82E1-63038919A4A2}.Debug|Any CPU.Build.0 = Debug|Any CPU
		{391327DD-0E7F-4E87-82E1-63038919A4A2}.Debug|x64.ActiveCfg = Debug|Any CPU
		{391327DD-0E7F-4E87-82E1-63038919A4A2}.Debug|x64.Build.0 = Debug|Any CPU
		{391327DD-0E7F-4E87-82E1-63038919A4A2}.Release 2.0|Any CPU.ActiveCfg = Release|Any CPU
		{391327DD-0E7F-4E87-82E1-63038919A4A2}.Release 2.0|Any CPU.Build.0 = Release|Any CPU
		{391327DD-0E7F-4E87-82E1-63038919A4A2}.Release 2.0|x64.ActiveCfg = Release|Any CPU
		{391327DD-0E7F-4E87-82E1-63038919A4A2}.Release 2.0|x64.Build.0 = Release|Any CPU
		{391327DD-0E7F-4E87-82E1-63038919A4A2}.Release 4.5|Any CPU.ActiveCfg = Release|Any CPU
		{391327DD-0E7F-4E87-82E1-63038919A4A2}.Release 4.5|Any CPU.Build.0 = Release|Any CPU
		{391327DD-0E7F-4E87-82E1-63038919A4A2}.Release 4.5|x64.ActiveCfg = Release|Any CPU
		{391327DD-0E7F-4E87-82E1-63038919A4A2}.Release 4.5|x64.Build.0 = Release|Any CPU
		{391327DD-0E7F-4E87-82E1-63038919A4A2}.Release|Any CPU.ActiveCfg = Release|Any CPU
		{391327DD-0E7F-4E87-82E1-63038919A4A2}.Release|Any CPU.Build.0 = Release|Any CPU
		{391327DD-0E7F-4E87-82E1-63038919A4A2}.Release|x64.ActiveCfg = Release|Any CPU
		{391327DD-0E7F-4E87-82E1-63038919A4A2}.Release|x64.Build.0 = Release|Any CPU
		{051CBBF1-2303-44F5-B1E9-680ECAB2E3AF}.Debug|Any CPU.ActiveCfg = Debug|Any CPU
		{051CBBF1-2303-44F5-B1E9-680ECAB2E3AF}.Debug|Any CPU.Build.0 = Debug|Any CPU
		{051CBBF1-2303-44F5-B1E9-680ECAB2E3AF}.Debug|x64.ActiveCfg = Debug|Any CPU
		{051CBBF1-2303-44F5-B1E9-680ECAB2E3AF}.Debug|x64.Build.0 = Debug|Any CPU
		{051CBBF1-2303-44F5-B1E9-680ECAB2E3AF}.Release 2.0|Any CPU.ActiveCfg = Release|Any CPU
		{051CBBF1-2303-44F5-B1E9-680ECAB2E3AF}.Release 2.0|Any CPU.Build.0 = Release|Any CPU
		{051CBBF1-2303-44F5-B1E9-680ECAB2E3AF}.Release 2.0|x64.ActiveCfg = Release|Any CPU
		{051CBBF1-2303-44F5-B1E9-680ECAB2E3AF}.Release 2.0|x64.Build.0 = Release|Any CPU
		{051CBBF1-2303-44F5-B1E9-680ECAB2E3AF}.Release 4.5|Any CPU.ActiveCfg = Release|Any CPU
		{051CBBF1-2303-44F5-B1E9-680ECAB2E3AF}.Release 4.5|Any CPU.Build.0 = Release|Any CPU
		{051CBBF1-2303-44F5-B1E9-680ECAB2E3AF}.Release 4.5|x64.ActiveCfg = Release|Any CPU
		{051CBBF1-2303-44F5-B1E9-680ECAB2E3AF}.Release 4.5|x64.Build.0 = Release|Any CPU
		{051CBBF1-2303-44F5-B1E9-680ECAB2E3AF}.Release|Any CPU.ActiveCfg = Release|Any CPU
		{051CBBF1-2303-44F5-B1E9-680ECAB2E3AF}.Release|Any CPU.Build.0 = Release|Any CPU
		{051CBBF1-2303-44F5-B1E9-680ECAB2E3AF}.Release|x64.ActiveCfg = Release|Any CPU
		{051CBBF1-2303-44F5-B1E9-680ECAB2E3AF}.Release|x64.Build.0 = Release|Any CPU
		{B1A5162F-2C4D-4775-B4FA-131FA262BFA2}.Debug|Any CPU.ActiveCfg = Debug|Any CPU
		{B1A5162F-2C4D-4775-B4FA-131FA262BFA2}.Debug|Any CPU.Build.0 = Debug|Any CPU
		{B1A5162F-2C4D-4775-B4FA-131FA262BFA2}.Debug|x64.ActiveCfg = Debug|Any CPU
		{B1A5162F-2C4D-4775-B4FA-131FA262BFA2}.Debug|x64.Build.0 = Debug|Any CPU
		{B1A5162F-2C4D-4775-B4FA-131FA262BFA2}.Release 2.0|Any CPU.ActiveCfg = Release|Any CPU
		{B1A5162F-2C4D-4775-B4FA-131FA262BFA2}.Release 2.0|Any CPU.Build.0 = Release|Any CPU
		{B1A5162F-2C4D-4775-B4FA-131FA262BFA2}.Release 2.0|x64.ActiveCfg = Release|Any CPU
		{B1A5162F-2C4D-4775-B4FA-131FA262BFA2}.Release 2.0|x64.Build.0 = Release|Any CPU
		{B1A5162F-2C4D-4775-B4FA-131FA262BFA2}.Release 4.5|Any CPU.ActiveCfg = Release|Any CPU
		{B1A5162F-2C4D-4775-B4FA-131FA262BFA2}.Release 4.5|Any CPU.Build.0 = Release|Any CPU
		{B1A5162F-2C4D-4775-B4FA-131FA262BFA2}.Release 4.5|x64.ActiveCfg = Release|Any CPU
		{B1A5162F-2C4D-4775-B4FA-131FA262BFA2}.Release 4.5|x64.Build.0 = Release|Any CPU
		{B1A5162F-2C4D-4775-B4FA-131FA262BFA2}.Release|Any CPU.ActiveCfg = Release|Any CPU
		{B1A5162F-2C4D-4775-B4FA-131FA262BFA2}.Release|Any CPU.Build.0 = Release|Any CPU
		{B1A5162F-2C4D-4775-B4FA-131FA262BFA2}.Release|x64.ActiveCfg = Release|Any CPU
		{B1A5162F-2C4D-4775-B4FA-131FA262BFA2}.Release|x64.Build.0 = Release|Any CPU
		{C867920B-0D2A-4A21-815C-95F1F6CEA067}.Debug|Any CPU.ActiveCfg = Debug|Any CPU
		{C867920B-0D2A-4A21-815C-95F1F6CEA067}.Debug|Any CPU.Build.0 = Debug|Any CPU
		{C867920B-0D2A-4A21-815C-95F1F6CEA067}.Debug|x64.ActiveCfg = Debug|Any CPU
		{C867920B-0D2A-4A21-815C-95F1F6CEA067}.Debug|x64.Build.0 = Debug|Any CPU
		{C867920B-0D2A-4A21-815C-95F1F6CEA067}.Release 2.0|Any CPU.ActiveCfg = Release|Any CPU
		{C867920B-0D2A-4A21-815C-95F1F6CEA067}.Release 2.0|Any CPU.Build.0 = Release|Any CPU
		{C867920B-0D2A-4A21-815C-95F1F6CEA067}.Release 2.0|x64.ActiveCfg = Release|Any CPU
		{C867920B-0D2A-4A21-815C-95F1F6CEA067}.Release 2.0|x64.Build.0 = Release|Any CPU
		{C867920B-0D2A-4A21-815C-95F1F6CEA067}.Release 4.5|Any CPU.ActiveCfg = Release|Any CPU
		{C867920B-0D2A-4A21-815C-95F1F6CEA067}.Release 4.5|Any CPU.Build.0 = Release|Any CPU
		{C867920B-0D2A-4A21-815C-95F1F6CEA067}.Release 4.5|x64.ActiveCfg = Release|Any CPU
		{C867920B-0D2A-4A21-815C-95F1F6CEA067}.Release 4.5|x64.Build.0 = Release|Any CPU
		{C867920B-0D2A-4A21-815C-95F1F6CEA067}.Release|Any CPU.ActiveCfg = Release|Any CPU
		{C867920B-0D2A-4A21-815C-95F1F6CEA067}.Release|Any CPU.Build.0 = Release|Any CPU
		{C867920B-0D2A-4A21-815C-95F1F6CEA067}.Release|x64.ActiveCfg = Release|Any CPU
		{C867920B-0D2A-4A21-815C-95F1F6CEA067}.Release|x64.Build.0 = Release|Any CPU
		{A06EEC6B-9DFE-44FF-9BE0-DC27F93C2125}.Debug|Any CPU.ActiveCfg = Debug|Any CPU
		{A06EEC6B-9DFE-44FF-9BE0-DC27F93C2125}.Debug|Any CPU.Build.0 = Debug|Any CPU
		{A06EEC6B-9DFE-44FF-9BE0-DC27F93C2125}.Debug|x64.ActiveCfg = Debug|Any CPU
		{A06EEC6B-9DFE-44FF-9BE0-DC27F93C2125}.Debug|x64.Build.0 = Debug|Any CPU
		{A06EEC6B-9DFE-44FF-9BE0-DC27F93C2125}.Release 2.0|Any CPU.ActiveCfg = Release|Any CPU
		{A06EEC6B-9DFE-44FF-9BE0-DC27F93C2125}.Release 2.0|Any CPU.Build.0 = Release|Any CPU
		{A06EEC6B-9DFE-44FF-9BE0-DC27F93C2125}.Release 2.0|x64.ActiveCfg = Release|Any CPU
		{A06EEC6B-9DFE-44FF-9BE0-DC27F93C2125}.Release 2.0|x64.Build.0 = Release|Any CPU
		{A06EEC6B-9DFE-44FF-9BE0-DC27F93C2125}.Release 4.5|Any CPU.ActiveCfg = Release|Any CPU
		{A06EEC6B-9DFE-44FF-9BE0-DC27F93C2125}.Release 4.5|Any CPU.Build.0 = Release|Any CPU
		{A06EEC6B-9DFE-44FF-9BE0-DC27F93C2125}.Release 4.5|x64.ActiveCfg = Release|Any CPU
		{A06EEC6B-9DFE-44FF-9BE0-DC27F93C2125}.Release 4.5|x64.Build.0 = Release|Any CPU
		{A06EEC6B-9DFE-44FF-9BE0-DC27F93C2125}.Release|Any CPU.ActiveCfg = Release|Any CPU
		{A06EEC6B-9DFE-44FF-9BE0-DC27F93C2125}.Release|Any CPU.Build.0 = Release|Any CPU
		{A06EEC6B-9DFE-44FF-9BE0-DC27F93C2125}.Release|x64.ActiveCfg = Release|Any CPU
		{A06EEC6B-9DFE-44FF-9BE0-DC27F93C2125}.Release|x64.Build.0 = Release|Any CPU
	EndGlobalSection
	GlobalSection(SolutionProperties) = preSolution
		HideSolutionNode = FALSE
	EndGlobalSection
	GlobalSection(NestedProjects) = preSolution
		{DED134FC-C282-49C9-BA02-3CE6257E91FC} = {9DCFA5AD-5AEB-40F3-A64F-98B2303A2F55}
		{7B0A086F-A9BD-4C4C-8B65-B092C2C5A290} = {D68288C4-C2AE-491F-AD06-5365997E6119}
		{89D33DD9-B942-413A-9C7B-9768F0202874} = {D68288C4-C2AE-491F-AD06-5365997E6119}
		{D68288C4-C2AE-491F-AD06-5365997E6119} = {9DCFA5AD-5AEB-40F3-A64F-98B2303A2F55}
		{BC369001-2EC8-4ACA-AFF7-721D49555C4D} = {D68288C4-C2AE-491F-AD06-5365997E6119}
		{CDD2B6AC-9DFD-48EF-A857-BB12F0F788A0} = {D68288C4-C2AE-491F-AD06-5365997E6119}
		{3F6A7513-45F2-4FE7-9EBB-4A9939DBC538} = {D68288C4-C2AE-491F-AD06-5365997E6119}
		{1042F0E5-E658-469E-BC76-90641523B350} = {9DCFA5AD-5AEB-40F3-A64F-98B2303A2F55}
		{88C704DA-40FF-404C-936C-7BBDAC1FB0B0} = {1042F0E5-E658-469E-BC76-90641523B350}
		{B8EC5CC2-20F6-4B9D-8D3A-E54E804D1E1B} = {9DCFA5AD-5AEB-40F3-A64F-98B2303A2F55}
		{247B6F91-8562-4CAE-AA4E-3A148637C774} = {DDC247EF-BEBA-4A15-A345-5A02D1663B0F}
		{4C034D36-8206-4825-B7F1-696B098DE624} = {DDC247EF-BEBA-4A15-A345-5A02D1663B0F}
		{BB015C2E-3F3F-4E08-89DF-F7AC9FF2B4FB} = {DDC247EF-BEBA-4A15-A345-5A02D1663B0F}
		{608A56A3-12F4-4044-8BCC-A015E9216425} = {9DCFA5AD-5AEB-40F3-A64F-98B2303A2F55}
		{CBB0C9AF-11DB-4D48-991A-F7504CF2944D} = {1042F0E5-E658-469E-BC76-90641523B350}
		{DBD2480D-2A48-479C-84A6-FE121C125359} = {1042F0E5-E658-469E-BC76-90641523B350}
		{90808A57-0462-4D92-94F8-DA95B7931895} = {9DCFA5AD-5AEB-40F3-A64F-98B2303A2F55}
		{7E9EAE4C-A5F7-4169-939F-22ACDA10C13E} = {937B4FE4-32E0-46A1-AC83-5C1A9B41C5E1}
		{937B4FE4-32E0-46A1-AC83-5C1A9B41C5E1} = {9DCFA5AD-5AEB-40F3-A64F-98B2303A2F55}
		{E0A10EEE-AB2F-4FD0-81F4-50FB59C35BA9} = {937B4FE4-32E0-46A1-AC83-5C1A9B41C5E1}
		{451451E0-C1F8-4D70-9006-7F853FA87B09} = {937B4FE4-32E0-46A1-AC83-5C1A9B41C5E1}
		{B1FFE862-6CC7-43DA-A5E9-9EA3A0D22CCC} = {9DCFA5AD-5AEB-40F3-A64F-98B2303A2F55}
		{D89AFC58-52A9-41F5-9C44-4F429FA530BB} = {B1FFE862-6CC7-43DA-A5E9-9EA3A0D22CCC}
		{18171639-BB8F-4AF0-98D7-6C5FA2A9BB84} = {DDC247EF-BEBA-4A15-A345-5A02D1663B0F}
		{A5DA1097-A537-49DC-8904-94A334C908AF} = {699940D9-5E6A-4613-8C6F-33E694A99B01}
		{699940D9-5E6A-4613-8C6F-33E694A99B01} = {9DCFA5AD-5AEB-40F3-A64F-98B2303A2F55}
		{6D8D1AE3-E02C-49D9-AFBE-57C1FE893112} = {699940D9-5E6A-4613-8C6F-33E694A99B01}
		{FAD08CF5-E4F5-45DF-B711-02C1F6616E07} = {699940D9-5E6A-4613-8C6F-33E694A99B01}
		{7632CD9E-0287-4457-8006-2FB4BCFB2E32} = {699940D9-5E6A-4613-8C6F-33E694A99B01}
		{84837A1C-69D4-493E-B0DB-0CD4E7180FCD} = {699940D9-5E6A-4613-8C6F-33E694A99B01}
		{905589D4-F2FA-4525-AAE8-065BEFB0F4EB} = {699940D9-5E6A-4613-8C6F-33E694A99B01}
		{BA787793-9FA7-44E3-BD1D-03AAB8AFBEA5} = {699940D9-5E6A-4613-8C6F-33E694A99B01}
		{DD32F8B2-3448-4766-BDEB-449EC9661AD8} = {699940D9-5E6A-4613-8C6F-33E694A99B01}
		{E5D7B458-F9B1-4B63-8205-C7A5E3A22EFE} = {699940D9-5E6A-4613-8C6F-33E694A99B01}
		{A7A0B6BA-0C9A-48BD-B56A-09A5B737E4F1} = {699940D9-5E6A-4613-8C6F-33E694A99B01}
		{B93432B0-2BE3-4153-B553-BA0E6B8518ED} = {9DCFA5AD-5AEB-40F3-A64F-98B2303A2F55}
		{6600C6BF-443A-4B4B-9D7D-0A01CC5064CD} = {9DCFA5AD-5AEB-40F3-A64F-98B2303A2F55}
		{1531C1EA-BD53-41D1-A34B-CFCDF79D2651} = {9DCFA5AD-5AEB-40F3-A64F-98B2303A2F55}
		{391327DD-0E7F-4E87-82E1-63038919A4A2} = {9DCFA5AD-5AEB-40F3-A64F-98B2303A2F55}
		{051CBBF1-2303-44F5-B1E9-680ECAB2E3AF} = {9DCFA5AD-5AEB-40F3-A64F-98B2303A2F55}
		{B1A5162F-2C4D-4775-B4FA-131FA262BFA2} = {9DCFA5AD-5AEB-40F3-A64F-98B2303A2F55}
		{C867920B-0D2A-4A21-815C-95F1F6CEA067} = {9DCFA5AD-5AEB-40F3-A64F-98B2303A2F55}
	EndGlobalSection
	GlobalSection(ExtensibilityGlobals) = postSolution
		SolutionGuid = {144DF715-04F1-4885-B11F-8E8C6F15473C}
	EndGlobalSection
EndGlobal
