
Microsoft Visual Studio Solution File, Format Version 12.00
# Visual Studio Version 16
VisualStudioVersion = 16.0.29230.61
MinimumVisualStudioVersion = 10.0.40219.1
Project("{2150E333-8FDC-42A3-9474-1A3956D46DE8}") = "libs", "libs", "{E32A2EC2-F533-4EE1-AF9D-36E14489E94F}"
EndProject
Project("{2150E333-8FDC-42A3-9474-1A3956D46DE8}") = "CodeGen", "CodeGen", "{68887FC7-9B1D-4F12-AA15-AA0F792EB595}"
EndProject
Project("{9A19103F-16F7-4668-BE54-9A1E7A4F7556}") = "CodeGeneration.Roslyn.Attributes", "libs\CodeGeneration.Roslyn\src\CodeGeneration.Roslyn.Attributes\CodeGeneration.Roslyn.Attributes.csproj", "{A778DC76-AAF4-4809-B47F-E7BF5D462797}"
EndProject
Project("{9A19103F-16F7-4668-BE54-9A1E7A4F7556}") = "CodeGeneration.Roslyn", "libs\CodeGeneration.Roslyn\src\CodeGeneration.Roslyn\CodeGeneration.Roslyn.csproj", "{1E14EDD2-8DEA-4077-A76F-47BFCFBE36A6}"
EndProject
Project("{9A19103F-16F7-4668-BE54-9A1E7A4F7556}") = "CodeGeneration.Roslyn.Engine", "libs\CodeGeneration.Roslyn\src\CodeGeneration.Roslyn.Engine\CodeGeneration.Roslyn.Engine.csproj", "{85A397C6-B240-4D4A-8D7B-F62D2B5844A8}"
EndProject
Project("{9A19103F-16F7-4668-BE54-9A1E7A4F7556}") = "CodeGeneration.Roslyn.Tasks", "libs\CodeGeneration.Roslyn\src\CodeGeneration.Roslyn.Tasks\CodeGeneration.Roslyn.Tasks.csproj", "{3D928D36-FDC7-4744-A0BD-8677EF5DB9CB}"
EndProject
Project("{9A19103F-16F7-4668-BE54-9A1E7A4F7556}") = "CodeGeneration.Roslyn.Tool", "libs\CodeGeneration.Roslyn\src\CodeGeneration.Roslyn.Tool\CodeGeneration.Roslyn.Tool.csproj", "{69382144-48B2-4397-BEC9-0D208AB778BC}"
EndProject
Project("{2150E333-8FDC-42A3-9474-1A3956D46DE8}") = "Discord", "Discord", "{1B23E00E-4AC8-46D1-B722-AB56FC41B5FF}"
EndProject
Project("{9A19103F-16F7-4668-BE54-9A1E7A4F7556}") = "Discord.Net.Core", "libs\Discord.Net\src\Discord.Net.Core\Discord.Net.Core.csproj", "{10BF4149-3DC1-4383-AE45-9F8BC8F9D3C9}"
EndProject
Project("{9A19103F-16F7-4668-BE54-9A1E7A4F7556}") = "Discord.Net.Rest", "libs\Discord.Net\src\Discord.Net.Rest\Discord.Net.Rest.csproj", "{D7C5D151-F899-465F-9805-CDE3C44182DD}"
EndProject
Project("{9A19103F-16F7-4668-BE54-9A1E7A4F7556}") = "Discord.Net.WebSocket", "libs\Discord.Net\src\Discord.Net.WebSocket\Discord.Net.WebSocket.csproj", "{F58F957D-DA7C-45EB-9850-0BECA0A9239F}"
EndProject
Project("{2150E333-8FDC-42A3-9474-1A3956D46DE8}") = "Generators", "Generators", "{1621F8B8-DE62-48E7-8F19-4750FFEFA309}"
EndProject
Project("{9A19103F-16F7-4668-BE54-9A1E7A4F7556}") = "GenCore", "libs\GenCore\GenCore.csproj", "{A27FE68A-8188-452A-A736-2E423C5EA061}"
EndProject
Project("{9A19103F-16F7-4668-BE54-9A1E7A4F7556}") = "GenNet", "libs\GenNet\GenNet.csproj", "{058F07F6-3C13-4DB6-B275-D00FFCF3EFF1}"
EndProject
Project("{9A19103F-16F7-4668-BE54-9A1E7A4F7556}") = "GenCaseClass", "libs\GenCaseClass\GenCaseClass.csproj", "{3F5CC754-B880-4731-B67B-C1C28CD2699C}"
EndProject
Project("{9A19103F-16F7-4668-BE54-9A1E7A4F7556}") = "NetCore", "libs\NetCore\NetCore.csproj", "{4D974AA8-E75C-4954-9988-4DAB6F435DE7}"
EndProject
Project("{9A19103F-16F7-4668-BE54-9A1E7A4F7556}") = "SharpLib", "libs\SharpLib\SharpLib.csproj", "{8B60F319-FBE3-429E-85E4-BC6CFC09A456}"
EndProject
Project("{2150E333-8FDC-42A3-9474-1A3956D46DE8}") = "Logging", "Logging", "{37C16C90-7CF3-4096-884B-2A0B535848E2}"
EndProject
Project("{9A19103F-16F7-4668-BE54-9A1E7A4F7556}") = "Elasticsearch.Net", "libs\elasticsearch-net\src\Elasticsearch.Net\Elasticsearch.Net.csproj", "{A901F228-0B1D-4D55-AC00-5E11DE3ADA60}"
EndProject
Project("{9A19103F-16F7-4668-BE54-9A1E7A4F7556}") = "Ceras", "libs\Ceras\src\Ceras\Ceras.csproj", "{08EF3EA4-D03D-4BDC-9A13-DEB835A6758D}"
EndProject
Project("{9A19103F-16F7-4668-BE54-9A1E7A4F7556}") = "Entity", "libs\Entity\Entity.csproj", "{AE27B937-9159-4927-A851-D966B21CEECD}"
EndProject
Project("{9A19103F-16F7-4668-BE54-9A1E7A4F7556}") = "geometry3Sharp_netstandard", "libs\geometry3Sharp\geometry3Sharp_netstandard.csproj", "{373CC464-D6C3-463D-8A50-941EE3F1B742}"
EndProject
Project("{FAE04EC0-301F-11D3-BF4B-00C04F79EFBC}") = "Konsole", "libs\konsole\Konsole\Konsole.csproj", "{90808A57-0462-4D92-94F8-DA95B7931895}"
EndProject
Project("{9A19103F-16F7-4668-BE54-9A1E7A4F7556}") = "MathSharp", "libs\MathSharp\sources\MathSharp\MathSharp.csproj", "{B394DB96-1599-4A2F-8DED-8A14CA56F12B}"
EndProject
Project("{FAE04EC0-301F-11D3-BF4B-00C04F79EFBC}") = "Priority Queue", "libs\PriorityQueue\Priority Queue\Priority Queue.csproj", "{1531C1EA-BD53-41D1-A34B-CFCDF79D2651}"
EndProject
Project("{9A19103F-16F7-4668-BE54-9A1E7A4F7556}") = "Shielded", "libs\Shielded\Shielded\Shielded.csproj", "{6AA07FC6-7728-4D9D-AEAC-8975C56D3BE2}"
EndProject
Project("{9A19103F-16F7-4668-BE54-9A1E7A4F7556}") = "Shielded.Gossip", "libs\Shielded.Gossip\Shielded.Gossip\Shielded.Gossip.csproj", "{82677C5E-4EC2-43FA-90D4-2FE8A535EF94}"
EndProject
Project("{9A19103F-16F7-4668-BE54-9A1E7A4F7556}") = "WaveFunctionCollapse", "libs\WaveFunctionCollapse\WaveFunctionCollapse.csproj", "{51F569F6-6C4E-4231-B6D4-DE0216120553}"
EndProject
Project("{2150E333-8FDC-42A3-9474-1A3956D46DE8}") = "Tests", "Tests", "{27729DC4-DA9A-4776-8BAD-F4BB01871FDB}"
EndProject
Project("{2150E333-8FDC-42A3-9474-1A3956D46DE8}") = "Servers", "Servers", "{A2E9A615-2289-43D6-A189-A0DF254913E7}"
EndProject
Project("{9A19103F-16F7-4668-BE54-9A1E7A4F7556}") = "Services", "libs\Services\Services.csproj", "{9A13DD81-1442-4E66-8655-74F351089DA4}"
EndProject
Project("{9A19103F-16F7-4668-BE54-9A1E7A4F7556}") = "ServerOnCore", "apps\ServerOnCore\ServerOnCore.csproj", "{750542BB-8BC8-47E1-9009-827002D5BF03}"
EndProject
Project("{2150E333-8FDC-42A3-9474-1A3956D46DE8}") = "Core", "Core", "{1A9EE5B1-3146-44ED-86A8-B02FB27A674C}"
EndProject
Global
	GlobalSection(SolutionConfigurationPlatforms) = preSolution
		Debug|Any CPU = Debug|Any CPU
		Debug|x64 = Debug|x64
		Release 2.0|Any CPU = Release 2.0|Any CPU
		Release 2.0|x64 = Release 2.0|x64
		Release 4.5|Any CPU = Release 4.5|Any CPU
		Release 4.5|x64 = Release 4.5|x64
		Release|Any CPU = Release|Any CPU
		Release|x64 = Release|x64
	EndGlobalSection
	GlobalSection(ProjectConfigurationPlatforms) = postSolution
		{A778DC76-AAF4-4809-B47F-E7BF5D462797}.Debug|Any CPU.ActiveCfg = Debug|Any CPU
		{A778DC76-AAF4-4809-B47F-E7BF5D462797}.Debug|Any CPU.Build.0 = Debug|Any CPU
		{A778DC76-AAF4-4809-B47F-E7BF5D462797}.Debug|x64.ActiveCfg = Debug|x64
		{A778DC76-AAF4-4809-B47F-E7BF5D462797}.Debug|x64.Build.0 = Debug|x64
		{A778DC76-AAF4-4809-B47F-E7BF5D462797}.Release 2.0|Any CPU.ActiveCfg = Release|Any CPU
		{A778DC76-AAF4-4809-B47F-E7BF5D462797}.Release 2.0|Any CPU.Build.0 = Release|Any CPU
		{A778DC76-AAF4-4809-B47F-E7BF5D462797}.Release 2.0|x64.ActiveCfg = Release|x64
		{A778DC76-AAF4-4809-B47F-E7BF5D462797}.Release 2.0|x64.Build.0 = Release|x64
		{A778DC76-AAF4-4809-B47F-E7BF5D462797}.Release 4.5|Any CPU.ActiveCfg = Release|Any CPU
		{A778DC76-AAF4-4809-B47F-E7BF5D462797}.Release 4.5|Any CPU.Build.0 = Release|Any CPU
		{A778DC76-AAF4-4809-B47F-E7BF5D462797}.Release 4.5|x64.ActiveCfg = Release|x64
		{A778DC76-AAF4-4809-B47F-E7BF5D462797}.Release 4.5|x64.Build.0 = Release|x64
		{A778DC76-AAF4-4809-B47F-E7BF5D462797}.Release|Any CPU.ActiveCfg = Release|Any CPU
		{A778DC76-AAF4-4809-B47F-E7BF5D462797}.Release|Any CPU.Build.0 = Release|Any CPU
		{A778DC76-AAF4-4809-B47F-E7BF5D462797}.Release|x64.ActiveCfg = Release|x64
		{A778DC76-AAF4-4809-B47F-E7BF5D462797}.Release|x64.Build.0 = Release|x64
		{1E14EDD2-8DEA-4077-A76F-47BFCFBE36A6}.Debug|Any CPU.ActiveCfg = Debug|Any CPU
		{1E14EDD2-8DEA-4077-A76F-47BFCFBE36A6}.Debug|Any CPU.Build.0 = Debug|Any CPU
		{1E14EDD2-8DEA-4077-A76F-47BFCFBE36A6}.Debug|x64.ActiveCfg = Debug|x64
		{1E14EDD2-8DEA-4077-A76F-47BFCFBE36A6}.Debug|x64.Build.0 = Debug|x64
		{1E14EDD2-8DEA-4077-A76F-47BFCFBE36A6}.Release 2.0|Any CPU.ActiveCfg = Release|Any CPU
		{1E14EDD2-8DEA-4077-A76F-47BFCFBE36A6}.Release 2.0|Any CPU.Build.0 = Release|Any CPU
		{1E14EDD2-8DEA-4077-A76F-47BFCFBE36A6}.Release 2.0|x64.ActiveCfg = Release|x64
		{1E14EDD2-8DEA-4077-A76F-47BFCFBE36A6}.Release 2.0|x64.Build.0 = Release|x64
		{1E14EDD2-8DEA-4077-A76F-47BFCFBE36A6}.Release 4.5|Any CPU.ActiveCfg = Release|Any CPU
		{1E14EDD2-8DEA-4077-A76F-47BFCFBE36A6}.Release 4.5|Any CPU.Build.0 = Release|Any CPU
		{1E14EDD2-8DEA-4077-A76F-47BFCFBE36A6}.Release 4.5|x64.ActiveCfg = Release|x64
		{1E14EDD2-8DEA-4077-A76F-47BFCFBE36A6}.Release 4.5|x64.Build.0 = Release|x64
		{1E14EDD2-8DEA-4077-A76F-47BFCFBE36A6}.Release|Any CPU.ActiveCfg = Release|Any CPU
		{1E14EDD2-8DEA-4077-A76F-47BFCFBE36A6}.Release|Any CPU.Build.0 = Release|Any CPU
		{1E14EDD2-8DEA-4077-A76F-47BFCFBE36A6}.Release|x64.ActiveCfg = Release|x64
		{1E14EDD2-8DEA-4077-A76F-47BFCFBE36A6}.Release|x64.Build.0 = Release|x64
		{85A397C6-B240-4D4A-8D7B-F62D2B5844A8}.Debug|Any CPU.ActiveCfg = Debug|Any CPU
		{85A397C6-B240-4D4A-8D7B-F62D2B5844A8}.Debug|Any CPU.Build.0 = Debug|Any CPU
		{85A397C6-B240-4D4A-8D7B-F62D2B5844A8}.Debug|x64.ActiveCfg = Debug|x64
		{85A397C6-B240-4D4A-8D7B-F62D2B5844A8}.Debug|x64.Build.0 = Debug|x64
		{85A397C6-B240-4D4A-8D7B-F62D2B5844A8}.Release 2.0|Any CPU.ActiveCfg = Release|Any CPU
		{85A397C6-B240-4D4A-8D7B-F62D2B5844A8}.Release 2.0|Any CPU.Build.0 = Release|Any CPU
		{85A397C6-B240-4D4A-8D7B-F62D2B5844A8}.Release 2.0|x64.ActiveCfg = Release|x64
		{85A397C6-B240-4D4A-8D7B-F62D2B5844A8}.Release 2.0|x64.Build.0 = Release|x64
		{85A397C6-B240-4D4A-8D7B-F62D2B5844A8}.Release 4.5|Any CPU.ActiveCfg = Release|Any CPU
		{85A397C6-B240-4D4A-8D7B-F62D2B5844A8}.Release 4.5|Any CPU.Build.0 = Release|Any CPU
		{85A397C6-B240-4D4A-8D7B-F62D2B5844A8}.Release 4.5|x64.ActiveCfg = Release|x64
		{85A397C6-B240-4D4A-8D7B-F62D2B5844A8}.Release 4.5|x64.Build.0 = Release|x64
		{85A397C6-B240-4D4A-8D7B-F62D2B5844A8}.Release|Any CPU.ActiveCfg = Release|Any CPU
		{85A397C6-B240-4D4A-8D7B-F62D2B5844A8}.Release|Any CPU.Build.0 = Release|Any CPU
		{85A397C6-B240-4D4A-8D7B-F62D2B5844A8}.Release|x64.ActiveCfg = Release|x64
		{85A397C6-B240-4D4A-8D7B-F62D2B5844A8}.Release|x64.Build.0 = Release|x64
		{3D928D36-FDC7-4744-A0BD-8677EF5DB9CB}.Debug|Any CPU.ActiveCfg = Debug|Any CPU
		{3D928D36-FDC7-4744-A0BD-8677EF5DB9CB}.Debug|Any CPU.Build.0 = Debug|Any CPU
		{3D928D36-FDC7-4744-A0BD-8677EF5DB9CB}.Debug|x64.ActiveCfg = Debug|x64
		{3D928D36-FDC7-4744-A0BD-8677EF5DB9CB}.Debug|x64.Build.0 = Debug|x64
		{3D928D36-FDC7-4744-A0BD-8677EF5DB9CB}.Release 2.0|Any CPU.ActiveCfg = Release|Any CPU
		{3D928D36-FDC7-4744-A0BD-8677EF5DB9CB}.Release 2.0|Any CPU.Build.0 = Release|Any CPU
		{3D928D36-FDC7-4744-A0BD-8677EF5DB9CB}.Release 2.0|x64.ActiveCfg = Release|x64
		{3D928D36-FDC7-4744-A0BD-8677EF5DB9CB}.Release 2.0|x64.Build.0 = Release|x64
		{3D928D36-FDC7-4744-A0BD-8677EF5DB9CB}.Release 4.5|Any CPU.ActiveCfg = Release|Any CPU
		{3D928D36-FDC7-4744-A0BD-8677EF5DB9CB}.Release 4.5|Any CPU.Build.0 = Release|Any CPU
		{3D928D36-FDC7-4744-A0BD-8677EF5DB9CB}.Release 4.5|x64.ActiveCfg = Release|x64
		{3D928D36-FDC7-4744-A0BD-8677EF5DB9CB}.Release 4.5|x64.Build.0 = Release|x64
		{3D928D36-FDC7-4744-A0BD-8677EF5DB9CB}.Release|Any CPU.ActiveCfg = Release|Any CPU
		{3D928D36-FDC7-4744-A0BD-8677EF5DB9CB}.Release|Any CPU.Build.0 = Release|Any CPU
		{3D928D36-FDC7-4744-A0BD-8677EF5DB9CB}.Release|x64.ActiveCfg = Release|x64
		{3D928D36-FDC7-4744-A0BD-8677EF5DB9CB}.Release|x64.Build.0 = Release|x64
		{69382144-48B2-4397-BEC9-0D208AB778BC}.Debug|Any CPU.ActiveCfg = Debug|Any CPU
		{69382144-48B2-4397-BEC9-0D208AB778BC}.Debug|Any CPU.Build.0 = Debug|Any CPU
		{69382144-48B2-4397-BEC9-0D208AB778BC}.Debug|x64.ActiveCfg = Debug|x64
		{69382144-48B2-4397-BEC9-0D208AB778BC}.Debug|x64.Build.0 = Debug|x64
		{69382144-48B2-4397-BEC9-0D208AB778BC}.Release 2.0|Any CPU.ActiveCfg = Release|Any CPU
		{69382144-48B2-4397-BEC9-0D208AB778BC}.Release 2.0|Any CPU.Build.0 = Release|Any CPU
		{69382144-48B2-4397-BEC9-0D208AB778BC}.Release 2.0|x64.ActiveCfg = Release|x64
		{69382144-48B2-4397-BEC9-0D208AB778BC}.Release 2.0|x64.Build.0 = Release|x64
		{69382144-48B2-4397-BEC9-0D208AB778BC}.Release 4.5|Any CPU.ActiveCfg = Release|Any CPU
		{69382144-48B2-4397-BEC9-0D208AB778BC}.Release 4.5|Any CPU.Build.0 = Release|Any CPU
		{69382144-48B2-4397-BEC9-0D208AB778BC}.Release 4.5|x64.ActiveCfg = Release|x64
		{69382144-48B2-4397-BEC9-0D208AB778BC}.Release 4.5|x64.Build.0 = Release|x64
		{69382144-48B2-4397-BEC9-0D208AB778BC}.Release|Any CPU.ActiveCfg = Release|Any CPU
		{69382144-48B2-4397-BEC9-0D208AB778BC}.Release|Any CPU.Build.0 = Release|Any CPU
		{69382144-48B2-4397-BEC9-0D208AB778BC}.Release|x64.ActiveCfg = Release|x64
		{69382144-48B2-4397-BEC9-0D208AB778BC}.Release|x64.Build.0 = Release|x64
		{10BF4149-3DC1-4383-AE45-9F8BC8F9D3C9}.Debug|Any CPU.ActiveCfg = Debug|Any CPU
		{10BF4149-3DC1-4383-AE45-9F8BC8F9D3C9}.Debug|Any CPU.Build.0 = Debug|Any CPU
		{10BF4149-3DC1-4383-AE45-9F8BC8F9D3C9}.Debug|x64.ActiveCfg = Debug|Any CPU
		{10BF4149-3DC1-4383-AE45-9F8BC8F9D3C9}.Debug|x64.Build.0 = Debug|Any CPU
		{10BF4149-3DC1-4383-AE45-9F8BC8F9D3C9}.Release 2.0|Any CPU.ActiveCfg = Release|Any CPU
		{10BF4149-3DC1-4383-AE45-9F8BC8F9D3C9}.Release 2.0|Any CPU.Build.0 = Release|Any CPU
		{10BF4149-3DC1-4383-AE45-9F8BC8F9D3C9}.Release 2.0|x64.ActiveCfg = Release|Any CPU
		{10BF4149-3DC1-4383-AE45-9F8BC8F9D3C9}.Release 2.0|x64.Build.0 = Release|Any CPU
		{10BF4149-3DC1-4383-AE45-9F8BC8F9D3C9}.Release 4.5|Any CPU.ActiveCfg = Release|Any CPU
		{10BF4149-3DC1-4383-AE45-9F8BC8F9D3C9}.Release 4.5|Any CPU.Build.0 = Release|Any CPU
		{10BF4149-3DC1-4383-AE45-9F8BC8F9D3C9}.Release 4.5|x64.ActiveCfg = Release|Any CPU
		{10BF4149-3DC1-4383-AE45-9F8BC8F9D3C9}.Release 4.5|x64.Build.0 = Release|Any CPU
		{10BF4149-3DC1-4383-AE45-9F8BC8F9D3C9}.Release|Any CPU.ActiveCfg = Release|Any CPU
		{10BF4149-3DC1-4383-AE45-9F8BC8F9D3C9}.Release|Any CPU.Build.0 = Release|Any CPU
		{10BF4149-3DC1-4383-AE45-9F8BC8F9D3C9}.Release|x64.ActiveCfg = Release|Any CPU
		{10BF4149-3DC1-4383-AE45-9F8BC8F9D3C9}.Release|x64.Build.0 = Release|Any CPU
		{D7C5D151-F899-465F-9805-CDE3C44182DD}.Debug|Any CPU.ActiveCfg = Debug|Any CPU
		{D7C5D151-F899-465F-9805-CDE3C44182DD}.Debug|Any CPU.Build.0 = Debug|Any CPU
		{D7C5D151-F899-465F-9805-CDE3C44182DD}.Debug|x64.ActiveCfg = Debug|Any CPU
		{D7C5D151-F899-465F-9805-CDE3C44182DD}.Debug|x64.Build.0 = Debug|Any CPU
		{D7C5D151-F899-465F-9805-CDE3C44182DD}.Release 2.0|Any CPU.ActiveCfg = Release|Any CPU
		{D7C5D151-F899-465F-9805-CDE3C44182DD}.Release 2.0|Any CPU.Build.0 = Release|Any CPU
		{D7C5D151-F899-465F-9805-CDE3C44182DD}.Release 2.0|x64.ActiveCfg = Release|Any CPU
		{D7C5D151-F899-465F-9805-CDE3C44182DD}.Release 2.0|x64.Build.0 = Release|Any CPU
		{D7C5D151-F899-465F-9805-CDE3C44182DD}.Release 4.5|Any CPU.ActiveCfg = Release|Any CPU
		{D7C5D151-F899-465F-9805-CDE3C44182DD}.Release 4.5|Any CPU.Build.0 = Release|Any CPU
		{D7C5D151-F899-465F-9805-CDE3C44182DD}.Release 4.5|x64.ActiveCfg = Release|Any CPU
		{D7C5D151-F899-465F-9805-CDE3C44182DD}.Release 4.5|x64.Build.0 = Release|Any CPU
		{D7C5D151-F899-465F-9805-CDE3C44182DD}.Release|Any CPU.ActiveCfg = Release|Any CPU
		{D7C5D151-F899-465F-9805-CDE3C44182DD}.Release|Any CPU.Build.0 = Release|Any CPU
		{D7C5D151-F899-465F-9805-CDE3C44182DD}.Release|x64.ActiveCfg = Release|Any CPU
		{D7C5D151-F899-465F-9805-CDE3C44182DD}.Release|x64.Build.0 = Release|Any CPU
		{F58F957D-DA7C-45EB-9850-0BECA0A9239F}.Debug|Any CPU.ActiveCfg = Debug|Any CPU
		{F58F957D-DA7C-45EB-9850-0BECA0A9239F}.Debug|Any CPU.Build.0 = Debug|Any CPU
		{F58F957D-DA7C-45EB-9850-0BECA0A9239F}.Debug|x64.ActiveCfg = Debug|Any CPU
		{F58F957D-DA7C-45EB-9850-0BECA0A9239F}.Debug|x64.Build.0 = Debug|Any CPU
		{F58F957D-DA7C-45EB-9850-0BECA0A9239F}.Release 2.0|Any CPU.ActiveCfg = Release|Any CPU
		{F58F957D-DA7C-45EB-9850-0BECA0A9239F}.Release 2.0|Any CPU.Build.0 = Release|Any CPU
		{F58F957D-DA7C-45EB-9850-0BECA0A9239F}.Release 2.0|x64.ActiveCfg = Release|Any CPU
		{F58F957D-DA7C-45EB-9850-0BECA0A9239F}.Release 2.0|x64.Build.0 = Release|Any CPU
		{F58F957D-DA7C-45EB-9850-0BECA0A9239F}.Release 4.5|Any CPU.ActiveCfg = Release|Any CPU
		{F58F957D-DA7C-45EB-9850-0BECA0A9239F}.Release 4.5|Any CPU.Build.0 = Release|Any CPU
		{F58F957D-DA7C-45EB-9850-0BECA0A9239F}.Release 4.5|x64.ActiveCfg = Release|Any CPU
		{F58F957D-DA7C-45EB-9850-0BECA0A9239F}.Release 4.5|x64.Build.0 = Release|Any CPU
		{F58F957D-DA7C-45EB-9850-0BECA0A9239F}.Release|Any CPU.ActiveCfg = Release|Any CPU
		{F58F957D-DA7C-45EB-9850-0BECA0A9239F}.Release|Any CPU.Build.0 = Release|Any CPU
		{F58F957D-DA7C-45EB-9850-0BECA0A9239F}.Release|x64.ActiveCfg = Release|Any CPU
		{F58F957D-DA7C-45EB-9850-0BECA0A9239F}.Release|x64.Build.0 = Release|Any CPU
		{A27FE68A-8188-452A-A736-2E423C5EA061}.Debug|Any CPU.ActiveCfg = Debug|Any CPU
		{A27FE68A-8188-452A-A736-2E423C5EA061}.Debug|Any CPU.Build.0 = Debug|Any CPU
		{A27FE68A-8188-452A-A736-2E423C5EA061}.Debug|x64.ActiveCfg = Debug|x64
		{A27FE68A-8188-452A-A736-2E423C5EA061}.Debug|x64.Build.0 = Debug|x64
		{A27FE68A-8188-452A-A736-2E423C5EA061}.Release 2.0|Any CPU.ActiveCfg = Release|Any CPU
		{A27FE68A-8188-452A-A736-2E423C5EA061}.Release 2.0|Any CPU.Build.0 = Release|Any CPU
		{A27FE68A-8188-452A-A736-2E423C5EA061}.Release 2.0|x64.ActiveCfg = Release|x64
		{A27FE68A-8188-452A-A736-2E423C5EA061}.Release 2.0|x64.Build.0 = Release|x64
		{A27FE68A-8188-452A-A736-2E423C5EA061}.Release 4.5|Any CPU.ActiveCfg = Release|Any CPU
		{A27FE68A-8188-452A-A736-2E423C5EA061}.Release 4.5|Any CPU.Build.0 = Release|Any CPU
		{A27FE68A-8188-452A-A736-2E423C5EA061}.Release 4.5|x64.ActiveCfg = Release|x64
		{A27FE68A-8188-452A-A736-2E423C5EA061}.Release 4.5|x64.Build.0 = Release|x64
		{A27FE68A-8188-452A-A736-2E423C5EA061}.Release|Any CPU.ActiveCfg = Release|Any CPU
		{A27FE68A-8188-452A-A736-2E423C5EA061}.Release|Any CPU.Build.0 = Release|Any CPU
		{A27FE68A-8188-452A-A736-2E423C5EA061}.Release|x64.ActiveCfg = Release|x64
		{A27FE68A-8188-452A-A736-2E423C5EA061}.Release|x64.Build.0 = Release|x64
		{058F07F6-3C13-4DB6-B275-D00FFCF3EFF1}.Debug|Any CPU.ActiveCfg = Debug|Any CPU
		{058F07F6-3C13-4DB6-B275-D00FFCF3EFF1}.Debug|Any CPU.Build.0 = Debug|Any CPU
		{058F07F6-3C13-4DB6-B275-D00FFCF3EFF1}.Debug|x64.ActiveCfg = Debug|x64
		{058F07F6-3C13-4DB6-B275-D00FFCF3EFF1}.Debug|x64.Build.0 = Debug|x64
		{058F07F6-3C13-4DB6-B275-D00FFCF3EFF1}.Release 2.0|Any CPU.ActiveCfg = Release|Any CPU
		{058F07F6-3C13-4DB6-B275-D00FFCF3EFF1}.Release 2.0|Any CPU.Build.0 = Release|Any CPU
		{058F07F6-3C13-4DB6-B275-D00FFCF3EFF1}.Release 2.0|x64.ActiveCfg = Release|x64
		{058F07F6-3C13-4DB6-B275-D00FFCF3EFF1}.Release 2.0|x64.Build.0 = Release|x64
		{058F07F6-3C13-4DB6-B275-D00FFCF3EFF1}.Release 4.5|Any CPU.ActiveCfg = Release|Any CPU
		{058F07F6-3C13-4DB6-B275-D00FFCF3EFF1}.Release 4.5|Any CPU.Build.0 = Release|Any CPU
		{058F07F6-3C13-4DB6-B275-D00FFCF3EFF1}.Release 4.5|x64.ActiveCfg = Release|x64
		{058F07F6-3C13-4DB6-B275-D00FFCF3EFF1}.Release 4.5|x64.Build.0 = Release|x64
		{058F07F6-3C13-4DB6-B275-D00FFCF3EFF1}.Release|Any CPU.ActiveCfg = Release|Any CPU
		{058F07F6-3C13-4DB6-B275-D00FFCF3EFF1}.Release|Any CPU.Build.0 = Release|Any CPU
		{058F07F6-3C13-4DB6-B275-D00FFCF3EFF1}.Release|x64.ActiveCfg = Release|x64
		{058F07F6-3C13-4DB6-B275-D00FFCF3EFF1}.Release|x64.Build.0 = Release|x64
		{3F5CC754-B880-4731-B67B-C1C28CD2699C}.Debug|Any CPU.ActiveCfg = Debug|Any CPU
		{3F5CC754-B880-4731-B67B-C1C28CD2699C}.Debug|Any CPU.Build.0 = Debug|Any CPU
		{3F5CC754-B880-4731-B67B-C1C28CD2699C}.Debug|x64.ActiveCfg = Debug|x64
		{3F5CC754-B880-4731-B67B-C1C28CD2699C}.Debug|x64.Build.0 = Debug|x64
		{3F5CC754-B880-4731-B67B-C1C28CD2699C}.Release 2.0|Any CPU.ActiveCfg = Release|Any CPU
		{3F5CC754-B880-4731-B67B-C1C28CD2699C}.Release 2.0|Any CPU.Build.0 = Release|Any CPU
		{3F5CC754-B880-4731-B67B-C1C28CD2699C}.Release 2.0|x64.ActiveCfg = Release|x64
		{3F5CC754-B880-4731-B67B-C1C28CD2699C}.Release 2.0|x64.Build.0 = Release|x64
		{3F5CC754-B880-4731-B67B-C1C28CD2699C}.Release 4.5|Any CPU.ActiveCfg = Release|Any CPU
		{3F5CC754-B880-4731-B67B-C1C28CD2699C}.Release 4.5|Any CPU.Build.0 = Release|Any CPU
		{3F5CC754-B880-4731-B67B-C1C28CD2699C}.Release 4.5|x64.ActiveCfg = Release|x64
		{3F5CC754-B880-4731-B67B-C1C28CD2699C}.Release 4.5|x64.Build.0 = Release|x64
		{3F5CC754-B880-4731-B67B-C1C28CD2699C}.Release|Any CPU.ActiveCfg = Release|Any CPU
		{3F5CC754-B880-4731-B67B-C1C28CD2699C}.Release|Any CPU.Build.0 = Release|Any CPU
		{3F5CC754-B880-4731-B67B-C1C28CD2699C}.Release|x64.ActiveCfg = Release|x64
		{3F5CC754-B880-4731-B67B-C1C28CD2699C}.Release|x64.Build.0 = Release|x64
		{4D974AA8-E75C-4954-9988-4DAB6F435DE7}.Debug|Any CPU.ActiveCfg = Debug|Any CPU
		{4D974AA8-E75C-4954-9988-4DAB6F435DE7}.Debug|Any CPU.Build.0 = Debug|Any CPU
		{4D974AA8-E75C-4954-9988-4DAB6F435DE7}.Debug|x64.ActiveCfg = Debug|x64
		{4D974AA8-E75C-4954-9988-4DAB6F435DE7}.Debug|x64.Build.0 = Debug|x64
		{4D974AA8-E75C-4954-9988-4DAB6F435DE7}.Release 2.0|Any CPU.ActiveCfg = Release|Any CPU
		{4D974AA8-E75C-4954-9988-4DAB6F435DE7}.Release 2.0|Any CPU.Build.0 = Release|Any CPU
		{4D974AA8-E75C-4954-9988-4DAB6F435DE7}.Release 2.0|x64.ActiveCfg = Release|x64
		{4D974AA8-E75C-4954-9988-4DAB6F435DE7}.Release 2.0|x64.Build.0 = Release|x64
		{4D974AA8-E75C-4954-9988-4DAB6F435DE7}.Release 4.5|Any CPU.ActiveCfg = Release|Any CPU
		{4D974AA8-E75C-4954-9988-4DAB6F435DE7}.Release 4.5|Any CPU.Build.0 = Release|Any CPU
		{4D974AA8-E75C-4954-9988-4DAB6F435DE7}.Release 4.5|x64.ActiveCfg = Release|x64
		{4D974AA8-E75C-4954-9988-4DAB6F435DE7}.Release 4.5|x64.Build.0 = Release|x64
		{4D974AA8-E75C-4954-9988-4DAB6F435DE7}.Release|Any CPU.ActiveCfg = Release|Any CPU
		{4D974AA8-E75C-4954-9988-4DAB6F435DE7}.Release|Any CPU.Build.0 = Release|Any CPU
		{4D974AA8-E75C-4954-9988-4DAB6F435DE7}.Release|x64.ActiveCfg = Release|x64
		{4D974AA8-E75C-4954-9988-4DAB6F435DE7}.Release|x64.Build.0 = Release|x64
		{8B60F319-FBE3-429E-85E4-BC6CFC09A456}.Debug|Any CPU.ActiveCfg = Debug|Any CPU
		{8B60F319-FBE3-429E-85E4-BC6CFC09A456}.Debug|Any CPU.Build.0 = Debug|Any CPU
		{8B60F319-FBE3-429E-85E4-BC6CFC09A456}.Debug|x64.ActiveCfg = Debug|x64
		{8B60F319-FBE3-429E-85E4-BC6CFC09A456}.Debug|x64.Build.0 = Debug|x64
		{8B60F319-FBE3-429E-85E4-BC6CFC09A456}.Release 2.0|Any CPU.ActiveCfg = Release|Any CPU
		{8B60F319-FBE3-429E-85E4-BC6CFC09A456}.Release 2.0|Any CPU.Build.0 = Release|Any CPU
		{8B60F319-FBE3-429E-85E4-BC6CFC09A456}.Release 2.0|x64.ActiveCfg = Release|x64
		{8B60F319-FBE3-429E-85E4-BC6CFC09A456}.Release 2.0|x64.Build.0 = Release|x64
		{8B60F319-FBE3-429E-85E4-BC6CFC09A456}.Release 4.5|Any CPU.ActiveCfg = Release|Any CPU
		{8B60F319-FBE3-429E-85E4-BC6CFC09A456}.Release 4.5|Any CPU.Build.0 = Release|Any CPU
		{8B60F319-FBE3-429E-85E4-BC6CFC09A456}.Release 4.5|x64.ActiveCfg = Release|x64
		{8B60F319-FBE3-429E-85E4-BC6CFC09A456}.Release 4.5|x64.Build.0 = Release|x64
		{8B60F319-FBE3-429E-85E4-BC6CFC09A456}.Release|Any CPU.ActiveCfg = Release|Any CPU
		{8B60F319-FBE3-429E-85E4-BC6CFC09A456}.Release|Any CPU.Build.0 = Release|Any CPU
		{8B60F319-FBE3-429E-85E4-BC6CFC09A456}.Release|x64.ActiveCfg = Release|x64
		{8B60F319-FBE3-429E-85E4-BC6CFC09A456}.Release|x64.Build.0 = Release|x64
		{A901F228-0B1D-4D55-AC00-5E11DE3ADA60}.Debug|Any CPU.ActiveCfg = Debug|Any CPU
		{A901F228-0B1D-4D55-AC00-5E11DE3ADA60}.Debug|Any CPU.Build.0 = Debug|Any CPU
		{A901F228-0B1D-4D55-AC00-5E11DE3ADA60}.Debug|x64.ActiveCfg = Debug|Any CPU
		{A901F228-0B1D-4D55-AC00-5E11DE3ADA60}.Debug|x64.Build.0 = Debug|Any CPU
		{A901F228-0B1D-4D55-AC00-5E11DE3ADA60}.Release 2.0|Any CPU.ActiveCfg = Release|Any CPU
		{A901F228-0B1D-4D55-AC00-5E11DE3ADA60}.Release 2.0|Any CPU.Build.0 = Release|Any CPU
		{A901F228-0B1D-4D55-AC00-5E11DE3ADA60}.Release 2.0|x64.ActiveCfg = Release|Any CPU
		{A901F228-0B1D-4D55-AC00-5E11DE3ADA60}.Release 2.0|x64.Build.0 = Release|Any CPU
		{A901F228-0B1D-4D55-AC00-5E11DE3ADA60}.Release 4.5|Any CPU.ActiveCfg = Release|Any CPU
		{A901F228-0B1D-4D55-AC00-5E11DE3ADA60}.Release 4.5|Any CPU.Build.0 = Release|Any CPU
		{A901F228-0B1D-4D55-AC00-5E11DE3ADA60}.Release 4.5|x64.ActiveCfg = Release|Any CPU
		{A901F228-0B1D-4D55-AC00-5E11DE3ADA60}.Release 4.5|x64.Build.0 = Release|Any CPU
		{A901F228-0B1D-4D55-AC00-5E11DE3ADA60}.Release|Any CPU.ActiveCfg = Release|Any CPU
		{A901F228-0B1D-4D55-AC00-5E11DE3ADA60}.Release|Any CPU.Build.0 = Release|Any CPU
		{A901F228-0B1D-4D55-AC00-5E11DE3ADA60}.Release|x64.ActiveCfg = Release|Any CPU
		{A901F228-0B1D-4D55-AC00-5E11DE3ADA60}.Release|x64.Build.0 = Release|Any CPU
		{08EF3EA4-D03D-4BDC-9A13-DEB835A6758D}.Debug|Any CPU.ActiveCfg = Debug|Any CPU
		{08EF3EA4-D03D-4BDC-9A13-DEB835A6758D}.Debug|Any CPU.Build.0 = Debug|Any CPU
		{08EF3EA4-D03D-4BDC-9A13-DEB835A6758D}.Debug|x64.ActiveCfg = Debug|Any CPU
		{08EF3EA4-D03D-4BDC-9A13-DEB835A6758D}.Debug|x64.Build.0 = Debug|Any CPU
		{08EF3EA4-D03D-4BDC-9A13-DEB835A6758D}.Release 2.0|Any CPU.ActiveCfg = Release|Any CPU
		{08EF3EA4-D03D-4BDC-9A13-DEB835A6758D}.Release 2.0|Any CPU.Build.0 = Release|Any CPU
		{08EF3EA4-D03D-4BDC-9A13-DEB835A6758D}.Release 2.0|x64.ActiveCfg = Release|Any CPU
		{08EF3EA4-D03D-4BDC-9A13-DEB835A6758D}.Release 2.0|x64.Build.0 = Release|Any CPU
		{08EF3EA4-D03D-4BDC-9A13-DEB835A6758D}.Release 4.5|Any CPU.ActiveCfg = Release|Any CPU
		{08EF3EA4-D03D-4BDC-9A13-DEB835A6758D}.Release 4.5|Any CPU.Build.0 = Release|Any CPU
		{08EF3EA4-D03D-4BDC-9A13-DEB835A6758D}.Release 4.5|x64.ActiveCfg = Release|Any CPU
		{08EF3EA4-D03D-4BDC-9A13-DEB835A6758D}.Release 4.5|x64.Build.0 = Release|Any CPU
		{08EF3EA4-D03D-4BDC-9A13-DEB835A6758D}.Release|Any CPU.ActiveCfg = Release|Any CPU
		{08EF3EA4-D03D-4BDC-9A13-DEB835A6758D}.Release|Any CPU.Build.0 = Release|Any CPU
		{08EF3EA4-D03D-4BDC-9A13-DEB835A6758D}.Release|x64.ActiveCfg = Release|Any CPU
		{08EF3EA4-D03D-4BDC-9A13-DEB835A6758D}.Release|x64.Build.0 = Release|Any CPU
		{AE27B937-9159-4927-A851-D966B21CEECD}.Debug|Any CPU.ActiveCfg = Debug|Any CPU
		{AE27B937-9159-4927-A851-D966B21CEECD}.Debug|Any CPU.Build.0 = Debug|Any CPU
		{AE27B937-9159-4927-A851-D966B21CEECD}.Debug|x64.ActiveCfg = Debug|x64
		{AE27B937-9159-4927-A851-D966B21CEECD}.Debug|x64.Build.0 = Debug|x64
		{AE27B937-9159-4927-A851-D966B21CEECD}.Release 2.0|Any CPU.ActiveCfg = Release|Any CPU
		{AE27B937-9159-4927-A851-D966B21CEECD}.Release 2.0|Any CPU.Build.0 = Release|Any CPU
		{AE27B937-9159-4927-A851-D966B21CEECD}.Release 2.0|x64.ActiveCfg = Release|x64
		{AE27B937-9159-4927-A851-D966B21CEECD}.Release 2.0|x64.Build.0 = Release|x64
		{AE27B937-9159-4927-A851-D966B21CEECD}.Release 4.5|Any CPU.ActiveCfg = Release|Any CPU
		{AE27B937-9159-4927-A851-D966B21CEECD}.Release 4.5|Any CPU.Build.0 = Release|Any CPU
		{AE27B937-9159-4927-A851-D966B21CEECD}.Release 4.5|x64.ActiveCfg = Release|x64
		{AE27B937-9159-4927-A851-D966B21CEECD}.Release 4.5|x64.Build.0 = Release|x64
		{AE27B937-9159-4927-A851-D966B21CEECD}.Release|Any CPU.ActiveCfg = Release|Any CPU
		{AE27B937-9159-4927-A851-D966B21CEECD}.Release|Any CPU.Build.0 = Release|Any CPU
		{AE27B937-9159-4927-A851-D966B21CEECD}.Release|x64.ActiveCfg = Release|x64
		{AE27B937-9159-4927-A851-D966B21CEECD}.Release|x64.Build.0 = Release|x64
		{373CC464-D6C3-463D-8A50-941EE3F1B742}.Debug|Any CPU.ActiveCfg = Debug|Any CPU
		{373CC464-D6C3-463D-8A50-941EE3F1B742}.Debug|Any CPU.Build.0 = Debug|Any CPU
		{373CC464-D6C3-463D-8A50-941EE3F1B742}.Debug|x64.ActiveCfg = Debug|Any CPU
		{373CC464-D6C3-463D-8A50-941EE3F1B742}.Debug|x64.Build.0 = Debug|Any CPU
		{373CC464-D6C3-463D-8A50-941EE3F1B742}.Release 2.0|Any CPU.ActiveCfg = Release|Any CPU
		{373CC464-D6C3-463D-8A50-941EE3F1B742}.Release 2.0|Any CPU.Build.0 = Release|Any CPU
		{373CC464-D6C3-463D-8A50-941EE3F1B742}.Release 2.0|x64.ActiveCfg = Release|Any CPU
		{373CC464-D6C3-463D-8A50-941EE3F1B742}.Release 2.0|x64.Build.0 = Release|Any CPU
		{373CC464-D6C3-463D-8A50-941EE3F1B742}.Release 4.5|Any CPU.ActiveCfg = Release|Any CPU
		{373CC464-D6C3-463D-8A50-941EE3F1B742}.Release 4.5|Any CPU.Build.0 = Release|Any CPU
		{373CC464-D6C3-463D-8A50-941EE3F1B742}.Release 4.5|x64.ActiveCfg = Release|Any CPU
		{373CC464-D6C3-463D-8A50-941EE3F1B742}.Release 4.5|x64.Build.0 = Release|Any CPU
		{373CC464-D6C3-463D-8A50-941EE3F1B742}.Release|Any CPU.ActiveCfg = Release|Any CPU
		{373CC464-D6C3-463D-8A50-941EE3F1B742}.Release|Any CPU.Build.0 = Release|Any CPU
		{373CC464-D6C3-463D-8A50-941EE3F1B742}.Release|x64.ActiveCfg = Release|Any CPU
		{373CC464-D6C3-463D-8A50-941EE3F1B742}.Release|x64.Build.0 = Release|Any CPU
		{90808A57-0462-4D92-94F8-DA95B7931895}.Debug|Any CPU.ActiveCfg = Debug|Any CPU
		{90808A57-0462-4D92-94F8-DA95B7931895}.Debug|Any CPU.Build.0 = Debug|Any CPU
		{90808A57-0462-4D92-94F8-DA95B7931895}.Debug|x64.ActiveCfg = Debug|Any CPU
		{90808A57-0462-4D92-94F8-DA95B7931895}.Debug|x64.Build.0 = Debug|Any CPU
		{90808A57-0462-4D92-94F8-DA95B7931895}.Release 2.0|Any CPU.ActiveCfg = Release|Any CPU
		{90808A57-0462-4D92-94F8-DA95B7931895}.Release 2.0|Any CPU.Build.0 = Release|Any CPU
		{90808A57-0462-4D92-94F8-DA95B7931895}.Release 2.0|x64.ActiveCfg = Release|Any CPU
		{90808A57-0462-4D92-94F8-DA95B7931895}.Release 2.0|x64.Build.0 = Release|Any CPU
		{90808A57-0462-4D92-94F8-DA95B7931895}.Release 4.5|Any CPU.ActiveCfg = Release|Any CPU
		{90808A57-0462-4D92-94F8-DA95B7931895}.Release 4.5|Any CPU.Build.0 = Release|Any CPU
		{90808A57-0462-4D92-94F8-DA95B7931895}.Release 4.5|x64.ActiveCfg = Release|Any CPU
		{90808A57-0462-4D92-94F8-DA95B7931895}.Release 4.5|x64.Build.0 = Release|Any CPU
		{90808A57-0462-4D92-94F8-DA95B7931895}.Release|Any CPU.ActiveCfg = Release|Any CPU
		{90808A57-0462-4D92-94F8-DA95B7931895}.Release|Any CPU.Build.0 = Release|Any CPU
		{90808A57-0462-4D92-94F8-DA95B7931895}.Release|x64.ActiveCfg = Release|Any CPU
		{90808A57-0462-4D92-94F8-DA95B7931895}.Release|x64.Build.0 = Release|Any CPU
		{B394DB96-1599-4A2F-8DED-8A14CA56F12B}.Debug|Any CPU.ActiveCfg = Debug|Any CPU
		{B394DB96-1599-4A2F-8DED-8A14CA56F12B}.Debug|Any CPU.Build.0 = Debug|Any CPU
		{B394DB96-1599-4A2F-8DED-8A14CA56F12B}.Debug|x64.ActiveCfg = Debug|Any CPU
		{B394DB96-1599-4A2F-8DED-8A14CA56F12B}.Debug|x64.Build.0 = Debug|Any CPU
		{B394DB96-1599-4A2F-8DED-8A14CA56F12B}.Release 2.0|Any CPU.ActiveCfg = Release|Any CPU
		{B394DB96-1599-4A2F-8DED-8A14CA56F12B}.Release 2.0|Any CPU.Build.0 = Release|Any CPU
		{B394DB96-1599-4A2F-8DED-8A14CA56F12B}.Release 2.0|x64.ActiveCfg = Release|Any CPU
		{B394DB96-1599-4A2F-8DED-8A14CA56F12B}.Release 2.0|x64.Build.0 = Release|Any CPU
		{B394DB96-1599-4A2F-8DED-8A14CA56F12B}.Release 4.5|Any CPU.ActiveCfg = Release|Any CPU
		{B394DB96-1599-4A2F-8DED-8A14CA56F12B}.Release 4.5|Any CPU.Build.0 = Release|Any CPU
		{B394DB96-1599-4A2F-8DED-8A14CA56F12B}.Release 4.5|x64.ActiveCfg = Release|Any CPU
		{B394DB96-1599-4A2F-8DED-8A14CA56F12B}.Release 4.5|x64.Build.0 = Release|Any CPU
		{B394DB96-1599-4A2F-8DED-8A14CA56F12B}.Release|Any CPU.ActiveCfg = Release|Any CPU
		{B394DB96-1599-4A2F-8DED-8A14CA56F12B}.Release|Any CPU.Build.0 = Release|Any CPU
		{B394DB96-1599-4A2F-8DED-8A14CA56F12B}.Release|x64.ActiveCfg = Release|Any CPU
		{B394DB96-1599-4A2F-8DED-8A14CA56F12B}.Release|x64.Build.0 = Release|Any CPU
		{1531C1EA-BD53-41D1-A34B-CFCDF79D2651}.Debug|Any CPU.ActiveCfg = Debug|Any CPU
		{1531C1EA-BD53-41D1-A34B-CFCDF79D2651}.Debug|Any CPU.Build.0 = Debug|Any CPU
		{1531C1EA-BD53-41D1-A34B-CFCDF79D2651}.Debug|x64.ActiveCfg = Debug|Any CPU
		{1531C1EA-BD53-41D1-A34B-CFCDF79D2651}.Debug|x64.Build.0 = Debug|Any CPU
		{1531C1EA-BD53-41D1-A34B-CFCDF79D2651}.Release 2.0|Any CPU.ActiveCfg = Release 2.0|Any CPU
		{1531C1EA-BD53-41D1-A34B-CFCDF79D2651}.Release 2.0|Any CPU.Build.0 = Release 2.0|Any CPU
		{1531C1EA-BD53-41D1-A34B-CFCDF79D2651}.Release 2.0|x64.ActiveCfg = Release 2.0|Any CPU
		{1531C1EA-BD53-41D1-A34B-CFCDF79D2651}.Release 2.0|x64.Build.0 = Release 2.0|Any CPU
		{1531C1EA-BD53-41D1-A34B-CFCDF79D2651}.Release 4.5|Any CPU.ActiveCfg = Release 4.5|Any CPU
		{1531C1EA-BD53-41D1-A34B-CFCDF79D2651}.Release 4.5|Any CPU.Build.0 = Release 4.5|Any CPU
		{1531C1EA-BD53-41D1-A34B-CFCDF79D2651}.Release 4.5|x64.ActiveCfg = Release 4.5|Any CPU
		{1531C1EA-BD53-41D1-A34B-CFCDF79D2651}.Release 4.5|x64.Build.0 = Release 4.5|Any CPU
		{1531C1EA-BD53-41D1-A34B-CFCDF79D2651}.Release|Any CPU.ActiveCfg = Release|Any CPU
		{1531C1EA-BD53-41D1-A34B-CFCDF79D2651}.Release|Any CPU.Build.0 = Release|Any CPU
		{1531C1EA-BD53-41D1-A34B-CFCDF79D2651}.Release|x64.ActiveCfg = Release|Any CPU
		{1531C1EA-BD53-41D1-A34B-CFCDF79D2651}.Release|x64.Build.0 = Release|Any CPU
		{6AA07FC6-7728-4D9D-AEAC-8975C56D3BE2}.Debug|Any CPU.ActiveCfg = Debug|Any CPU
		{6AA07FC6-7728-4D9D-AEAC-8975C56D3BE2}.Debug|Any CPU.Build.0 = Debug|Any CPU
		{6AA07FC6-7728-4D9D-AEAC-8975C56D3BE2}.Debug|x64.ActiveCfg = Debug|Any CPU
		{6AA07FC6-7728-4D9D-AEAC-8975C56D3BE2}.Debug|x64.Build.0 = Debug|Any CPU
		{6AA07FC6-7728-4D9D-AEAC-8975C56D3BE2}.Release 2.0|Any CPU.ActiveCfg = Release|Any CPU
		{6AA07FC6-7728-4D9D-AEAC-8975C56D3BE2}.Release 2.0|Any CPU.Build.0 = Release|Any CPU
		{6AA07FC6-7728-4D9D-AEAC-8975C56D3BE2}.Release 2.0|x64.ActiveCfg = Release|Any CPU
		{6AA07FC6-7728-4D9D-AEAC-8975C56D3BE2}.Release 2.0|x64.Build.0 = Release|Any CPU
		{6AA07FC6-7728-4D9D-AEAC-8975C56D3BE2}.Release 4.5|Any CPU.ActiveCfg = Release|Any CPU
		{6AA07FC6-7728-4D9D-AEAC-8975C56D3BE2}.Release 4.5|Any CPU.Build.0 = Release|Any CPU
		{6AA07FC6-7728-4D9D-AEAC-8975C56D3BE2}.Release 4.5|x64.ActiveCfg = Release|Any CPU
		{6AA07FC6-7728-4D9D-AEAC-8975C56D3BE2}.Release 4.5|x64.Build.0 = Release|Any CPU
		{6AA07FC6-7728-4D9D-AEAC-8975C56D3BE2}.Release|Any CPU.ActiveCfg = Release|Any CPU
		{6AA07FC6-7728-4D9D-AEAC-8975C56D3BE2}.Release|Any CPU.Build.0 = Release|Any CPU
		{6AA07FC6-7728-4D9D-AEAC-8975C56D3BE2}.Release|x64.ActiveCfg = Release|Any CPU
		{6AA07FC6-7728-4D9D-AEAC-8975C56D3BE2}.Release|x64.Build.0 = Release|Any CPU
		{82677C5E-4EC2-43FA-90D4-2FE8A535EF94}.Debug|Any CPU.ActiveCfg = Debug|Any CPU
		{82677C5E-4EC2-43FA-90D4-2FE8A535EF94}.Debug|Any CPU.Build.0 = Debug|Any CPU
		{82677C5E-4EC2-43FA-90D4-2FE8A535EF94}.Debug|x64.ActiveCfg = Debug|Any CPU
		{82677C5E-4EC2-43FA-90D4-2FE8A535EF94}.Debug|x64.Build.0 = Debug|Any CPU
		{82677C5E-4EC2-43FA-90D4-2FE8A535EF94}.Release 2.0|Any CPU.ActiveCfg = Release|Any CPU
		{82677C5E-4EC2-43FA-90D4-2FE8A535EF94}.Release 2.0|Any CPU.Build.0 = Release|Any CPU
		{82677C5E-4EC2-43FA-90D4-2FE8A535EF94}.Release 2.0|x64.ActiveCfg = Release|Any CPU
		{82677C5E-4EC2-43FA-90D4-2FE8A535EF94}.Release 2.0|x64.Build.0 = Release|Any CPU
		{82677C5E-4EC2-43FA-90D4-2FE8A535EF94}.Release 4.5|Any CPU.ActiveCfg = Release|Any CPU
		{82677C5E-4EC2-43FA-90D4-2FE8A535EF94}.Release 4.5|Any CPU.Build.0 = Release|Any CPU
		{82677C5E-4EC2-43FA-90D4-2FE8A535EF94}.Release 4.5|x64.ActiveCfg = Release|Any CPU
		{82677C5E-4EC2-43FA-90D4-2FE8A535EF94}.Release 4.5|x64.Build.0 = Release|Any CPU
		{82677C5E-4EC2-43FA-90D4-2FE8A535EF94}.Release|Any CPU.ActiveCfg = Release|Any CPU
		{82677C5E-4EC2-43FA-90D4-2FE8A535EF94}.Release|Any CPU.Build.0 = Release|Any CPU
		{82677C5E-4EC2-43FA-90D4-2FE8A535EF94}.Release|x64.ActiveCfg = Release|Any CPU
		{82677C5E-4EC2-43FA-90D4-2FE8A535EF94}.Release|x64.Build.0 = Release|Any CPU
		{51F569F6-6C4E-4231-B6D4-DE0216120553}.Debug|Any CPU.ActiveCfg = Debug|Any CPU
		{51F569F6-6C4E-4231-B6D4-DE0216120553}.Debug|Any CPU.Build.0 = Debug|Any CPU
		{51F569F6-6C4E-4231-B6D4-DE0216120553}.Debug|x64.ActiveCfg = Debug|Any CPU
		{51F569F6-6C4E-4231-B6D4-DE0216120553}.Debug|x64.Build.0 = Debug|Any CPU
		{51F569F6-6C4E-4231-B6D4-DE0216120553}.Release 2.0|Any CPU.ActiveCfg = Release|Any CPU
		{51F569F6-6C4E-4231-B6D4-DE0216120553}.Release 2.0|Any CPU.Build.0 = Release|Any CPU
		{51F569F6-6C4E-4231-B6D4-DE0216120553}.Release 2.0|x64.ActiveCfg = Release|Any CPU
		{51F569F6-6C4E-4231-B6D4-DE0216120553}.Release 2.0|x64.Build.0 = Release|Any CPU
		{51F569F6-6C4E-4231-B6D4-DE0216120553}.Release 4.5|Any CPU.ActiveCfg = Release|Any CPU
		{51F569F6-6C4E-4231-B6D4-DE0216120553}.Release 4.5|Any CPU.Build.0 = Release|Any CPU
		{51F569F6-6C4E-4231-B6D4-DE0216120553}.Release 4.5|x64.ActiveCfg = Release|Any CPU
		{51F569F6-6C4E-4231-B6D4-DE0216120553}.Release 4.5|x64.Build.0 = Release|Any CPU
		{51F569F6-6C4E-4231-B6D4-DE0216120553}.Release|Any CPU.ActiveCfg = Release|Any CPU
		{51F569F6-6C4E-4231-B6D4-DE0216120553}.Release|Any CPU.Build.0 = Release|Any CPU
		{51F569F6-6C4E-4231-B6D4-DE0216120553}.Release|x64.ActiveCfg = Release|Any CPU
		{51F569F6-6C4E-4231-B6D4-DE0216120553}.Release|x64.Build.0 = Release|Any CPU
		{9A13DD81-1442-4E66-8655-74F351089DA4}.Debug|Any CPU.ActiveCfg = Debug|Any CPU
		{9A13DD81-1442-4E66-8655-74F351089DA4}.Debug|Any CPU.Build.0 = Debug|Any CPU
		{9A13DD81-1442-4E66-8655-74F351089DA4}.Debug|x64.ActiveCfg = Debug|x64
		{9A13DD81-1442-4E66-8655-74F351089DA4}.Debug|x64.Build.0 = Debug|x64
		{9A13DD81-1442-4E66-8655-74F351089DA4}.Release 2.0|Any CPU.ActiveCfg = Release|Any CPU
		{9A13DD81-1442-4E66-8655-74F351089DA4}.Release 2.0|Any CPU.Build.0 = Release|Any CPU
		{9A13DD81-1442-4E66-8655-74F351089DA4}.Release 2.0|x64.ActiveCfg = Release|x64
		{9A13DD81-1442-4E66-8655-74F351089DA4}.Release 2.0|x64.Build.0 = Release|x64
		{9A13DD81-1442-4E66-8655-74F351089DA4}.Release 4.5|Any CPU.ActiveCfg = Release|Any CPU
		{9A13DD81-1442-4E66-8655-74F351089DA4}.Release 4.5|Any CPU.Build.0 = Release|Any CPU
		{9A13DD81-1442-4E66-8655-74F351089DA4}.Release 4.5|x64.ActiveCfg = Release|x64
		{9A13DD81-1442-4E66-8655-74F351089DA4}.Release 4.5|x64.Build.0 = Release|x64
		{9A13DD81-1442-4E66-8655-74F351089DA4}.Release|Any CPU.ActiveCfg = Release|Any CPU
		{9A13DD81-1442-4E66-8655-74F351089DA4}.Release|Any CPU.Build.0 = Release|Any CPU
		{9A13DD81-1442-4E66-8655-74F351089DA4}.Release|x64.ActiveCfg = Release|x64
		{9A13DD81-1442-4E66-8655-74F351089DA4}.Release|x64.Build.0 = Release|x64
		{750542BB-8BC8-47E1-9009-827002D5BF03}.Debug|Any CPU.ActiveCfg = Debug|Any CPU
		{750542BB-8BC8-47E1-9009-827002D5BF03}.Debug|Any CPU.Build.0 = Debug|Any CPU
		{750542BB-8BC8-47E1-9009-827002D5BF03}.Debug|x64.ActiveCfg = Debug|Any CPU
		{750542BB-8BC8-47E1-9009-827002D5BF03}.Debug|x64.Build.0 = Debug|Any CPU
		{750542BB-8BC8-47E1-9009-827002D5BF03}.Release 2.0|Any CPU.ActiveCfg = Release|Any CPU
		{750542BB-8BC8-47E1-9009-827002D5BF03}.Release 2.0|Any CPU.Build.0 = Release|Any CPU
		{750542BB-8BC8-47E1-9009-827002D5BF03}.Release 2.0|x64.ActiveCfg = Release|Any CPU
		{750542BB-8BC8-47E1-9009-827002D5BF03}.Release 2.0|x64.Build.0 = Release|Any CPU
		{750542BB-8BC8-47E1-9009-827002D5BF03}.Release 4.5|Any CPU.ActiveCfg = Release|Any CPU
		{750542BB-8BC8-47E1-9009-827002D5BF03}.Release 4.5|Any CPU.Build.0 = Release|Any CPU
		{750542BB-8BC8-47E1-9009-827002D5BF03}.Release 4.5|x64.ActiveCfg = Release|Any CPU
		{750542BB-8BC8-47E1-9009-827002D5BF03}.Release 4.5|x64.Build.0 = Release|Any CPU
		{750542BB-8BC8-47E1-9009-827002D5BF03}.Release|Any CPU.ActiveCfg = Release|Any CPU
		{750542BB-8BC8-47E1-9009-827002D5BF03}.Release|Any CPU.Build.0 = Release|Any CPU
		{750542BB-8BC8-47E1-9009-827002D5BF03}.Release|x64.ActiveCfg = Release|Any CPU
		{750542BB-8BC8-47E1-9009-827002D5BF03}.Release|x64.Build.0 = Release|Any CPU
	EndGlobalSection
	GlobalSection(SolutionProperties) = preSolution
		HideSolutionNode = FALSE
	EndGlobalSection
	GlobalSection(NestedProjects) = preSolution
		{68887FC7-9B1D-4F12-AA15-AA0F792EB595} = {E32A2EC2-F533-4EE1-AF9D-36E14489E94F}
		{A778DC76-AAF4-4809-B47F-E7BF5D462797} = {68887FC7-9B1D-4F12-AA15-AA0F792EB595}
		{1E14EDD2-8DEA-4077-A76F-47BFCFBE36A6} = {68887FC7-9B1D-4F12-AA15-AA0F792EB595}
		{85A397C6-B240-4D4A-8D7B-F62D2B5844A8} = {68887FC7-9B1D-4F12-AA15-AA0F792EB595}
		{3D928D36-FDC7-4744-A0BD-8677EF5DB9CB} = {68887FC7-9B1D-4F12-AA15-AA0F792EB595}
		{69382144-48B2-4397-BEC9-0D208AB778BC} = {68887FC7-9B1D-4F12-AA15-AA0F792EB595}
		{1B23E00E-4AC8-46D1-B722-AB56FC41B5FF} = {E32A2EC2-F533-4EE1-AF9D-36E14489E94F}
		{10BF4149-3DC1-4383-AE45-9F8BC8F9D3C9} = {1B23E00E-4AC8-46D1-B722-AB56FC41B5FF}
		{D7C5D151-F899-465F-9805-CDE3C44182DD} = {1B23E00E-4AC8-46D1-B722-AB56FC41B5FF}
		{F58F957D-DA7C-45EB-9850-0BECA0A9239F} = {1B23E00E-4AC8-46D1-B722-AB56FC41B5FF}
		{1621F8B8-DE62-48E7-8F19-4750FFEFA309} = {E32A2EC2-F533-4EE1-AF9D-36E14489E94F}
		{A27FE68A-8188-452A-A736-2E423C5EA061} = {1621F8B8-DE62-48E7-8F19-4750FFEFA309}
		{058F07F6-3C13-4DB6-B275-D00FFCF3EFF1} = {1621F8B8-DE62-48E7-8F19-4750FFEFA309}
		{3F5CC754-B880-4731-B67B-C1C28CD2699C} = {1621F8B8-DE62-48E7-8F19-4750FFEFA309}
		{4D974AA8-E75C-4954-9988-4DAB6F435DE7} = {E32A2EC2-F533-4EE1-AF9D-36E14489E94F}
		{8B60F319-FBE3-429E-85E4-BC6CFC09A456} = {E32A2EC2-F533-4EE1-AF9D-36E14489E94F}
		{37C16C90-7CF3-4096-884B-2A0B535848E2} = {E32A2EC2-F533-4EE1-AF9D-36E14489E94F}
		{A901F228-0B1D-4D55-AC00-5E11DE3ADA60} = {37C16C90-7CF3-4096-884B-2A0B535848E2}
		{08EF3EA4-D03D-4BDC-9A13-DEB835A6758D} = {1A9EE5B1-3146-44ED-86A8-B02FB27A674C}
		{AE27B937-9159-4927-A851-D966B21CEECD} = {E32A2EC2-F533-4EE1-AF9D-36E14489E94F}
		{373CC464-D6C3-463D-8A50-941EE3F1B742} = {1A9EE5B1-3146-44ED-86A8-B02FB27A674C}
		{90808A57-0462-4D92-94F8-DA95B7931895} = {1A9EE5B1-3146-44ED-86A8-B02FB27A674C}
		{B394DB96-1599-4A2F-8DED-8A14CA56F12B} = {1A9EE5B1-3146-44ED-86A8-B02FB27A674C}
		{1531C1EA-BD53-41D1-A34B-CFCDF79D2651} = {1A9EE5B1-3146-44ED-86A8-B02FB27A674C}
		{6AA07FC6-7728-4D9D-AEAC-8975C56D3BE2} = {1A9EE5B1-3146-44ED-86A8-B02FB27A674C}
		{82677C5E-4EC2-43FA-90D4-2FE8A535EF94} = {1A9EE5B1-3146-44ED-86A8-B02FB27A674C}
		{51F569F6-6C4E-4231-B6D4-DE0216120553} = {1A9EE5B1-3146-44ED-86A8-B02FB27A674C}
		{9A13DD81-1442-4E66-8655-74F351089DA4} = {E32A2EC2-F533-4EE1-AF9D-36E14489E94F}
		{750542BB-8BC8-47E1-9009-827002D5BF03} = {A2E9A615-2289-43D6-A189-A0DF254913E7}
		{1A9EE5B1-3146-44ED-86A8-B02FB27A674C} = {E32A2EC2-F533-4EE1-AF9D-36E14489E94F}
	EndGlobalSection
	GlobalSection(ExtensibilityGlobals) = postSolution
		SolutionGuid = {100A60A0-6459-4E27-9B51-CEF6637DC9F6}
	EndGlobalSection
EndGlobal
